{
  "version": 4,
  "terraform_version": "1.6.6",
  "serial": 1787,
  "lineage": "258626b1-e772-2987-3aa6-6de6bd1cd3bd",
  "outputs": {
    "ansible": {
      "value": "10.0.4.29",
      "type": "string"
    },
    "bastion": {
      "value": "34.249.162.76",
      "type": "string"
    }
  },
  "resources": [
    {
      "mode": "data",
      "type": "aws_subnet",
      "name": "prisub01",
      "provider": "provider[\"registry.terraform.io/hashicorp/aws\"]",
      "instances": [
        {
          "schema_version": 0,
          "attributes": {
            "arn": "arn:aws:ec2:eu-west-1:522347323079:subnet/subnet-005322d3cb0b7f3a9",
            "assign_ipv6_address_on_creation": false,
            "availability_zone": "eu-west-1a",
            "availability_zone_id": "euw1-az3",
            "available_ip_address_count": 251,
            "cidr_block": "10.0.4.0/24",
            "customer_owned_ipv4_pool": "",
            "default_for_az": false,
            "enable_dns64": false,
            "enable_lni_at_device_index": 0,
            "enable_resource_name_dns_a_record_on_launch": false,
            "enable_resource_name_dns_aaaa_record_on_launch": false,
            "filter": null,
            "id": "subnet-005322d3cb0b7f3a9",
            "ipv6_cidr_block": "",
            "ipv6_cidr_block_association_id": "",
            "ipv6_native": false,
            "map_customer_owned_ip_on_launch": false,
            "map_public_ip_on_launch": false,
            "outpost_arn": "",
            "owner_id": "522347323079",
            "private_dns_hostname_type_on_launch": "ip-name",
            "state": "available",
            "tags": {
              "Name": "sock-shop-prisub01"
            },
            "timeouts": null,
            "vpc_id": "vpc-09a94f67883fe0ef7"
          },
          "sensitive_attributes": []
        }
      ]
    },
    {
      "mode": "data",
      "type": "aws_subnet",
      "name": "prisub02",
      "provider": "provider[\"registry.terraform.io/hashicorp/aws\"]",
      "instances": [
        {
          "schema_version": 0,
          "attributes": {
            "arn": "arn:aws:ec2:eu-west-1:522347323079:subnet/subnet-0dc528dc0b71082a6",
            "assign_ipv6_address_on_creation": false,
            "availability_zone": "eu-west-1b",
            "availability_zone_id": "euw1-az1",
            "available_ip_address_count": 251,
            "cidr_block": "10.0.5.0/24",
            "customer_owned_ipv4_pool": "",
            "default_for_az": false,
            "enable_dns64": false,
            "enable_lni_at_device_index": 0,
            "enable_resource_name_dns_a_record_on_launch": false,
            "enable_resource_name_dns_aaaa_record_on_launch": false,
            "filter": null,
            "id": "subnet-0dc528dc0b71082a6",
            "ipv6_cidr_block": "",
            "ipv6_cidr_block_association_id": "",
            "ipv6_native": false,
            "map_customer_owned_ip_on_launch": false,
            "map_public_ip_on_launch": false,
            "outpost_arn": "",
            "owner_id": "522347323079",
            "private_dns_hostname_type_on_launch": "ip-name",
            "state": "available",
            "tags": {
              "Name": "sock-shop-prisub02"
            },
            "timeouts": null,
            "vpc_id": "vpc-09a94f67883fe0ef7"
          },
          "sensitive_attributes": []
        }
      ]
    },
    {
      "mode": "data",
      "type": "aws_subnet",
      "name": "prisub03",
      "provider": "provider[\"registry.terraform.io/hashicorp/aws\"]",
      "instances": [
        {
          "schema_version": 0,
          "attributes": {
            "arn": "arn:aws:ec2:eu-west-1:522347323079:subnet/subnet-03e38ccab7c3c52d2",
            "assign_ipv6_address_on_creation": false,
            "availability_zone": "eu-west-1c",
            "availability_zone_id": "euw1-az2",
            "available_ip_address_count": 251,
            "cidr_block": "10.0.6.0/24",
            "customer_owned_ipv4_pool": "",
            "default_for_az": false,
            "enable_dns64": false,
            "enable_lni_at_device_index": 0,
            "enable_resource_name_dns_a_record_on_launch": false,
            "enable_resource_name_dns_aaaa_record_on_launch": false,
            "filter": null,
            "id": "subnet-03e38ccab7c3c52d2",
            "ipv6_cidr_block": "",
            "ipv6_cidr_block_association_id": "",
            "ipv6_native": false,
            "map_customer_owned_ip_on_launch": false,
            "map_public_ip_on_launch": false,
            "outpost_arn": "",
            "owner_id": "522347323079",
            "private_dns_hostname_type_on_launch": "ip-name",
            "state": "available",
            "tags": {
              "Name": "sock-shop-prisub03"
            },
            "timeouts": null,
            "vpc_id": "vpc-09a94f67883fe0ef7"
          },
          "sensitive_attributes": []
        }
      ]
    },
    {
      "mode": "data",
      "type": "aws_subnet",
      "name": "pubsub01",
      "provider": "provider[\"registry.terraform.io/hashicorp/aws\"]",
      "instances": [
        {
          "schema_version": 0,
          "attributes": {
            "arn": "arn:aws:ec2:eu-west-1:522347323079:subnet/subnet-0d6e02aba92b245f8",
            "assign_ipv6_address_on_creation": false,
            "availability_zone": "eu-west-1a",
            "availability_zone_id": "euw1-az3",
            "available_ip_address_count": 249,
            "cidr_block": "10.0.1.0/24",
            "customer_owned_ipv4_pool": "",
            "default_for_az": false,
            "enable_dns64": false,
            "enable_lni_at_device_index": 0,
            "enable_resource_name_dns_a_record_on_launch": false,
            "enable_resource_name_dns_aaaa_record_on_launch": false,
            "filter": null,
            "id": "subnet-0d6e02aba92b245f8",
            "ipv6_cidr_block": "",
            "ipv6_cidr_block_association_id": "",
            "ipv6_native": false,
            "map_customer_owned_ip_on_launch": false,
            "map_public_ip_on_launch": false,
            "outpost_arn": "",
            "owner_id": "522347323079",
            "private_dns_hostname_type_on_launch": "ip-name",
            "state": "available",
            "tags": {
              "Name": "sock-shop-pubsub01"
            },
            "timeouts": null,
            "vpc_id": "vpc-09a94f67883fe0ef7"
          },
          "sensitive_attributes": []
        }
      ]
    },
    {
      "mode": "data",
      "type": "aws_subnet",
      "name": "pubsub02",
      "provider": "provider[\"registry.terraform.io/hashicorp/aws\"]",
      "instances": [
        {
          "schema_version": 0,
          "attributes": {
            "arn": "arn:aws:ec2:eu-west-1:522347323079:subnet/subnet-07a61853c32d0f1f3",
            "assign_ipv6_address_on_creation": false,
            "availability_zone": "eu-west-1b",
            "availability_zone_id": "euw1-az1",
            "available_ip_address_count": 251,
            "cidr_block": "10.0.2.0/24",
            "customer_owned_ipv4_pool": "",
            "default_for_az": false,
            "enable_dns64": false,
            "enable_lni_at_device_index": 0,
            "enable_resource_name_dns_a_record_on_launch": false,
            "enable_resource_name_dns_aaaa_record_on_launch": false,
            "filter": null,
            "id": "subnet-07a61853c32d0f1f3",
            "ipv6_cidr_block": "",
            "ipv6_cidr_block_association_id": "",
            "ipv6_native": false,
            "map_customer_owned_ip_on_launch": false,
            "map_public_ip_on_launch": false,
            "outpost_arn": "",
            "owner_id": "522347323079",
            "private_dns_hostname_type_on_launch": "ip-name",
            "state": "available",
            "tags": {
              "Name": "sock-shop-pubsub02"
            },
            "timeouts": null,
            "vpc_id": "vpc-09a94f67883fe0ef7"
          },
          "sensitive_attributes": []
        }
      ]
    },
    {
      "mode": "data",
      "type": "aws_subnet",
      "name": "pubsub03",
      "provider": "provider[\"registry.terraform.io/hashicorp/aws\"]",
      "instances": [
        {
          "schema_version": 0,
          "attributes": {
            "arn": "arn:aws:ec2:eu-west-1:522347323079:subnet/subnet-0fe72bcda10da870b",
            "assign_ipv6_address_on_creation": false,
            "availability_zone": "eu-west-1c",
            "availability_zone_id": "euw1-az2",
            "available_ip_address_count": 251,
            "cidr_block": "10.0.3.0/24",
            "customer_owned_ipv4_pool": "",
            "default_for_az": false,
            "enable_dns64": false,
            "enable_lni_at_device_index": 0,
            "enable_resource_name_dns_a_record_on_launch": false,
            "enable_resource_name_dns_aaaa_record_on_launch": false,
            "filter": null,
            "id": "subnet-0fe72bcda10da870b",
            "ipv6_cidr_block": "",
            "ipv6_cidr_block_association_id": "",
            "ipv6_native": false,
            "map_customer_owned_ip_on_launch": false,
            "map_public_ip_on_launch": false,
            "outpost_arn": "",
            "owner_id": "522347323079",
            "private_dns_hostname_type_on_launch": "ip-name",
            "state": "available",
            "tags": {
              "Name": "sock-shop-pubsub03"
            },
            "timeouts": null,
            "vpc_id": "vpc-09a94f67883fe0ef7"
          },
          "sensitive_attributes": []
        }
      ]
    },
    {
      "mode": "data",
      "type": "aws_vpc",
      "name": "vpc",
      "provider": "provider[\"registry.terraform.io/hashicorp/aws\"]",
      "instances": [
        {
          "schema_version": 0,
          "attributes": {
            "arn": "arn:aws:ec2:eu-west-1:522347323079:vpc/vpc-09a94f67883fe0ef7",
            "cidr_block": "10.0.0.0/16",
            "cidr_block_associations": [
              {
                "association_id": "vpc-cidr-assoc-0cc27f4a3903a2e4f",
                "cidr_block": "10.0.0.0/16",
                "state": "associated"
              }
            ],
            "default": false,
            "dhcp_options_id": "dopt-0ddb31185366b8bdb",
            "enable_dns_hostnames": false,
            "enable_dns_support": true,
            "enable_network_address_usage_metrics": false,
            "filter": null,
            "id": "vpc-09a94f67883fe0ef7",
            "instance_tenancy": "default",
            "ipv6_association_id": "",
            "ipv6_cidr_block": "",
            "main_route_table_id": "rtb-031115bbcd8efeb67",
            "owner_id": "522347323079",
            "state": null,
            "tags": {
              "name": "sock-shop-vpc"
            },
            "timeouts": null
          },
          "sensitive_attributes": []
        }
      ]
    },
    {
      "module": "module.Sg-keypair",
      "mode": "managed",
      "type": "aws_key_pair",
      "name": "key",
      "provider": "provider[\"registry.terraform.io/hashicorp/aws\"]",
      "instances": [
        {
          "schema_version": 1,
          "attributes": {
            "arn": "arn:aws:ec2:eu-west-1:522347323079:key-pair/keypair",
            "fingerprint": "ec:a3:dc:6d:ab:5d:bf:d2:22:fb:63:06:be:fa:9b:b5",
            "id": "keypair",
            "key_name": "keypair",
            "key_name_prefix": "",
            "key_pair_id": "key-099538b5078f5972f",
            "key_type": "rsa",
            "public_key": "ssh-rsa AAAAB3NzaC1yc2EAAAADAQABAAACAQDNwITA5KzNeFYLFApfEytnYpw8RHfcd4/RLgveRpzbsHPPR2Lief9sws7q3cdlG+fVDvTkpYVeaI8fEvfsImqETYxmv4dmE7Sr7JXDxEJdtSS6dWH4GhGobsR3a9+zTKiiqEOedqhxjUrhU9yU92nyLRmxjuGVC9Om3Z7lX7HbxAuPWaf/hEY9bAWqZZpyggkMFt1eVarixWNJqhawWjgmfhGuv4pc1EkRpurW7+scBVd41deyioKrl9a8+AqOkdt3i7t2B02goktGI+XsjaTotVvHcnods/XbnhcuS092Pjk2WXPlTttTJzYJ1Tplr3CHX48z6i3ONg98PGYzB31DFVE0ziLrJeaPutLvydCg8y8XJajWEn4sZRe8YGdu6rmNvF+IPkrwN9q79pIeFhr6dtuZy944FxQxQXfTcFygAe7Dzyz8wecda+X0JGGn5mvd8UNyMB8QGnGHMUvf1L9JHLkVlaE3KShNPeGUStHXOHQ8ZRQCBGL1CR6pbu2+6BmUydXnfQrPPnLMOX9Stlkyn2p3cj5O3KqPUWepBZQ8sKhKO0sHmDfj8wDQP78HwQCBYdPzvSaV4Qns5oKEarfvdJveYOSgptVoy+REOOR1sx+3f2AU4cXZ7ICwd5pjjMQdW3vBcLMla4LDSUPyoqwRnN/NHCdaHIQ+jXJWXkcTNQ==",
            "tags": {},
            "tags_all": {}
          },
          "sensitive_attributes": [],
          "private": "eyJzY2hlbWFfdmVyc2lvbiI6IjEifQ==",
          "dependencies": [
            "module.Sg-keypair.tls_private_key.key"
          ]
        }
      ]
    },
    {
      "module": "module.Sg-keypair",
      "mode": "managed",
      "type": "aws_security_group",
      "name": "ansible-sg",
      "provider": "provider[\"registry.terraform.io/hashicorp/aws\"]",
      "instances": [
        {
          "schema_version": 1,
          "attributes": {
            "arn": "arn:aws:ec2:eu-west-1:522347323079:security-group/sg-098dcf63a39c0351b",
            "description": "Allow inbound traffic",
            "egress": [
              {
                "cidr_blocks": [
                  "0.0.0.0/0"
                ],
                "description": "",
                "from_port": 0,
                "ipv6_cidr_blocks": [],
                "prefix_list_ids": [],
                "protocol": "-1",
                "security_groups": [],
                "self": false,
                "to_port": 0
              }
            ],
            "id": "sg-098dcf63a39c0351b",
            "ingress": [
              {
                "cidr_blocks": [
                  "0.0.0.0/0"
                ],
                "description": "ssh",
                "from_port": 22,
                "ipv6_cidr_blocks": [],
                "prefix_list_ids": [],
                "protocol": "tcp",
                "security_groups": [],
                "self": false,
                "to_port": 22
              }
            ],
            "name": "ansible-sg",
            "name_prefix": "",
            "owner_id": "522347323079",
            "revoke_rules_on_delete": false,
            "tags": {
              "Name": "bastion-sg"
            },
            "tags_all": {
              "Name": "bastion-sg"
            },
            "timeouts": null,
            "vpc_id": "vpc-09a94f67883fe0ef7"
          },
          "sensitive_attributes": [],
          "private": "eyJlMmJmYjczMC1lY2FhLTExZTYtOGY4OC0zNDM2M2JjN2M0YzAiOnsiY3JlYXRlIjo2MDAwMDAwMDAwMDAsImRlbGV0ZSI6OTAwMDAwMDAwMDAwfSwic2NoZW1hX3ZlcnNpb24iOiIxIn0=",
          "dependencies": [
            "data.aws_vpc.vpc"
          ]
        }
      ]
    },
    {
      "module": "module.Sg-keypair",
      "mode": "managed",
      "type": "aws_security_group",
      "name": "bastion-sg",
      "provider": "provider[\"registry.terraform.io/hashicorp/aws\"]",
      "instances": [
        {
          "schema_version": 1,
          "attributes": {
            "arn": "arn:aws:ec2:eu-west-1:522347323079:security-group/sg-0996a00c8ca9ff7f9",
            "description": "Allow inbound traffic",
            "egress": [
              {
                "cidr_blocks": [
                  "0.0.0.0/0"
                ],
                "description": "",
                "from_port": 0,
                "ipv6_cidr_blocks": [],
                "prefix_list_ids": [],
                "protocol": "-1",
                "security_groups": [],
                "self": false,
                "to_port": 0
              }
            ],
            "id": "sg-0996a00c8ca9ff7f9",
            "ingress": [
              {
                "cidr_blocks": [
                  "0.0.0.0/0"
                ],
                "description": "ssh",
                "from_port": 22,
                "ipv6_cidr_blocks": [],
                "prefix_list_ids": [],
                "protocol": "tcp",
                "security_groups": [],
                "self": false,
                "to_port": 22
              }
            ],
            "name": "bastion-sg",
            "name_prefix": "",
            "owner_id": "522347323079",
            "revoke_rules_on_delete": false,
            "tags": {
              "Name": "bastion-sg"
            },
            "tags_all": {
              "Name": "bastion-sg"
            },
            "timeouts": null,
            "vpc_id": "vpc-09a94f67883fe0ef7"
          },
          "sensitive_attributes": [],
          "private": "eyJlMmJmYjczMC1lY2FhLTExZTYtOGY4OC0zNDM2M2JjN2M0YzAiOnsiY3JlYXRlIjo2MDAwMDAwMDAwMDAsImRlbGV0ZSI6OTAwMDAwMDAwMDAwfSwic2NoZW1hX3ZlcnNpb24iOiIxIn0=",
          "dependencies": [
            "data.aws_vpc.vpc"
          ]
        }
      ]
    },
    {
      "module": "module.Sg-keypair",
      "mode": "managed",
      "type": "aws_security_group",
      "name": "k8s-sg",
      "provider": "provider[\"registry.terraform.io/hashicorp/aws\"]",
      "instances": [
        {
          "schema_version": 1,
          "attributes": {
            "arn": "arn:aws:ec2:eu-west-1:522347323079:security-group/sg-08241ae34b729e264",
            "description": "Allow inbound traffic",
            "egress": [
              {
                "cidr_blocks": [
                  "0.0.0.0/0"
                ],
                "description": "",
                "from_port": 0,
                "ipv6_cidr_blocks": [],
                "prefix_list_ids": [],
                "protocol": "-1",
                "security_groups": [],
                "self": false,
                "to_port": 0
              }
            ],
            "id": "sg-08241ae34b729e264",
            "ingress": [
              {
                "cidr_blocks": [
                  "0.0.0.0/0"
                ],
                "description": "k8s port",
                "from_port": 0,
                "ipv6_cidr_blocks": [],
                "prefix_list_ids": [],
                "protocol": "tcp",
                "security_groups": [],
                "self": false,
                "to_port": 65535
              }
            ],
            "name": "k8s-sg",
            "name_prefix": "",
            "owner_id": "522347323079",
            "revoke_rules_on_delete": false,
            "tags": {
              "Name": "k8s-sg"
            },
            "tags_all": {
              "Name": "k8s-sg"
            },
            "timeouts": null,
            "vpc_id": "vpc-01d816c61747e1670"
          },
          "sensitive_attributes": [],
          "private": "eyJlMmJmYjczMC1lY2FhLTExZTYtOGY4OC0zNDM2M2JjN2M0YzAiOnsiY3JlYXRlIjo2MDAwMDAwMDAwMDAsImRlbGV0ZSI6OTAwMDAwMDAwMDAwfSwic2NoZW1hX3ZlcnNpb24iOiIxIn0=",
          "dependencies": [
            "data.aws_vpc.vpc"
          ]
        }
      ]
    },
    {
      "module": "module.Sg-keypair",
      "mode": "managed",
      "type": "local_file",
      "name": "key",
      "provider": "provider[\"registry.terraform.io/hashicorp/local\"]",
      "instances": [
        {
          "schema_version": 0,
          "attributes": {
            "content": "-----BEGIN RSA PRIVATE KEY-----\nMIIJKQIBAAKCAgEAzcCEwOSszXhWCxQKXxMrZ2KcPER33HeP0S4L3kac27Bzz0di\n4nn/bMLO6t3HZRvn1Q705KWFXmiPHxL37CJqhE2MZr+HZhO0q+yVw8RCXbUkunVh\n+BoRqG7Ed2vfs0yooqhDnnaocY1K4VPclPdp8i0ZsY7hlQvTpt2e5V+x28QLj1mn\n/4RGPWwFqmWacoIJDBbdXlWq4sVjSaoWsFo4Jn4Rrr+KXNRJEabq1u/rHAVXeNXX\nsoqCq5fWvPgKjpHbd4u7dgdNoKJLRiPl7I2k6LVbx3J6HbP1254XLktPdj45Nllz\n5U7bUyc2CdU6Za9wh1+PM+otzjYPfDxmMwd9QxVRNM4i6yXmj7rS78nQoPMvFyWo\n1hJ+LGUXvGBnbuq5jbxfiD5K8Dfau/aSHhYa+nbbmcveOBcUMUF303BcoAHuw88s\n/MHnHWvl9CRhp+Zr3fFDcjAfEBpxhzFL39S/SRy5FZWhNykoTT3hlErR1zh0PGUU\nAgRi9QkeqW7tvugZlMnV530Kzz5yzDl/UrZZMp9qd3I+Ttyqj1FnqQWUPLCoSjtL\nB5g34/MA0D+/B8EAgWHT870mleEJ7OaChGq373Sb3mDkoKbVaMvkRDjkdbMft39g\nFOHF2eyAsHeaY4zEHVt7wXCzJWuCw0lD8qKsEZzfzRwnWhyEPo1yVl5HEzUCAwEA\nAQKCAgBpiJjPE7vqvBFuJz5Wm8+EfNjkNL5CD/Vtdq/Rt+hW6r/MDrKStb6ku5tE\nbrMKknCsILrN2HR7Ayh96M3PiauW5uvf+9doLS1bjcMXob/krrgDB5hTmJN8ECyn\nkGYyYlyQ6budOQGXFMDWqJwYsHrgI+/s2fus5l8OVNhekGH69ihzw6ne7qrUcGbL\nisfYeghH8iZjb49yN4qAy0RN+kiYvcs2FbrTeHNuIW6NBoxSWA8QxKaZRmBVwVD8\npkFL9VZbkAl8NazEetofROR3HAP89KD5wScPuzGdDw6WyTwdyzavQNyoPnVSxmb6\nTitg4sbWONaL607JWYNB1v0YqXu+k7JGEN9jyZYH6WOLbMK/F5xsB0oWCmubsjIx\n8rj3Lvc3e28OVlcta21g4byjHpTqOi0umBr7JZpF/U9sDNj6SrHiovjzhG8Ml7Sk\nLnGEcE31m33s9evsPEL1whHGb4DSZjRM+8nt1n7RCNgQNrije2KLO06dNQ10+BmY\nWZG3WQRyAZjkTASrllExGypkStD4FvahvDxTglIXsDoD/eN6Rc9rNjWMFicEx1vz\n3cnQZRK87kCUTAoD401nTkHu+C7GuIB/dZNPzMQnTDD+WC7lX1ahRc2j6OZ/sPts\nrxtDPiI8hh7+XXJYOKhCJELjGQB+TLoQIB3/m/Is4mq3R+hmYQKCAQEA1BvmsiL+\nR1DGGXJlyDxGoBWSUpcHbXBeWBPiAlPILAnGrcvNs027BUeO//dXqh2Rkiw1qSYQ\nlfF4FufMrw8UqlFAgCzqgqwJ2h9Vj3ioYRpkikSRPbvwlpobBz2GZg5Ose6ejRBW\nk4x73IRmkkxFdLuECbzmb2Htv7vtzefdk516Ou/VJ2+XVN6gPc5hBd/Kd0Q2Q2bn\nxmEqaz3jXhT33kl0DQo/LGn5WDnloKFBKETiUWQVbaJoGJ+NICQJ8n+6Ky0hjIb6\nCUU2yQo+AP3wvynR59Bw/y8lz8z/9N6iQhdtszJdm2BI4LuaZi6qRw9kiCK9WL+E\nExp4WaUNilGtfQKCAQEA+FPeV0yeEBxtsOrLg35YQBwmJC7V5gp52JrguDVnlMo3\nNxp7UJageX5Mfb935yCE8trPSRzyC7bhl+HQ0asxX5xA+jX2pw7l2sUioPXcooVv\nvBDi4eKN9p2NEj7XiavuBMgUcMtaYsbfayY7M756xdDPtR9PxFph+DTIx6wAPnRM\nKoxQfIPRiwByp1YjpXuduc71cFH+Y8tPNRBD/6UKjWACYIqAB2/bKD1eWdTij+fE\n6/JQCblh3xmuhAElm4kGsTOj9sKEabtE23QlS+W3KUE72ebTiDfiXauNCG8jk4O7\nWDwS+YAOJoG20tLRcq7UWm0yiPRepY0DW+6JZXNKGQKCAQEApi1J24xg7VySJ4Oh\nzHO03VypK72ZmxsrPxQswKgFLsNl/emrOewPNv6uQUn2S5go4X1zeRcSbXcmH8Px\nb8F/7kQEJaeK/19rxJFCBkqAmLsFw/IeXGBvCH6p6E1Ci5hv/SU24MvJGIY60DSG\n692HmQIEW2C8pMzzaIECuYwL48e/6IbX17KsvFhC8MlM6D5BsJknbj0kHx8nDagK\nBz6kR2oC2uiJP/Gy4XVSuzs7AiKdsSiZRTC1H315IpI5nNyG7abJHwDsyfCJEI7O\nrxZE1HAePODodnToydoROjZmpyMV1gwCnGWeEzvHpoCu9UdQ+vtEn1BEWHcnjQws\nBI8jPQKCAQBCYLi4ASTnDZJMjhZkSatxR5TyawqF+RrkyVF0K+JKJVtpAU0hF4JB\nt37exgVY5JplCBQMaQ5SD0px/MyCnw4NjojX2QDbWuIZ/kPpXo7hamWZkbHzy0lD\nOI3y6JVYmXqAELNWCyVX7ezeiVOd2zaaFdzPf1UlGTvCyuk4ZkOSbifF38fL4Lhs\nPWxoSmAw5cAdYLK+mUw0hK3hcz2Z4hXWAGniQGNEmaOtN+o2fO8qpDtBDn5Sexks\nN4Msidnxn0kIqNMVLJ2UXZhkSMGHbhntjyBeeJLmgHmjrC2AqaSK09WKGlTAGHiv\n1lB2Ph/6Vb0xhqrRbPC3s9/H/RUA5zZRAoIBAQDAre4wVOmEfQwv9q+VCVLttIRX\n8uCqhNLF3F5issJy+lPaz6a34s6rpW1OgiDep3zeIbTDrsmlyISojZHSA5pYEALb\n6GSsS/C1DlNEoTL9akokWc3UdXYrT75Zice/bE7HYADEyPlAfEqqTX4K9f6kJ1hO\nHQBW8WHWKOTl/JEti47vUjt0t68IY0QhQZrHkYLYzeZFNjGQg4egF63W0mM57Zhc\npQN+JOaR2kIy3zS5w5MznIx8y3yNePB4FynZ78d1aqzzjJdR6ZvuUsC0e+zPiROI\nfZYTWM7d4G4t3YgAX3eLs0QjSuGafO3pJWDw800QqyC5VAjCJdiiXiJdOKR2\n-----END RSA PRIVATE KEY-----\n",
            "content_base64": null,
            "content_base64sha256": "KUBJJ0gCYX3Kazb/Bm+UXca7oaGnbAmXBB3pQMh5Qsg=",
            "content_base64sha512": "iK4izcrM/Oqdi6aqfubrkD6KaP5zaM3g6T/zHMnDTMZp1O15kucfJStviXo3hXdmGVLpAh5GY8KAglhWRmxaKA==",
            "content_md5": "f6a11ac0805144badf4d8f957a23f801",
            "content_sha1": "780158a3e5cf42599ef118cbcde5b2bba270ddb0",
            "content_sha256": "294049274802617dca6b36ff066f945dc6bba1a1a76c0997041de940c87942c8",
            "content_sha512": "88ae22cdcaccfcea9d8ba6aa7ee6eb903e8a68fe7368cde0e93ff31cc9c34cc669d4ed7992e71f252b6f897a378577661952e9021e4663c280825856466c5a28",
            "directory_permission": "0777",
            "file_permission": "600",
            "filename": "keypair.pem",
            "id": "780158a3e5cf42599ef118cbcde5b2bba270ddb0",
            "sensitive_content": null,
            "source": null
          },
          "sensitive_attributes": [
            [
              {
                "type": "get_attr",
                "value": "content"
              }
            ]
          ],
          "dependencies": [
            "module.Sg-keypair.tls_private_key.key"
          ]
        }
      ]
    },
    {
      "module": "module.Sg-keypair",
      "mode": "managed",
      "type": "tls_private_key",
      "name": "key",
      "provider": "provider[\"registry.terraform.io/hashicorp/tls\"]",
      "instances": [
        {
          "schema_version": 1,
          "attributes": {
            "algorithm": "RSA",
            "ecdsa_curve": "P224",
            "id": "b181c3ece59cce06a75b47cb5182f7fb6704f1e5",
            "private_key_openssh": "-----BEGIN OPENSSH PRIVATE KEY-----\nb3BlbnNzaC1rZXktdjEAAAAABG5vbmUAAAAEbm9uZQAAAAAAAAABAAACFwAAAAdz\nc2gtcnNhAAAAAwEAAQAAAgEAzcCEwOSszXhWCxQKXxMrZ2KcPER33HeP0S4L3kac\n27Bzz0di4nn/bMLO6t3HZRvn1Q705KWFXmiPHxL37CJqhE2MZr+HZhO0q+yVw8RC\nXbUkunVh+BoRqG7Ed2vfs0yooqhDnnaocY1K4VPclPdp8i0ZsY7hlQvTpt2e5V+x\n28QLj1mn/4RGPWwFqmWacoIJDBbdXlWq4sVjSaoWsFo4Jn4Rrr+KXNRJEabq1u/r\nHAVXeNXXsoqCq5fWvPgKjpHbd4u7dgdNoKJLRiPl7I2k6LVbx3J6HbP1254XLktP\ndj45Nllz5U7bUyc2CdU6Za9wh1+PM+otzjYPfDxmMwd9QxVRNM4i6yXmj7rS78nQ\noPMvFyWo1hJ+LGUXvGBnbuq5jbxfiD5K8Dfau/aSHhYa+nbbmcveOBcUMUF303Bc\noAHuw88s/MHnHWvl9CRhp+Zr3fFDcjAfEBpxhzFL39S/SRy5FZWhNykoTT3hlErR\n1zh0PGUUAgRi9QkeqW7tvugZlMnV530Kzz5yzDl/UrZZMp9qd3I+Ttyqj1FnqQWU\nPLCoSjtLB5g34/MA0D+/B8EAgWHT870mleEJ7OaChGq373Sb3mDkoKbVaMvkRDjk\ndbMft39gFOHF2eyAsHeaY4zEHVt7wXCzJWuCw0lD8qKsEZzfzRwnWhyEPo1yVl5H\nEzUAAAc4QLgxw0C4McMAAAAHc3NoLXJzYQAAAgEAzcCEwOSszXhWCxQKXxMrZ2Kc\nPER33HeP0S4L3kac27Bzz0di4nn/bMLO6t3HZRvn1Q705KWFXmiPHxL37CJqhE2M\nZr+HZhO0q+yVw8RCXbUkunVh+BoRqG7Ed2vfs0yooqhDnnaocY1K4VPclPdp8i0Z\nsY7hlQvTpt2e5V+x28QLj1mn/4RGPWwFqmWacoIJDBbdXlWq4sVjSaoWsFo4Jn4R\nrr+KXNRJEabq1u/rHAVXeNXXsoqCq5fWvPgKjpHbd4u7dgdNoKJLRiPl7I2k6LVb\nx3J6HbP1254XLktPdj45Nllz5U7bUyc2CdU6Za9wh1+PM+otzjYPfDxmMwd9QxVR\nNM4i6yXmj7rS78nQoPMvFyWo1hJ+LGUXvGBnbuq5jbxfiD5K8Dfau/aSHhYa+nbb\nmcveOBcUMUF303BcoAHuw88s/MHnHWvl9CRhp+Zr3fFDcjAfEBpxhzFL39S/SRy5\nFZWhNykoTT3hlErR1zh0PGUUAgRi9QkeqW7tvugZlMnV530Kzz5yzDl/UrZZMp9q\nd3I+Ttyqj1FnqQWUPLCoSjtLB5g34/MA0D+/B8EAgWHT870mleEJ7OaChGq373Sb\n3mDkoKbVaMvkRDjkdbMft39gFOHF2eyAsHeaY4zEHVt7wXCzJWuCw0lD8qKsEZzf\nzRwnWhyEPo1yVl5HEzUAAAADAQABAAACAGmImM8Tu+q8EW4nPlabz4R82OQ0vkIP\n9W12r9G36Fbqv8wOspK1vqS7m0RuswqScKwgus3YdHsDKH3ozc+Jq5bm69/712gt\nLVuNwxehv+SuuAMHmFOYk3wQLKeQZjJiXJDpu505AZcUwNaonBiweuAj7+zZ+6zm\nXw5U2F6QYfr2KHPDqd7uqtRwZsuKx9h6CEfyJmNvj3I3ioDLRE36SJi9yzYVutN4\nc24hbo0GjFJYDxDEpplGYFXBUPymQUv1VluQCXw1rMR62h9E5HccA/z0oPnBJw+7\nMZ0PDpbJPB3LNq9A3Kg+dVLGZvpOK2DixtY41ovrTslZg0HW/Ripe76TskYQ32PJ\nlgfpY4tswr8XnGwHShYKa5uyMjHyuPcu9zd7bw5WVy1rbWDhvKMelOo6LS6YGvsl\nmkX9T2wM2PpKseKi+POEbwyXtKQucYRwTfWbfez16+w8QvXCEcZvgNJmNEz7ye3W\nftEI2BA2uKN7Yos7Tp01DXT4GZhZkbdZBHIBmORMBKuWUTEbKmRK0PgW9qG8PFOC\nUhewOgP943pFz2s2NYwWJwTHW/PdydBlErzuQJRMCgPjTWdOQe74Lsa4gH91k0/M\nxCdMMP5YLuVfVqFFzaPo5n+w+2yvG0M+IjyGHv5dclg4qEIkQuMZAH5MuhAgHf+b\n8iziardH6GZhAAABAQDAre4wVOmEfQwv9q+VCVLttIRX8uCqhNLF3F5issJy+lPa\nz6a34s6rpW1OgiDep3zeIbTDrsmlyISojZHSA5pYEALb6GSsS/C1DlNEoTL9akok\nWc3UdXYrT75Zice/bE7HYADEyPlAfEqqTX4K9f6kJ1hOHQBW8WHWKOTl/JEti47v\nUjt0t68IY0QhQZrHkYLYzeZFNjGQg4egF63W0mM57ZhcpQN+JOaR2kIy3zS5w5Mz\nnIx8y3yNePB4FynZ78d1aqzzjJdR6ZvuUsC0e+zPiROIfZYTWM7d4G4t3YgAX3eL\ns0QjSuGafO3pJWDw800QqyC5VAjCJdiiXiJdOKR2AAABAQDUG+ayIv5HUMYZcmXI\nPEagFZJSlwdtcF5YE+ICU8gsCcaty82zTbsFR47/91eqHZGSLDWpJhCV8XgW58yv\nDxSqUUCALOqCrAnaH1WPeKhhGmSKRJE9u/CWmhsHPYZmDk6x7p6NEFaTjHvchGaS\nTEV0u4QJvOZvYe2/u+3N592TnXo679Unb5dU3qA9zmEF38p3RDZDZufGYSprPeNe\nFPfeSXQNCj8saflYOeWgoUEoROJRZBVtomgYn40gJAnyf7orLSGMhvoJRTbJCj4A\n/fC/KdHn0HD/LyXPzP/03qJCF22zMl2bYEjgu5pmLqpHD2SIIr1Yv4QTGnhZpQ2K\nUa19AAABAQD4U95XTJ4QHG2w6suDflhAHCYkLtXmCnnYmuC4NWeUyjc3GntQlqB5\nfkx9v3fnIITy2s9JHPILtuGX4dDRqzFfnED6NfanDuXaxSKg9dyihW+8EOLh4o32\nnY0SPteJq+4EyBRwy1pixt9rJjszvnrF0M+1H0/EWmH4NMjHrAA+dEwqjFB8g9GL\nAHKnViOle525zvVwUf5jy081EEP/pQqNYAJgioAHb9soPV5Z1OKP58Tr8lAJuWHf\nGa6EASWbiQaxM6P2woRpu0TbdCVL5bcpQTvZ5tOIN+Jdq40IbyOTg7tYPBL5gA4m\ngbbS0tFyrtRabTKI9F6ljQNb7ollc0oZAAAAAAEC\n-----END OPENSSH PRIVATE KEY-----\n",
            "private_key_pem": "-----BEGIN RSA PRIVATE KEY-----\nMIIJKQIBAAKCAgEAzcCEwOSszXhWCxQKXxMrZ2KcPER33HeP0S4L3kac27Bzz0di\n4nn/bMLO6t3HZRvn1Q705KWFXmiPHxL37CJqhE2MZr+HZhO0q+yVw8RCXbUkunVh\n+BoRqG7Ed2vfs0yooqhDnnaocY1K4VPclPdp8i0ZsY7hlQvTpt2e5V+x28QLj1mn\n/4RGPWwFqmWacoIJDBbdXlWq4sVjSaoWsFo4Jn4Rrr+KXNRJEabq1u/rHAVXeNXX\nsoqCq5fWvPgKjpHbd4u7dgdNoKJLRiPl7I2k6LVbx3J6HbP1254XLktPdj45Nllz\n5U7bUyc2CdU6Za9wh1+PM+otzjYPfDxmMwd9QxVRNM4i6yXmj7rS78nQoPMvFyWo\n1hJ+LGUXvGBnbuq5jbxfiD5K8Dfau/aSHhYa+nbbmcveOBcUMUF303BcoAHuw88s\n/MHnHWvl9CRhp+Zr3fFDcjAfEBpxhzFL39S/SRy5FZWhNykoTT3hlErR1zh0PGUU\nAgRi9QkeqW7tvugZlMnV530Kzz5yzDl/UrZZMp9qd3I+Ttyqj1FnqQWUPLCoSjtL\nB5g34/MA0D+/B8EAgWHT870mleEJ7OaChGq373Sb3mDkoKbVaMvkRDjkdbMft39g\nFOHF2eyAsHeaY4zEHVt7wXCzJWuCw0lD8qKsEZzfzRwnWhyEPo1yVl5HEzUCAwEA\nAQKCAgBpiJjPE7vqvBFuJz5Wm8+EfNjkNL5CD/Vtdq/Rt+hW6r/MDrKStb6ku5tE\nbrMKknCsILrN2HR7Ayh96M3PiauW5uvf+9doLS1bjcMXob/krrgDB5hTmJN8ECyn\nkGYyYlyQ6budOQGXFMDWqJwYsHrgI+/s2fus5l8OVNhekGH69ihzw6ne7qrUcGbL\nisfYeghH8iZjb49yN4qAy0RN+kiYvcs2FbrTeHNuIW6NBoxSWA8QxKaZRmBVwVD8\npkFL9VZbkAl8NazEetofROR3HAP89KD5wScPuzGdDw6WyTwdyzavQNyoPnVSxmb6\nTitg4sbWONaL607JWYNB1v0YqXu+k7JGEN9jyZYH6WOLbMK/F5xsB0oWCmubsjIx\n8rj3Lvc3e28OVlcta21g4byjHpTqOi0umBr7JZpF/U9sDNj6SrHiovjzhG8Ml7Sk\nLnGEcE31m33s9evsPEL1whHGb4DSZjRM+8nt1n7RCNgQNrije2KLO06dNQ10+BmY\nWZG3WQRyAZjkTASrllExGypkStD4FvahvDxTglIXsDoD/eN6Rc9rNjWMFicEx1vz\n3cnQZRK87kCUTAoD401nTkHu+C7GuIB/dZNPzMQnTDD+WC7lX1ahRc2j6OZ/sPts\nrxtDPiI8hh7+XXJYOKhCJELjGQB+TLoQIB3/m/Is4mq3R+hmYQKCAQEA1BvmsiL+\nR1DGGXJlyDxGoBWSUpcHbXBeWBPiAlPILAnGrcvNs027BUeO//dXqh2Rkiw1qSYQ\nlfF4FufMrw8UqlFAgCzqgqwJ2h9Vj3ioYRpkikSRPbvwlpobBz2GZg5Ose6ejRBW\nk4x73IRmkkxFdLuECbzmb2Htv7vtzefdk516Ou/VJ2+XVN6gPc5hBd/Kd0Q2Q2bn\nxmEqaz3jXhT33kl0DQo/LGn5WDnloKFBKETiUWQVbaJoGJ+NICQJ8n+6Ky0hjIb6\nCUU2yQo+AP3wvynR59Bw/y8lz8z/9N6iQhdtszJdm2BI4LuaZi6qRw9kiCK9WL+E\nExp4WaUNilGtfQKCAQEA+FPeV0yeEBxtsOrLg35YQBwmJC7V5gp52JrguDVnlMo3\nNxp7UJageX5Mfb935yCE8trPSRzyC7bhl+HQ0asxX5xA+jX2pw7l2sUioPXcooVv\nvBDi4eKN9p2NEj7XiavuBMgUcMtaYsbfayY7M756xdDPtR9PxFph+DTIx6wAPnRM\nKoxQfIPRiwByp1YjpXuduc71cFH+Y8tPNRBD/6UKjWACYIqAB2/bKD1eWdTij+fE\n6/JQCblh3xmuhAElm4kGsTOj9sKEabtE23QlS+W3KUE72ebTiDfiXauNCG8jk4O7\nWDwS+YAOJoG20tLRcq7UWm0yiPRepY0DW+6JZXNKGQKCAQEApi1J24xg7VySJ4Oh\nzHO03VypK72ZmxsrPxQswKgFLsNl/emrOewPNv6uQUn2S5go4X1zeRcSbXcmH8Px\nb8F/7kQEJaeK/19rxJFCBkqAmLsFw/IeXGBvCH6p6E1Ci5hv/SU24MvJGIY60DSG\n692HmQIEW2C8pMzzaIECuYwL48e/6IbX17KsvFhC8MlM6D5BsJknbj0kHx8nDagK\nBz6kR2oC2uiJP/Gy4XVSuzs7AiKdsSiZRTC1H315IpI5nNyG7abJHwDsyfCJEI7O\nrxZE1HAePODodnToydoROjZmpyMV1gwCnGWeEzvHpoCu9UdQ+vtEn1BEWHcnjQws\nBI8jPQKCAQBCYLi4ASTnDZJMjhZkSatxR5TyawqF+RrkyVF0K+JKJVtpAU0hF4JB\nt37exgVY5JplCBQMaQ5SD0px/MyCnw4NjojX2QDbWuIZ/kPpXo7hamWZkbHzy0lD\nOI3y6JVYmXqAELNWCyVX7ezeiVOd2zaaFdzPf1UlGTvCyuk4ZkOSbifF38fL4Lhs\nPWxoSmAw5cAdYLK+mUw0hK3hcz2Z4hXWAGniQGNEmaOtN+o2fO8qpDtBDn5Sexks\nN4Msidnxn0kIqNMVLJ2UXZhkSMGHbhntjyBeeJLmgHmjrC2AqaSK09WKGlTAGHiv\n1lB2Ph/6Vb0xhqrRbPC3s9/H/RUA5zZRAoIBAQDAre4wVOmEfQwv9q+VCVLttIRX\n8uCqhNLF3F5issJy+lPaz6a34s6rpW1OgiDep3zeIbTDrsmlyISojZHSA5pYEALb\n6GSsS/C1DlNEoTL9akokWc3UdXYrT75Zice/bE7HYADEyPlAfEqqTX4K9f6kJ1hO\nHQBW8WHWKOTl/JEti47vUjt0t68IY0QhQZrHkYLYzeZFNjGQg4egF63W0mM57Zhc\npQN+JOaR2kIy3zS5w5MznIx8y3yNePB4FynZ78d1aqzzjJdR6ZvuUsC0e+zPiROI\nfZYTWM7d4G4t3YgAX3eLs0QjSuGafO3pJWDw800QqyC5VAjCJdiiXiJdOKR2\n-----END RSA PRIVATE KEY-----\n",
            "private_key_pem_pkcs8": "-----BEGIN PRIVATE KEY-----\nMIIJQwIBADANBgkqhkiG9w0BAQEFAASCCS0wggkpAgEAAoICAQDNwITA5KzNeFYL\nFApfEytnYpw8RHfcd4/RLgveRpzbsHPPR2Lief9sws7q3cdlG+fVDvTkpYVeaI8f\nEvfsImqETYxmv4dmE7Sr7JXDxEJdtSS6dWH4GhGobsR3a9+zTKiiqEOedqhxjUrh\nU9yU92nyLRmxjuGVC9Om3Z7lX7HbxAuPWaf/hEY9bAWqZZpyggkMFt1eVarixWNJ\nqhawWjgmfhGuv4pc1EkRpurW7+scBVd41deyioKrl9a8+AqOkdt3i7t2B02goktG\nI+XsjaTotVvHcnods/XbnhcuS092Pjk2WXPlTttTJzYJ1Tplr3CHX48z6i3ONg98\nPGYzB31DFVE0ziLrJeaPutLvydCg8y8XJajWEn4sZRe8YGdu6rmNvF+IPkrwN9q7\n9pIeFhr6dtuZy944FxQxQXfTcFygAe7Dzyz8wecda+X0JGGn5mvd8UNyMB8QGnGH\nMUvf1L9JHLkVlaE3KShNPeGUStHXOHQ8ZRQCBGL1CR6pbu2+6BmUydXnfQrPPnLM\nOX9Stlkyn2p3cj5O3KqPUWepBZQ8sKhKO0sHmDfj8wDQP78HwQCBYdPzvSaV4Qns\n5oKEarfvdJveYOSgptVoy+REOOR1sx+3f2AU4cXZ7ICwd5pjjMQdW3vBcLMla4LD\nSUPyoqwRnN/NHCdaHIQ+jXJWXkcTNQIDAQABAoICAGmImM8Tu+q8EW4nPlabz4R8\n2OQ0vkIP9W12r9G36Fbqv8wOspK1vqS7m0RuswqScKwgus3YdHsDKH3ozc+Jq5bm\n69/712gtLVuNwxehv+SuuAMHmFOYk3wQLKeQZjJiXJDpu505AZcUwNaonBiweuAj\n7+zZ+6zmXw5U2F6QYfr2KHPDqd7uqtRwZsuKx9h6CEfyJmNvj3I3ioDLRE36SJi9\nyzYVutN4c24hbo0GjFJYDxDEpplGYFXBUPymQUv1VluQCXw1rMR62h9E5HccA/z0\noPnBJw+7MZ0PDpbJPB3LNq9A3Kg+dVLGZvpOK2DixtY41ovrTslZg0HW/Ripe76T\nskYQ32PJlgfpY4tswr8XnGwHShYKa5uyMjHyuPcu9zd7bw5WVy1rbWDhvKMelOo6\nLS6YGvslmkX9T2wM2PpKseKi+POEbwyXtKQucYRwTfWbfez16+w8QvXCEcZvgNJm\nNEz7ye3WftEI2BA2uKN7Yos7Tp01DXT4GZhZkbdZBHIBmORMBKuWUTEbKmRK0PgW\n9qG8PFOCUhewOgP943pFz2s2NYwWJwTHW/PdydBlErzuQJRMCgPjTWdOQe74Lsa4\ngH91k0/MxCdMMP5YLuVfVqFFzaPo5n+w+2yvG0M+IjyGHv5dclg4qEIkQuMZAH5M\nuhAgHf+b8iziardH6GZhAoIBAQDUG+ayIv5HUMYZcmXIPEagFZJSlwdtcF5YE+IC\nU8gsCcaty82zTbsFR47/91eqHZGSLDWpJhCV8XgW58yvDxSqUUCALOqCrAnaH1WP\neKhhGmSKRJE9u/CWmhsHPYZmDk6x7p6NEFaTjHvchGaSTEV0u4QJvOZvYe2/u+3N\n592TnXo679Unb5dU3qA9zmEF38p3RDZDZufGYSprPeNeFPfeSXQNCj8saflYOeWg\noUEoROJRZBVtomgYn40gJAnyf7orLSGMhvoJRTbJCj4A/fC/KdHn0HD/LyXPzP/0\n3qJCF22zMl2bYEjgu5pmLqpHD2SIIr1Yv4QTGnhZpQ2KUa19AoIBAQD4U95XTJ4Q\nHG2w6suDflhAHCYkLtXmCnnYmuC4NWeUyjc3GntQlqB5fkx9v3fnIITy2s9JHPIL\ntuGX4dDRqzFfnED6NfanDuXaxSKg9dyihW+8EOLh4o32nY0SPteJq+4EyBRwy1pi\nxt9rJjszvnrF0M+1H0/EWmH4NMjHrAA+dEwqjFB8g9GLAHKnViOle525zvVwUf5j\ny081EEP/pQqNYAJgioAHb9soPV5Z1OKP58Tr8lAJuWHfGa6EASWbiQaxM6P2woRp\nu0TbdCVL5bcpQTvZ5tOIN+Jdq40IbyOTg7tYPBL5gA4mgbbS0tFyrtRabTKI9F6l\njQNb7ollc0oZAoIBAQCmLUnbjGDtXJIng6HMc7TdXKkrvZmbGys/FCzAqAUuw2X9\n6as57A82/q5BSfZLmCjhfXN5FxJtdyYfw/FvwX/uRAQlp4r/X2vEkUIGSoCYuwXD\n8h5cYG8IfqnoTUKLmG/9JTbgy8kYhjrQNIbr3YeZAgRbYLykzPNogQK5jAvjx7/o\nhtfXsqy8WELwyUzoPkGwmSduPSQfHycNqAoHPqRHagLa6Ik/8bLhdVK7OzsCIp2x\nKJlFMLUffXkikjmc3IbtpskfAOzJ8IkQjs6vFkTUcB484Oh2dOjJ2hE6NmanIxXW\nDAKcZZ4TO8emgK71R1D6+0SfUERYdyeNDCwEjyM9AoIBAEJguLgBJOcNkkyOFmRJ\nq3FHlPJrCoX5GuTJUXQr4kolW2kBTSEXgkG3ft7GBVjkmmUIFAxpDlIPSnH8zIKf\nDg2OiNfZANta4hn+Q+lejuFqZZmRsfPLSUM4jfLolViZeoAQs1YLJVft7N6JU53b\nNpoV3M9/VSUZO8LK6ThmQ5JuJ8Xfx8vguGw9bGhKYDDlwB1gsr6ZTDSEreFzPZni\nFdYAaeJAY0SZo6036jZ87yqkO0EOflJ7GSw3gyyJ2fGfSQio0xUsnZRdmGRIwYdu\nGe2PIF54kuaAeaOsLYCppIrT1YoaVMAYeK/WUHY+H/pVvTGGqtFs8Lez38f9FQDn\nNlECggEBAMCt7jBU6YR9DC/2r5UJUu20hFfy4KqE0sXcXmKywnL6U9rPprfizqul\nbU6CIN6nfN4htMOuyaXIhKiNkdIDmlgQAtvoZKxL8LUOU0ShMv1qSiRZzdR1ditP\nvlmJx79sTsdgAMTI+UB8SqpNfgr1/qQnWE4dAFbxYdYo5OX8kS2Lju9SO3S3rwhj\nRCFBmseRgtjN5kU2MZCDh6AXrdbSYzntmFylA34k5pHaQjLfNLnDkzOcjHzLfI14\n8HgXKdnvx3VqrPOMl1Hpm+5SwLR77M+JE4h9lhNYzt3gbi3diABfd4uzRCNK4Zp8\n7eklYPDzTRCrILlUCMIl2KJeIl04pHY=\n-----END PRIVATE KEY-----\n",
            "public_key_fingerprint_md5": "0b:f3:cd:31:6d:27:7e:6d:96:40:02:8c:17:70:3e:2f",
            "public_key_fingerprint_sha256": "SHA256:ZHu/qJSoZmey1OCHWmd3r0TNB+CWifg2MdpOQAJSNmE",
            "public_key_openssh": "ssh-rsa AAAAB3NzaC1yc2EAAAADAQABAAACAQDNwITA5KzNeFYLFApfEytnYpw8RHfcd4/RLgveRpzbsHPPR2Lief9sws7q3cdlG+fVDvTkpYVeaI8fEvfsImqETYxmv4dmE7Sr7JXDxEJdtSS6dWH4GhGobsR3a9+zTKiiqEOedqhxjUrhU9yU92nyLRmxjuGVC9Om3Z7lX7HbxAuPWaf/hEY9bAWqZZpyggkMFt1eVarixWNJqhawWjgmfhGuv4pc1EkRpurW7+scBVd41deyioKrl9a8+AqOkdt3i7t2B02goktGI+XsjaTotVvHcnods/XbnhcuS092Pjk2WXPlTttTJzYJ1Tplr3CHX48z6i3ONg98PGYzB31DFVE0ziLrJeaPutLvydCg8y8XJajWEn4sZRe8YGdu6rmNvF+IPkrwN9q79pIeFhr6dtuZy944FxQxQXfTcFygAe7Dzyz8wecda+X0JGGn5mvd8UNyMB8QGnGHMUvf1L9JHLkVlaE3KShNPeGUStHXOHQ8ZRQCBGL1CR6pbu2+6BmUydXnfQrPPnLMOX9Stlkyn2p3cj5O3KqPUWepBZQ8sKhKO0sHmDfj8wDQP78HwQCBYdPzvSaV4Qns5oKEarfvdJveYOSgptVoy+REOOR1sx+3f2AU4cXZ7ICwd5pjjMQdW3vBcLMla4LDSUPyoqwRnN/NHCdaHIQ+jXJWXkcTNQ==\n",
            "public_key_pem": "-----BEGIN PUBLIC KEY-----\nMIICIjANBgkqhkiG9w0BAQEFAAOCAg8AMIICCgKCAgEAzcCEwOSszXhWCxQKXxMr\nZ2KcPER33HeP0S4L3kac27Bzz0di4nn/bMLO6t3HZRvn1Q705KWFXmiPHxL37CJq\nhE2MZr+HZhO0q+yVw8RCXbUkunVh+BoRqG7Ed2vfs0yooqhDnnaocY1K4VPclPdp\n8i0ZsY7hlQvTpt2e5V+x28QLj1mn/4RGPWwFqmWacoIJDBbdXlWq4sVjSaoWsFo4\nJn4Rrr+KXNRJEabq1u/rHAVXeNXXsoqCq5fWvPgKjpHbd4u7dgdNoKJLRiPl7I2k\n6LVbx3J6HbP1254XLktPdj45Nllz5U7bUyc2CdU6Za9wh1+PM+otzjYPfDxmMwd9\nQxVRNM4i6yXmj7rS78nQoPMvFyWo1hJ+LGUXvGBnbuq5jbxfiD5K8Dfau/aSHhYa\n+nbbmcveOBcUMUF303BcoAHuw88s/MHnHWvl9CRhp+Zr3fFDcjAfEBpxhzFL39S/\nSRy5FZWhNykoTT3hlErR1zh0PGUUAgRi9QkeqW7tvugZlMnV530Kzz5yzDl/UrZZ\nMp9qd3I+Ttyqj1FnqQWUPLCoSjtLB5g34/MA0D+/B8EAgWHT870mleEJ7OaChGq3\n73Sb3mDkoKbVaMvkRDjkdbMft39gFOHF2eyAsHeaY4zEHVt7wXCzJWuCw0lD8qKs\nEZzfzRwnWhyEPo1yVl5HEzUCAwEAAQ==\n-----END PUBLIC KEY-----\n",
            "rsa_bits": 4096
          },
          "sensitive_attributes": []
        }
      ]
    },
    {
      "module": "module.ansible",
      "mode": "managed",
      "type": "null_resource",
      "name": "copy-playbook-dir",
      "provider": "provider[\"registry.terraform.io/hashicorp/null\"]",
      "instances": [
        {
          "schema_version": 0,
          "attributes": {
            "id": "8523019633820099322",
            "triggers": null
          },
          "sensitive_attributes": [],
          "dependencies": [
            "data.aws_subnet.prisub01",
            "data.aws_subnet.prisub02",
            "data.aws_subnet.prisub03",
            "data.aws_subnet.pubsub01",
            "data.aws_vpc.vpc",
            "module.Sg-keypair.aws_key_pair.key",
            "module.Sg-keypair.aws_security_group.ansible-sg",
            "module.Sg-keypair.aws_security_group.bastion-sg",
            "module.Sg-keypair.aws_security_group.k8s-sg",
            "module.Sg-keypair.tls_private_key.key",
            "module.ansible.aws_instance.ansible",
            "module.bastion.aws_instance.bastion",
            "module.haproxy.aws_instance.haproxy1",
            "module.haproxy.aws_instance.haproxy2",
            "module.masternode.aws_instance.masternode",
            "module.workernode.aws_instance.workernode"
          ]
        }
      ]
    },
    {
      "module": "module.bastion",
      "mode": "managed",
      "type": "aws_instance",
      "name": "bastion",
      "provider": "provider[\"registry.terraform.io/hashicorp/aws\"]",
      "instances": [
        {
          "schema_version": 1,
          "attributes": {
            "ami": "ami-0694d931cee176e7d",
            "arn": "arn:aws:ec2:eu-west-1:522347323079:instance/i-02bbc9a4a43ccf972",
            "associate_public_ip_address": true,
            "availability_zone": "eu-west-1a",
            "capacity_reservation_specification": [
              {
                "capacity_reservation_preference": "open",
                "capacity_reservation_target": []
              }
            ],
            "cpu_core_count": 2,
            "cpu_options": [
              {
                "amd_sev_snp": "",
                "core_count": 2,
                "threads_per_core": 1
              }
            ],
            "cpu_threads_per_core": 1,
            "credit_specification": [
              {
                "cpu_credits": "standard"
              }
            ],
            "disable_api_stop": false,
            "disable_api_termination": false,
            "ebs_block_device": [],
            "ebs_optimized": false,
            "enclave_options": [
              {
                "enabled": false
              }
            ],
            "ephemeral_block_device": [],
            "get_password_data": false,
            "hibernation": false,
            "host_id": "",
            "host_resource_group_arn": null,
            "iam_instance_profile": "",
            "id": "i-02bbc9a4a43ccf972",
            "instance_initiated_shutdown_behavior": "stop",
            "instance_lifecycle": "",
            "instance_market_options": [],
            "instance_state": "running",
            "instance_type": "t2.medium",
            "ipv6_address_count": 0,
            "ipv6_addresses": [],
            "key_name": "keypair",
            "launch_template": [],
            "maintenance_options": [
              {
                "auto_recovery": "default"
              }
            ],
            "metadata_options": [
              {
                "http_endpoint": "enabled",
                "http_protocol_ipv6": "disabled",
                "http_put_response_hop_limit": 1,
                "http_tokens": "optional",
                "instance_metadata_tags": "disabled"
              }
            ],
            "monitoring": false,
            "network_interface": [],
            "outpost_arn": "",
            "password_data": "",
            "placement_group": "",
            "placement_partition_number": 0,
            "primary_network_interface_id": "eni-016bfd70bf1175d49",
            "private_dns": "ip-10-0-1-102.eu-west-1.compute.internal",
            "private_dns_name_options": [
              {
                "enable_resource_name_dns_a_record": false,
                "enable_resource_name_dns_aaaa_record": false,
                "hostname_type": "ip-name"
              }
            ],
            "private_ip": "10.0.1.102",
            "public_dns": "",
            "public_ip": "34.249.162.76",
            "root_block_device": [
              {
                "delete_on_termination": true,
                "device_name": "/dev/sda1",
                "encrypted": false,
                "iops": 100,
                "kms_key_id": "",
                "tags": {},
                "throughput": 0,
                "volume_id": "vol-09551d996ebe53c82",
                "volume_size": 8,
                "volume_type": "gp2"
              }
            ],
            "secondary_private_ips": [],
            "security_groups": [],
            "source_dest_check": true,
            "spot_instance_request_id": "",
            "subnet_id": "subnet-0d6e02aba92b245f8",
            "tags": {
              "Name": "bastion"
            },
            "tags_all": {
              "Name": "bastion"
            },
            "tenancy": "default",
            "timeouts": null,
            "user_data": "dcf41dd08db088cbd0f2a360d5640b245bf324fd",
            "user_data_base64": null,
            "user_data_replace_on_change": false,
            "volume_tags": null,
            "vpc_security_group_ids": [
              "sg-0996a00c8ca9ff7f9"
            ]
          },
          "sensitive_attributes": [
            [
              {
                "type": "get_attr",
                "value": "user_data"
              }
            ]
          ],
          "private": "eyJlMmJmYjczMC1lY2FhLTExZTYtOGY4OC0zNDM2M2JjN2M0YzAiOnsiY3JlYXRlIjo2MDAwMDAwMDAwMDAsImRlbGV0ZSI6MTIwMDAwMDAwMDAwMCwidXBkYXRlIjo2MDAwMDAwMDAwMDB9LCJzY2hlbWFfdmVyc2lvbiI6IjEifQ==",
          "dependencies": [
            "data.aws_subnet.pubsub01",
            "data.aws_vpc.vpc",
            "module.Sg-keypair.aws_key_pair.key",
            "module.Sg-keypair.aws_security_group.bastion-sg",
            "module.Sg-keypair.tls_private_key.key"
          ]
        }
      ]
    },
    {
      "module": "module.env-lb",
      "mode": "managed",
      "type": "aws_lb",
      "name": "prod-lb",
      "provider": "provider[\"registry.terraform.io/hashicorp/aws\"]",
      "instances": [
        {
          "schema_version": 0,
          "attributes": {
            "access_logs": [
              {
                "bucket": "",
                "enabled": false,
                "prefix": ""
              }
            ],
            "arn": "arn:aws:elasticloadbalancing:eu-west-1:522347323079:loadbalancer/app/prod-lb-sock/2ebf65ad28d51157",
            "arn_suffix": "app/prod-lb-sock/2ebf65ad28d51157",
            "connection_logs": [
              {
                "bucket": "",
                "enabled": false,
                "prefix": ""
              }
            ],
            "customer_owned_ipv4_pool": "",
            "desync_mitigation_mode": "defensive",
            "dns_name": "prod-lb-sock-1046371395.eu-west-1.elb.amazonaws.com",
            "dns_record_client_routing_policy": null,
            "drop_invalid_header_fields": false,
            "enable_cross_zone_load_balancing": true,
            "enable_deletion_protection": false,
            "enable_http2": true,
            "enable_tls_version_and_cipher_suite_headers": false,
            "enable_waf_fail_open": false,
            "enable_xff_client_port": false,
            "enforce_security_group_inbound_rules_on_private_link_traffic": "",
            "id": "arn:aws:elasticloadbalancing:eu-west-1:522347323079:loadbalancer/app/prod-lb-sock/2ebf65ad28d51157",
            "idle_timeout": 60,
            "internal": false,
            "ip_address_type": "ipv4",
            "load_balancer_type": "application",
            "name": "prod-lb-sock",
            "name_prefix": "",
            "preserve_host_header": false,
            "security_groups": [
              "sg-08241ae34b729e264"
            ],
            "subnet_mapping": [
              {
                "allocation_id": "",
                "ipv6_address": "",
                "outpost_id": "",
                "private_ipv4_address": "",
                "subnet_id": "subnet-004fd519b1e7cff8c"
              },
              {
                "allocation_id": "",
                "ipv6_address": "",
                "outpost_id": "",
                "private_ipv4_address": "",
                "subnet_id": "subnet-04249cd480a9666f0"
              },
              {
                "allocation_id": "",
                "ipv6_address": "",
                "outpost_id": "",
                "private_ipv4_address": "",
                "subnet_id": "subnet-0b18ade2a8f81d3e3"
              }
            ],
            "subnets": [
              "subnet-004fd519b1e7cff8c",
              "subnet-04249cd480a9666f0",
              "subnet-0b18ade2a8f81d3e3"
            ],
            "tags": {
              "Name": "prod-lb-sock"
            },
            "tags_all": {
              "Name": "prod-lb-sock"
            },
            "timeouts": null,
            "vpc_id": "vpc-01d816c61747e1670",
            "xff_header_processing_mode": "append",
            "zone_id": "Z32O12XQLNTSW2"
          },
          "sensitive_attributes": [],
          "private": "eyJlMmJmYjczMC1lY2FhLTExZTYtOGY4OC0zNDM2M2JjN2M0YzAiOnsiY3JlYXRlIjo2MDAwMDAwMDAwMDAsImRlbGV0ZSI6NjAwMDAwMDAwMDAwLCJ1cGRhdGUiOjYwMDAwMDAwMDAwMH19",
          "dependencies": [
            "data.aws_subnet.pubsub01",
            "data.aws_subnet.pubsub02",
            "data.aws_subnet.pubsub03",
            "data.aws_vpc.vpc",
            "module.Sg-keypair.aws_security_group.k8s-sg"
          ]
        }
      ]
    },
    {
      "module": "module.env-lb",
      "mode": "managed",
      "type": "aws_lb",
      "name": "stage-lb",
      "provider": "provider[\"registry.terraform.io/hashicorp/aws\"]",
      "instances": [
        {
          "schema_version": 0,
          "attributes": {
            "access_logs": [
              {
                "bucket": "",
                "enabled": false,
                "prefix": ""
              }
            ],
            "arn": "arn:aws:elasticloadbalancing:eu-west-1:522347323079:loadbalancer/app/stage-lb-sock/8cfd84e3e9e4e81c",
            "arn_suffix": "app/stage-lb-sock/8cfd84e3e9e4e81c",
            "connection_logs": [
              {
                "bucket": "",
                "enabled": false,
                "prefix": ""
              }
            ],
            "customer_owned_ipv4_pool": "",
            "desync_mitigation_mode": "defensive",
            "dns_name": "stage-lb-sock-439410262.eu-west-1.elb.amazonaws.com",
            "dns_record_client_routing_policy": null,
            "drop_invalid_header_fields": false,
            "enable_cross_zone_load_balancing": true,
            "enable_deletion_protection": false,
            "enable_http2": true,
            "enable_tls_version_and_cipher_suite_headers": false,
            "enable_waf_fail_open": false,
            "enable_xff_client_port": false,
            "enforce_security_group_inbound_rules_on_private_link_traffic": "",
            "id": "arn:aws:elasticloadbalancing:eu-west-1:522347323079:loadbalancer/app/stage-lb-sock/8cfd84e3e9e4e81c",
            "idle_timeout": 60,
            "internal": false,
            "ip_address_type": "ipv4",
            "load_balancer_type": "application",
            "name": "stage-lb-sock",
            "name_prefix": "",
            "preserve_host_header": false,
            "security_groups": [
              "sg-08241ae34b729e264"
            ],
            "subnet_mapping": [
              {
                "allocation_id": "",
                "ipv6_address": "",
                "outpost_id": "",
                "private_ipv4_address": "",
                "subnet_id": "subnet-004fd519b1e7cff8c"
              },
              {
                "allocation_id": "",
                "ipv6_address": "",
                "outpost_id": "",
                "private_ipv4_address": "",
                "subnet_id": "subnet-04249cd480a9666f0"
              },
              {
                "allocation_id": "",
                "ipv6_address": "",
                "outpost_id": "",
                "private_ipv4_address": "",
                "subnet_id": "subnet-0b18ade2a8f81d3e3"
              }
            ],
            "subnets": [
              "subnet-004fd519b1e7cff8c",
              "subnet-04249cd480a9666f0",
              "subnet-0b18ade2a8f81d3e3"
            ],
            "tags": {
              "Name": "stage-lb-sock"
            },
            "tags_all": {
              "Name": "stage-lb-sock"
            },
            "timeouts": null,
            "vpc_id": "vpc-01d816c61747e1670",
            "xff_header_processing_mode": "append",
            "zone_id": "Z32O12XQLNTSW2"
          },
          "sensitive_attributes": [],
          "private": "eyJlMmJmYjczMC1lY2FhLTExZTYtOGY4OC0zNDM2M2JjN2M0YzAiOnsiY3JlYXRlIjo2MDAwMDAwMDAwMDAsImRlbGV0ZSI6NjAwMDAwMDAwMDAwLCJ1cGRhdGUiOjYwMDAwMDAwMDAwMH19",
          "dependencies": [
            "data.aws_subnet.pubsub01",
            "data.aws_subnet.pubsub02",
            "data.aws_subnet.pubsub03",
            "data.aws_vpc.vpc",
            "module.Sg-keypair.aws_security_group.k8s-sg"
          ]
        }
      ]
    },
    {
      "module": "module.env-lb",
      "mode": "managed",
      "type": "aws_lb_listener",
      "name": "prod-list",
      "provider": "provider[\"registry.terraform.io/hashicorp/aws\"]",
      "instances": [
        {
          "schema_version": 0,
          "attributes": {
            "alpn_policy": null,
            "arn": "arn:aws:elasticloadbalancing:eu-west-1:522347323079:listener/app/prod-lb-sock/2ebf65ad28d51157/e422a007565b0759",
            "certificate_arn": "arn:aws:acm:eu-west-1:522347323079:certificate/ca2a2d5e-f6f3-4d0a-b4fc-4c4ac579ab26",
            "default_action": [
              {
                "authenticate_cognito": [],
                "authenticate_oidc": [],
                "fixed_response": [],
                "forward": [],
                "order": 1,
                "redirect": [],
                "target_group_arn": "arn:aws:elasticloadbalancing:eu-west-1:522347323079:targetgroup/prod-lb-sock-tg/d9a3f4913d88508d",
                "type": "forward"
              }
            ],
            "id": "arn:aws:elasticloadbalancing:eu-west-1:522347323079:listener/app/prod-lb-sock/2ebf65ad28d51157/e422a007565b0759",
            "load_balancer_arn": "arn:aws:elasticloadbalancing:eu-west-1:522347323079:loadbalancer/app/prod-lb-sock/2ebf65ad28d51157",
            "mutual_authentication": [
              {
                "ignore_client_certificate_expiry": false,
                "mode": "off",
                "trust_store_arn": ""
              }
            ],
            "port": 443,
            "protocol": "HTTPS",
            "ssl_policy": "ELBSecurityPolicy-2016-08",
            "tags": {},
            "tags_all": {},
            "timeouts": null
          },
          "sensitive_attributes": [],
          "private": "eyJlMmJmYjczMC1lY2FhLTExZTYtOGY4OC0zNDM2M2JjN2M0YzAiOnsiY3JlYXRlIjozMDAwMDAwMDAwMDAsInVwZGF0ZSI6MzAwMDAwMDAwMDAwfX0=",
          "dependencies": [
            "data.aws_subnet.pubsub01",
            "data.aws_subnet.pubsub02",
            "data.aws_subnet.pubsub03",
            "data.aws_vpc.vpc",
            "module.Sg-keypair.aws_security_group.k8s-sg",
            "module.env-lb.aws_lb.prod-lb",
            "module.env-lb.aws_lb_target_group.prod-tg",
            "module.route53.aws_acm_certificate.cert-ssl"
          ]
        }
      ]
    },
    {
      "module": "module.env-lb",
      "mode": "managed",
      "type": "aws_lb_listener",
      "name": "stage-list",
      "provider": "provider[\"registry.terraform.io/hashicorp/aws\"]",
      "instances": [
        {
          "schema_version": 0,
          "attributes": {
            "alpn_policy": null,
            "arn": "arn:aws:elasticloadbalancing:eu-west-1:522347323079:listener/app/stage-lb-sock/8cfd84e3e9e4e81c/28cf4ff41f6a47c4",
            "certificate_arn": "arn:aws:acm:eu-west-1:522347323079:certificate/ca2a2d5e-f6f3-4d0a-b4fc-4c4ac579ab26",
            "default_action": [
              {
                "authenticate_cognito": [],
                "authenticate_oidc": [],
                "fixed_response": [],
                "forward": [],
                "order": 1,
                "redirect": [],
                "target_group_arn": "arn:aws:elasticloadbalancing:eu-west-1:522347323079:targetgroup/stage-lb-sock-tg/31b1750f552462e4",
                "type": "forward"
              }
            ],
            "id": "arn:aws:elasticloadbalancing:eu-west-1:522347323079:listener/app/stage-lb-sock/8cfd84e3e9e4e81c/28cf4ff41f6a47c4",
            "load_balancer_arn": "arn:aws:elasticloadbalancing:eu-west-1:522347323079:loadbalancer/app/stage-lb-sock/8cfd84e3e9e4e81c",
            "mutual_authentication": [
              {
                "ignore_client_certificate_expiry": false,
                "mode": "off",
                "trust_store_arn": ""
              }
            ],
            "port": 443,
            "protocol": "HTTPS",
            "ssl_policy": "ELBSecurityPolicy-2016-08",
            "tags": {},
            "tags_all": {},
            "timeouts": null
          },
          "sensitive_attributes": [],
          "private": "eyJlMmJmYjczMC1lY2FhLTExZTYtOGY4OC0zNDM2M2JjN2M0YzAiOnsiY3JlYXRlIjozMDAwMDAwMDAwMDAsInVwZGF0ZSI6MzAwMDAwMDAwMDAwfX0=",
          "dependencies": [
            "data.aws_subnet.pubsub01",
            "data.aws_subnet.pubsub02",
            "data.aws_subnet.pubsub03",
            "data.aws_vpc.vpc",
            "module.Sg-keypair.aws_security_group.k8s-sg",
            "module.env-lb.aws_lb.stage-lb",
            "module.env-lb.aws_lb_target_group.stage-tg",
            "module.route53.aws_acm_certificate.cert-ssl"
          ]
        }
      ]
    },
    {
      "module": "module.env-lb",
      "mode": "managed",
      "type": "aws_lb_target_group",
      "name": "prod-tg",
      "provider": "provider[\"registry.terraform.io/hashicorp/aws\"]",
      "instances": [
        {
          "schema_version": 0,
          "attributes": {
            "arn": "arn:aws:elasticloadbalancing:eu-west-1:522347323079:targetgroup/prod-lb-sock-tg/d9a3f4913d88508d",
            "arn_suffix": "targetgroup/prod-lb-sock-tg/d9a3f4913d88508d",
            "connection_termination": null,
            "deregistration_delay": "300",
            "health_check": [
              {
                "enabled": true,
                "healthy_threshold": 3,
                "interval": 30,
                "matcher": "200",
                "path": "/",
                "port": "traffic-port",
                "protocol": "HTTP",
                "timeout": 5,
                "unhealthy_threshold": 5
              }
            ],
            "id": "arn:aws:elasticloadbalancing:eu-west-1:522347323079:targetgroup/prod-lb-sock-tg/d9a3f4913d88508d",
            "ip_address_type": "ipv4",
            "lambda_multi_value_headers_enabled": false,
            "load_balancing_algorithm_type": "round_robin",
            "load_balancing_cross_zone_enabled": "use_load_balancer_configuration",
            "name": "prod-lb-sock-tg",
            "name_prefix": "",
            "port": 30002,
            "preserve_client_ip": null,
            "protocol": "HTTP",
            "protocol_version": "HTTP1",
            "proxy_protocol_v2": false,
            "slow_start": 0,
            "stickiness": [
              {
                "cookie_duration": 86400,
                "cookie_name": "",
                "enabled": false,
                "type": "lb_cookie"
              }
            ],
            "tags": {},
            "tags_all": {},
            "target_failover": [
              {
                "on_deregistration": null,
                "on_unhealthy": null
              }
            ],
            "target_health_state": [
              {
                "enable_unhealthy_connection_termination": null
              }
            ],
            "target_type": "instance",
            "vpc_id": "vpc-01d816c61747e1670"
          },
          "sensitive_attributes": [],
          "private": "bnVsbA==",
          "dependencies": [
            "data.aws_vpc.vpc"
          ]
        }
      ]
    },
    {
      "module": "module.env-lb",
      "mode": "managed",
      "type": "aws_lb_target_group",
      "name": "stage-tg",
      "provider": "provider[\"registry.terraform.io/hashicorp/aws\"]",
      "instances": [
        {
          "schema_version": 0,
          "attributes": {
            "arn": "arn:aws:elasticloadbalancing:eu-west-1:522347323079:targetgroup/stage-lb-sock-tg/31b1750f552462e4",
            "arn_suffix": "targetgroup/stage-lb-sock-tg/31b1750f552462e4",
            "connection_termination": null,
            "deregistration_delay": "300",
            "health_check": [
              {
                "enabled": true,
                "healthy_threshold": 3,
                "interval": 30,
                "matcher": "200",
                "path": "/",
                "port": "traffic-port",
                "protocol": "HTTP",
                "timeout": 5,
                "unhealthy_threshold": 5
              }
            ],
            "id": "arn:aws:elasticloadbalancing:eu-west-1:522347323079:targetgroup/stage-lb-sock-tg/31b1750f552462e4",
            "ip_address_type": "ipv4",
            "lambda_multi_value_headers_enabled": false,
            "load_balancing_algorithm_type": "round_robin",
            "load_balancing_cross_zone_enabled": "use_load_balancer_configuration",
            "name": "stage-lb-sock-tg",
            "name_prefix": "",
            "port": 30001,
            "preserve_client_ip": null,
            "protocol": "HTTP",
            "protocol_version": "HTTP1",
            "proxy_protocol_v2": false,
            "slow_start": 0,
            "stickiness": [
              {
                "cookie_duration": 86400,
                "cookie_name": "",
                "enabled": false,
                "type": "lb_cookie"
              }
            ],
            "tags": {},
            "tags_all": {},
            "target_failover": [
              {
                "on_deregistration": null,
                "on_unhealthy": null
              }
            ],
            "target_health_state": [
              {
                "enable_unhealthy_connection_termination": null
              }
            ],
            "target_type": "instance",
            "vpc_id": "vpc-01d816c61747e1670"
          },
          "sensitive_attributes": [],
          "private": "bnVsbA==",
          "dependencies": [
            "data.aws_vpc.vpc"
          ]
        }
      ]
    },
    {
      "module": "module.monitoring-lb",
      "mode": "managed",
      "type": "aws_lb",
      "name": "graf-lb",
      "provider": "provider[\"registry.terraform.io/hashicorp/aws\"]",
      "instances": [
        {
          "schema_version": 0,
          "attributes": {
            "access_logs": [
              {
                "bucket": "",
                "enabled": false,
                "prefix": ""
              }
            ],
            "arn": "arn:aws:elasticloadbalancing:eu-west-1:522347323079:loadbalancer/app/graf-lb-sock/ec65b471f2bfee28",
            "arn_suffix": "app/graf-lb-sock/ec65b471f2bfee28",
            "connection_logs": [
              {
                "bucket": "",
                "enabled": false,
                "prefix": ""
              }
            ],
            "customer_owned_ipv4_pool": "",
            "desync_mitigation_mode": "defensive",
            "dns_name": "graf-lb-sock-487734300.eu-west-1.elb.amazonaws.com",
            "dns_record_client_routing_policy": null,
            "drop_invalid_header_fields": false,
            "enable_cross_zone_load_balancing": true,
            "enable_deletion_protection": false,
            "enable_http2": true,
            "enable_tls_version_and_cipher_suite_headers": false,
            "enable_waf_fail_open": false,
            "enable_xff_client_port": false,
            "enforce_security_group_inbound_rules_on_private_link_traffic": "",
            "id": "arn:aws:elasticloadbalancing:eu-west-1:522347323079:loadbalancer/app/graf-lb-sock/ec65b471f2bfee28",
            "idle_timeout": 60,
            "internal": false,
            "ip_address_type": "ipv4",
            "load_balancer_type": "application",
            "name": "graf-lb-sock",
            "name_prefix": "",
            "preserve_host_header": false,
            "security_groups": [
              "sg-08241ae34b729e264"
            ],
            "subnet_mapping": [
              {
                "allocation_id": "",
                "ipv6_address": "",
                "outpost_id": "",
                "private_ipv4_address": "",
                "subnet_id": "subnet-004fd519b1e7cff8c"
              },
              {
                "allocation_id": "",
                "ipv6_address": "",
                "outpost_id": "",
                "private_ipv4_address": "",
                "subnet_id": "subnet-04249cd480a9666f0"
              },
              {
                "allocation_id": "",
                "ipv6_address": "",
                "outpost_id": "",
                "private_ipv4_address": "",
                "subnet_id": "subnet-0b18ade2a8f81d3e3"
              }
            ],
            "subnets": [
              "subnet-004fd519b1e7cff8c",
              "subnet-04249cd480a9666f0",
              "subnet-0b18ade2a8f81d3e3"
            ],
            "tags": {
              "Name": "prod-lb-sock"
            },
            "tags_all": {
              "Name": "prod-lb-sock"
            },
            "timeouts": null,
            "vpc_id": "vpc-01d816c61747e1670",
            "xff_header_processing_mode": "append",
            "zone_id": "Z32O12XQLNTSW2"
          },
          "sensitive_attributes": [],
          "private": "eyJlMmJmYjczMC1lY2FhLTExZTYtOGY4OC0zNDM2M2JjN2M0YzAiOnsiY3JlYXRlIjo2MDAwMDAwMDAwMDAsImRlbGV0ZSI6NjAwMDAwMDAwMDAwLCJ1cGRhdGUiOjYwMDAwMDAwMDAwMH19",
          "dependencies": [
            "data.aws_subnet.pubsub01",
            "data.aws_subnet.pubsub02",
            "data.aws_subnet.pubsub03",
            "data.aws_vpc.vpc",
            "module.Sg-keypair.aws_security_group.k8s-sg"
          ]
        }
      ]
    },
    {
      "module": "module.monitoring-lb",
      "mode": "managed",
      "type": "aws_lb",
      "name": "prom-lb",
      "provider": "provider[\"registry.terraform.io/hashicorp/aws\"]",
      "instances": [
        {
          "schema_version": 0,
          "attributes": {
            "access_logs": [
              {
                "bucket": "",
                "enabled": false,
                "prefix": ""
              }
            ],
            "arn": "arn:aws:elasticloadbalancing:eu-west-1:522347323079:loadbalancer/app/prom-lb-sock/ff489674a0f82b5b",
            "arn_suffix": "app/prom-lb-sock/ff489674a0f82b5b",
            "connection_logs": [
              {
                "bucket": "",
                "enabled": false,
                "prefix": ""
              }
            ],
            "customer_owned_ipv4_pool": "",
            "desync_mitigation_mode": "defensive",
            "dns_name": "prom-lb-sock-196119701.eu-west-1.elb.amazonaws.com",
            "dns_record_client_routing_policy": null,
            "drop_invalid_header_fields": false,
            "enable_cross_zone_load_balancing": true,
            "enable_deletion_protection": false,
            "enable_http2": true,
            "enable_tls_version_and_cipher_suite_headers": false,
            "enable_waf_fail_open": false,
            "enable_xff_client_port": false,
            "enforce_security_group_inbound_rules_on_private_link_traffic": "",
            "id": "arn:aws:elasticloadbalancing:eu-west-1:522347323079:loadbalancer/app/prom-lb-sock/ff489674a0f82b5b",
            "idle_timeout": 60,
            "internal": false,
            "ip_address_type": "ipv4",
            "load_balancer_type": "application",
            "name": "prom-lb-sock",
            "name_prefix": "",
            "preserve_host_header": false,
            "security_groups": [
              "sg-08241ae34b729e264"
            ],
            "subnet_mapping": [
              {
                "allocation_id": "",
                "ipv6_address": "",
                "outpost_id": "",
                "private_ipv4_address": "",
                "subnet_id": "subnet-004fd519b1e7cff8c"
              },
              {
                "allocation_id": "",
                "ipv6_address": "",
                "outpost_id": "",
                "private_ipv4_address": "",
                "subnet_id": "subnet-04249cd480a9666f0"
              },
              {
                "allocation_id": "",
                "ipv6_address": "",
                "outpost_id": "",
                "private_ipv4_address": "",
                "subnet_id": "subnet-0b18ade2a8f81d3e3"
              }
            ],
            "subnets": [
              "subnet-004fd519b1e7cff8c",
              "subnet-04249cd480a9666f0",
              "subnet-0b18ade2a8f81d3e3"
            ],
            "tags": {
              "Name": "stage-lb-sock"
            },
            "tags_all": {
              "Name": "stage-lb-sock"
            },
            "timeouts": null,
            "vpc_id": "vpc-01d816c61747e1670",
            "xff_header_processing_mode": "append",
            "zone_id": "Z32O12XQLNTSW2"
          },
          "sensitive_attributes": [],
          "private": "eyJlMmJmYjczMC1lY2FhLTExZTYtOGY4OC0zNDM2M2JjN2M0YzAiOnsiY3JlYXRlIjo2MDAwMDAwMDAwMDAsImRlbGV0ZSI6NjAwMDAwMDAwMDAwLCJ1cGRhdGUiOjYwMDAwMDAwMDAwMH19",
          "dependencies": [
            "data.aws_subnet.pubsub01",
            "data.aws_subnet.pubsub02",
            "data.aws_subnet.pubsub03",
            "data.aws_vpc.vpc",
            "module.Sg-keypair.aws_security_group.k8s-sg"
          ]
        }
      ]
    },
    {
      "module": "module.monitoring-lb",
      "mode": "managed",
      "type": "aws_lb_listener",
      "name": "prod-list",
      "provider": "provider[\"registry.terraform.io/hashicorp/aws\"]",
      "instances": [
        {
          "schema_version": 0,
          "attributes": {
            "alpn_policy": null,
            "arn": "arn:aws:elasticloadbalancing:eu-west-1:522347323079:listener/app/graf-lb-sock/ec65b471f2bfee28/5c2a62fc9ce333e4",
            "certificate_arn": "arn:aws:acm:eu-west-1:522347323079:certificate/ca2a2d5e-f6f3-4d0a-b4fc-4c4ac579ab26",
            "default_action": [
              {
                "authenticate_cognito": [],
                "authenticate_oidc": [],
                "fixed_response": [],
                "forward": [],
                "order": 1,
                "redirect": [],
                "target_group_arn": "arn:aws:elasticloadbalancing:eu-west-1:522347323079:targetgroup/graf-lb-sock-tg/444dca0299e38e0a",
                "type": "forward"
              }
            ],
            "id": "arn:aws:elasticloadbalancing:eu-west-1:522347323079:listener/app/graf-lb-sock/ec65b471f2bfee28/5c2a62fc9ce333e4",
            "load_balancer_arn": "arn:aws:elasticloadbalancing:eu-west-1:522347323079:loadbalancer/app/graf-lb-sock/ec65b471f2bfee28",
            "mutual_authentication": [
              {
                "ignore_client_certificate_expiry": false,
                "mode": "off",
                "trust_store_arn": ""
              }
            ],
            "port": 443,
            "protocol": "HTTPS",
            "ssl_policy": "ELBSecurityPolicy-2016-08",
            "tags": {},
            "tags_all": {},
            "timeouts": null
          },
          "sensitive_attributes": [],
          "private": "eyJlMmJmYjczMC1lY2FhLTExZTYtOGY4OC0zNDM2M2JjN2M0YzAiOnsiY3JlYXRlIjozMDAwMDAwMDAwMDAsInVwZGF0ZSI6MzAwMDAwMDAwMDAwfX0=",
          "dependencies": [
            "data.aws_subnet.pubsub01",
            "data.aws_subnet.pubsub02",
            "data.aws_subnet.pubsub03",
            "data.aws_vpc.vpc",
            "module.Sg-keypair.aws_security_group.k8s-sg",
            "module.monitoring-lb.aws_lb.graf-lb",
            "module.monitoring-lb.aws_lb_target_group.graf-tg",
            "module.route53.aws_acm_certificate.cert-ssl"
          ]
        }
      ]
    },
    {
      "module": "module.monitoring-lb",
      "mode": "managed",
      "type": "aws_lb_listener",
      "name": "prom-list",
      "provider": "provider[\"registry.terraform.io/hashicorp/aws\"]",
      "instances": [
        {
          "schema_version": 0,
          "attributes": {
            "alpn_policy": null,
            "arn": "arn:aws:elasticloadbalancing:eu-west-1:522347323079:listener/app/prom-lb-sock/ff489674a0f82b5b/7faea9d8bb95c6a1",
            "certificate_arn": "arn:aws:acm:eu-west-1:522347323079:certificate/ca2a2d5e-f6f3-4d0a-b4fc-4c4ac579ab26",
            "default_action": [
              {
                "authenticate_cognito": [],
                "authenticate_oidc": [],
                "fixed_response": [],
                "forward": [],
                "order": 1,
                "redirect": [],
                "target_group_arn": "arn:aws:elasticloadbalancing:eu-west-1:522347323079:targetgroup/prom-lb-sock-tg/c54b0690cdfb0203",
                "type": "forward"
              }
            ],
            "id": "arn:aws:elasticloadbalancing:eu-west-1:522347323079:listener/app/prom-lb-sock/ff489674a0f82b5b/7faea9d8bb95c6a1",
            "load_balancer_arn": "arn:aws:elasticloadbalancing:eu-west-1:522347323079:loadbalancer/app/prom-lb-sock/ff489674a0f82b5b",
            "mutual_authentication": [
              {
                "ignore_client_certificate_expiry": false,
                "mode": "off",
                "trust_store_arn": ""
              }
            ],
            "port": 443,
            "protocol": "HTTPS",
            "ssl_policy": "ELBSecurityPolicy-2016-08",
            "tags": {},
            "tags_all": {},
            "timeouts": null
          },
          "sensitive_attributes": [],
          "private": "eyJlMmJmYjczMC1lY2FhLTExZTYtOGY4OC0zNDM2M2JjN2M0YzAiOnsiY3JlYXRlIjozMDAwMDAwMDAwMDAsInVwZGF0ZSI6MzAwMDAwMDAwMDAwfX0=",
          "dependencies": [
            "data.aws_subnet.pubsub01",
            "data.aws_subnet.pubsub02",
            "data.aws_subnet.pubsub03",
            "data.aws_vpc.vpc",
            "module.Sg-keypair.aws_security_group.k8s-sg",
            "module.monitoring-lb.aws_lb.prom-lb",
            "module.monitoring-lb.aws_lb_target_group.prom-tg",
            "module.route53.aws_acm_certificate.cert-ssl"
          ]
        }
      ]
    },
    {
      "module": "module.monitoring-lb",
      "mode": "managed",
      "type": "aws_lb_target_group",
      "name": "graf-tg",
      "provider": "provider[\"registry.terraform.io/hashicorp/aws\"]",
      "instances": [
        {
          "schema_version": 0,
          "attributes": {
            "arn": "arn:aws:elasticloadbalancing:eu-west-1:522347323079:targetgroup/graf-lb-sock-tg/444dca0299e38e0a",
            "arn_suffix": "targetgroup/graf-lb-sock-tg/444dca0299e38e0a",
            "connection_termination": null,
            "deregistration_delay": "300",
            "health_check": [
              {
                "enabled": true,
                "healthy_threshold": 3,
                "interval": 30,
                "matcher": "200",
                "path": "/",
                "port": "traffic-port",
                "protocol": "HTTP",
                "timeout": 5,
                "unhealthy_threshold": 5
              }
            ],
            "id": "arn:aws:elasticloadbalancing:eu-west-1:522347323079:targetgroup/graf-lb-sock-tg/444dca0299e38e0a",
            "ip_address_type": "ipv4",
            "lambda_multi_value_headers_enabled": false,
            "load_balancing_algorithm_type": "round_robin",
            "load_balancing_cross_zone_enabled": "use_load_balancer_configuration",
            "name": "graf-lb-sock-tg",
            "name_prefix": "",
            "port": 31300,
            "preserve_client_ip": null,
            "protocol": "HTTP",
            "protocol_version": "HTTP1",
            "proxy_protocol_v2": false,
            "slow_start": 0,
            "stickiness": [
              {
                "cookie_duration": 86400,
                "cookie_name": "",
                "enabled": false,
                "type": "lb_cookie"
              }
            ],
            "tags": {},
            "tags_all": {},
            "target_failover": [
              {
                "on_deregistration": null,
                "on_unhealthy": null
              }
            ],
            "target_health_state": [
              {
                "enable_unhealthy_connection_termination": null
              }
            ],
            "target_type": "instance",
            "vpc_id": "vpc-01d816c61747e1670"
          },
          "sensitive_attributes": [],
          "private": "bnVsbA==",
          "dependencies": [
            "data.aws_vpc.vpc"
          ]
        }
      ]
    },
    {
      "module": "module.monitoring-lb",
      "mode": "managed",
      "type": "aws_lb_target_group",
      "name": "prom-tg",
      "provider": "provider[\"registry.terraform.io/hashicorp/aws\"]",
      "instances": [
        {
          "schema_version": 0,
          "attributes": {
            "arn": "arn:aws:elasticloadbalancing:eu-west-1:522347323079:targetgroup/prom-lb-sock-tg/c54b0690cdfb0203",
            "arn_suffix": "targetgroup/prom-lb-sock-tg/c54b0690cdfb0203",
            "connection_termination": null,
            "deregistration_delay": "300",
            "health_check": [
              {
                "enabled": true,
                "healthy_threshold": 3,
                "interval": 30,
                "matcher": "200",
                "path": "/",
                "port": "traffic-port",
                "protocol": "HTTP",
                "timeout": 5,
                "unhealthy_threshold": 5
              }
            ],
            "id": "arn:aws:elasticloadbalancing:eu-west-1:522347323079:targetgroup/prom-lb-sock-tg/c54b0690cdfb0203",
            "ip_address_type": "ipv4",
            "lambda_multi_value_headers_enabled": false,
            "load_balancing_algorithm_type": "round_robin",
            "load_balancing_cross_zone_enabled": "use_load_balancer_configuration",
            "name": "prom-lb-sock-tg",
            "name_prefix": "",
            "port": 31090,
            "preserve_client_ip": null,
            "protocol": "HTTP",
            "protocol_version": "HTTP1",
            "proxy_protocol_v2": false,
            "slow_start": 0,
            "stickiness": [
              {
                "cookie_duration": 86400,
                "cookie_name": "",
                "enabled": false,
                "type": "lb_cookie"
              }
            ],
            "tags": {},
            "tags_all": {},
            "target_failover": [
              {
                "on_deregistration": null,
                "on_unhealthy": null
              }
            ],
            "target_health_state": [
              {
                "enable_unhealthy_connection_termination": null
              }
            ],
            "target_type": "instance",
            "vpc_id": "vpc-01d816c61747e1670"
          },
          "sensitive_attributes": [],
          "private": "bnVsbA==",
          "dependencies": [
            "data.aws_vpc.vpc"
          ]
        }
      ]
    },
    {
      "module": "module.route53",
      "mode": "data",
      "type": "aws_route53_zone",
      "name": "route53_zone",
      "provider": "provider[\"registry.terraform.io/hashicorp/aws\"]",
      "instances": [
        {
          "schema_version": 0,
          "attributes": {
            "arn": "arn:aws:route53:::hostedzone/Z10259255N2K31ZI8HLL",
            "caller_reference": "116015ff-9c21-415f-9bd4-138c5b087c6b",
            "comment": "my domain",
            "id": "Z10259255N2K31ZI8HLL",
            "linked_service_description": null,
            "linked_service_principal": null,
            "name": "pra.gen.in",
            "name_servers": [
              "ns-495.awsdns-61.com",
              "ns-1521.awsdns-62.org",
              "ns-1947.awsdns-51.co.uk",
              "ns-992.awsdns-60.net"
            ],
            "primary_name_server": "ns-495.awsdns-61.com",
            "private_zone": false,
            "resource_record_set_count": 7,
            "tags": {},
            "vpc_id": null,
            "zone_id": "Z10259255N2K31ZI8HLL"
          },
          "sensitive_attributes": []
        }
      ]
    },
    {
      "module": "module.route53",
      "mode": "managed",
      "type": "aws_acm_certificate",
      "name": "cert-ssl",
      "provider": "provider[\"registry.terraform.io/hashicorp/aws\"]",
      "instances": [
        {
          "schema_version": 0,
          "attributes": {
            "arn": "arn:aws:acm:eu-west-1:522347323079:certificate/ca2a2d5e-f6f3-4d0a-b4fc-4c4ac579ab26",
            "certificate_authority_arn": "",
            "certificate_body": null,
            "certificate_chain": null,
            "domain_name": "pra.gen.in",
            "domain_validation_options": [
              {
                "domain_name": "*.pra.gen.in",
                "resource_record_name": "_39627e2280421a2b17f42d0fb8cd68bd.pra.gen.in.",
                "resource_record_type": "CNAME",
                "resource_record_value": "_f3c85cb8e91258d8619e8c334008e725.mhbtsbpdnt.acm-validations.aws."
              },
              {
                "domain_name": "pra.gen.in",
                "resource_record_name": "_39627e2280421a2b17f42d0fb8cd68bd.pra.gen.in.",
                "resource_record_type": "CNAME",
                "resource_record_value": "_f3c85cb8e91258d8619e8c334008e725.mhbtsbpdnt.acm-validations.aws."
              }
            ],
            "early_renewal_duration": "",
            "id": "arn:aws:acm:eu-west-1:522347323079:certificate/ca2a2d5e-f6f3-4d0a-b4fc-4c4ac579ab26",
            "key_algorithm": "RSA_2048",
            "not_after": "2025-01-29T23:59:59Z",
            "not_before": "2024-01-01T00:00:00Z",
            "options": [
              {
                "certificate_transparency_logging_preference": "ENABLED"
              }
            ],
            "pending_renewal": false,
            "private_key": null,
            "renewal_eligibility": "ELIGIBLE",
            "renewal_summary": [],
            "status": "ISSUED",
            "subject_alternative_names": [
              "*.pra.gen.in",
              "pra.gen.in"
            ],
            "tags": {},
            "tags_all": {},
            "type": "AMAZON_ISSUED",
            "validation_emails": [],
            "validation_method": "DNS",
            "validation_option": []
          },
          "sensitive_attributes": [],
          "private": "bnVsbA=="
        }
      ]
    },
    {
      "module": "module.route53",
      "mode": "managed",
      "type": "aws_acm_certificate_validation",
      "name": "ssl-validation",
      "provider": "provider[\"registry.terraform.io/hashicorp/aws\"]",
      "instances": [
        {
          "schema_version": 0,
          "attributes": {
            "certificate_arn": "arn:aws:acm:eu-west-1:522347323079:certificate/ca2a2d5e-f6f3-4d0a-b4fc-4c4ac579ab26",
            "id": "2024-01-01 15:32:12.456 +0000 UTC",
            "timeouts": null,
            "validation_record_fqdns": [
              "_39627e2280421a2b17f42d0fb8cd68bd.pra.gen.in"
            ]
          },
          "sensitive_attributes": [],
          "private": "eyJlMmJmYjczMC1lY2FhLTExZTYtOGY4OC0zNDM2M2JjN2M0YzAiOnsiY3JlYXRlIjo0NTAwMDAwMDAwMDAwfX0=",
          "dependencies": [
            "module.route53.aws_acm_certificate.cert-ssl",
            "module.route53.aws_route53_record.record",
            "module.route53.data.aws_route53_zone.route53_zone"
          ]
        }
      ]
    },
    {
      "module": "module.route53",
      "mode": "managed",
      "type": "aws_route53_record",
      "name": "graf",
      "provider": "provider[\"registry.terraform.io/hashicorp/aws\"]",
      "instances": [
        {
          "schema_version": 2,
          "attributes": {
            "alias": [
              {
                "evaluate_target_health": false,
                "name": "graf-lb-sock-487734300.eu-west-1.elb.amazonaws.com",
                "zone_id": "Z32O12XQLNTSW2"
              }
            ],
            "allow_overwrite": null,
            "cidr_routing_policy": [],
            "failover_routing_policy": [],
            "fqdn": "graf.pra.gen.in",
            "geolocation_routing_policy": [],
            "health_check_id": "",
            "id": "Z10259255N2K31ZI8HLL_graf.pra.gen.in_A",
            "latency_routing_policy": [],
            "multivalue_answer_routing_policy": false,
            "name": "graf.pra.gen.in",
            "records": [],
            "set_identifier": "",
            "ttl": 0,
            "type": "A",
            "weighted_routing_policy": [],
            "zone_id": "Z10259255N2K31ZI8HLL"
          },
          "sensitive_attributes": [],
          "private": "eyJzY2hlbWFfdmVyc2lvbiI6IjIifQ==",
          "dependencies": [
            "data.aws_subnet.pubsub01",
            "data.aws_subnet.pubsub02",
            "data.aws_subnet.pubsub03",
            "data.aws_vpc.vpc",
            "module.Sg-keypair.aws_security_group.k8s-sg",
            "module.monitoring-lb.aws_lb.graf-lb",
            "module.route53.data.aws_route53_zone.route53_zone"
          ]
        }
      ]
    },
    {
      "module": "module.route53",
      "mode": "managed",
      "type": "aws_route53_record",
      "name": "prod",
      "provider": "provider[\"registry.terraform.io/hashicorp/aws\"]",
      "instances": [
        {
          "schema_version": 2,
          "attributes": {
            "alias": [
              {
                "evaluate_target_health": false,
                "name": "prod-lb-sock-1046371395.eu-west-1.elb.amazonaws.com",
                "zone_id": "Z32O12XQLNTSW2"
              }
            ],
            "allow_overwrite": null,
            "cidr_routing_policy": [],
            "failover_routing_policy": [],
            "fqdn": "prod.pra.gen.in",
            "geolocation_routing_policy": [],
            "health_check_id": "",
            "id": "Z10259255N2K31ZI8HLL_prod.pra.gen.in_A",
            "latency_routing_policy": [],
            "multivalue_answer_routing_policy": false,
            "name": "prod.pra.gen.in",
            "records": [],
            "set_identifier": "",
            "ttl": 0,
            "type": "A",
            "weighted_routing_policy": [],
            "zone_id": "Z10259255N2K31ZI8HLL"
          },
          "sensitive_attributes": [],
          "private": "eyJzY2hlbWFfdmVyc2lvbiI6IjIifQ==",
          "dependencies": [
            "data.aws_subnet.pubsub01",
            "data.aws_subnet.pubsub02",
            "data.aws_subnet.pubsub03",
            "data.aws_vpc.vpc",
            "module.Sg-keypair.aws_security_group.k8s-sg",
            "module.env-lb.aws_lb.prod-lb",
            "module.route53.data.aws_route53_zone.route53_zone"
          ]
        }
      ]
    },
    {
      "module": "module.route53",
      "mode": "managed",
      "type": "aws_route53_record",
      "name": "prom",
      "provider": "provider[\"registry.terraform.io/hashicorp/aws\"]",
      "instances": [
        {
          "schema_version": 2,
          "attributes": {
            "alias": [
              {
                "evaluate_target_health": false,
                "name": "prom-lb-sock-196119701.eu-west-1.elb.amazonaws.com",
                "zone_id": "Z32O12XQLNTSW2"
              }
            ],
            "allow_overwrite": null,
            "cidr_routing_policy": [],
            "failover_routing_policy": [],
            "fqdn": "prom.pra.gen.in",
            "geolocation_routing_policy": [],
            "health_check_id": "",
            "id": "Z10259255N2K31ZI8HLL_prom.pra.gen.in_A",
            "latency_routing_policy": [],
            "multivalue_answer_routing_policy": false,
            "name": "prom.pra.gen.in",
            "records": [],
            "set_identifier": "",
            "ttl": 0,
            "type": "A",
            "weighted_routing_policy": [],
            "zone_id": "Z10259255N2K31ZI8HLL"
          },
          "sensitive_attributes": [],
          "private": "eyJzY2hlbWFfdmVyc2lvbiI6IjIifQ==",
          "dependencies": [
            "data.aws_subnet.pubsub01",
            "data.aws_subnet.pubsub02",
            "data.aws_subnet.pubsub03",
            "data.aws_vpc.vpc",
            "module.Sg-keypair.aws_security_group.k8s-sg",
            "module.monitoring-lb.aws_lb.prom-lb",
            "module.route53.data.aws_route53_zone.route53_zone"
          ]
        }
      ]
    },
    {
      "module": "module.route53",
      "mode": "managed",
      "type": "aws_route53_record",
      "name": "record",
      "provider": "provider[\"registry.terraform.io/hashicorp/aws\"]",
      "instances": [
        {
          "index_key": "*.pra.gen.in",
          "schema_version": 2,
          "attributes": {
            "alias": [],
            "allow_overwrite": true,
            "cidr_routing_policy": [],
            "failover_routing_policy": [],
            "fqdn": "_39627e2280421a2b17f42d0fb8cd68bd.pra.gen.in",
            "geolocation_routing_policy": [],
            "health_check_id": "",
            "id": "Z10259255N2K31ZI8HLL__39627e2280421a2b17f42d0fb8cd68bd.pra.gen.in._CNAME",
            "latency_routing_policy": [],
            "multivalue_answer_routing_policy": false,
            "name": "_39627e2280421a2b17f42d0fb8cd68bd.pra.gen.in",
            "records": [
              "_f3c85cb8e91258d8619e8c334008e725.mhbtsbpdnt.acm-validations.aws."
            ],
            "set_identifier": "",
            "ttl": 60,
            "type": "CNAME",
            "weighted_routing_policy": [],
            "zone_id": "Z10259255N2K31ZI8HLL"
          },
          "sensitive_attributes": [],
          "private": "eyJzY2hlbWFfdmVyc2lvbiI6IjIifQ==",
          "dependencies": [
            "module.route53.aws_acm_certificate.cert-ssl",
            "module.route53.data.aws_route53_zone.route53_zone"
          ]
        },
        {
          "index_key": "pra.gen.in",
          "schema_version": 2,
          "attributes": {
            "alias": [],
            "allow_overwrite": true,
            "cidr_routing_policy": [],
            "failover_routing_policy": [],
            "fqdn": "_39627e2280421a2b17f42d0fb8cd68bd.pra.gen.in",
            "geolocation_routing_policy": [],
            "health_check_id": "",
            "id": "Z10259255N2K31ZI8HLL__39627e2280421a2b17f42d0fb8cd68bd.pra.gen.in._CNAME",
            "latency_routing_policy": [],
            "multivalue_answer_routing_policy": false,
            "name": "_39627e2280421a2b17f42d0fb8cd68bd.pra.gen.in",
            "records": [
              "_f3c85cb8e91258d8619e8c334008e725.mhbtsbpdnt.acm-validations.aws."
            ],
            "set_identifier": "",
            "ttl": 60,
            "type": "CNAME",
            "weighted_routing_policy": [],
            "zone_id": "Z10259255N2K31ZI8HLL"
          },
          "sensitive_attributes": [],
          "private": "eyJzY2hlbWFfdmVyc2lvbiI6IjIifQ==",
          "dependencies": [
            "module.route53.aws_acm_certificate.cert-ssl",
            "module.route53.data.aws_route53_zone.route53_zone"
          ]
        }
      ]
    },
    {
      "module": "module.route53",
      "mode": "managed",
      "type": "aws_route53_record",
      "name": "stage",
      "provider": "provider[\"registry.terraform.io/hashicorp/aws\"]",
      "instances": [
        {
          "schema_version": 2,
          "attributes": {
            "alias": [
              {
                "evaluate_target_health": false,
                "name": "stage-lb-sock-439410262.eu-west-1.elb.amazonaws.com",
                "zone_id": "Z32O12XQLNTSW2"
              }
            ],
            "allow_overwrite": null,
            "cidr_routing_policy": [],
            "failover_routing_policy": [],
            "fqdn": "stage.pra.gen.in",
            "geolocation_routing_policy": [],
            "health_check_id": "",
            "id": "Z10259255N2K31ZI8HLL_stage.pra.gen.in_A",
            "latency_routing_policy": [],
            "multivalue_answer_routing_policy": false,
            "name": "stage.pra.gen.in",
            "records": [],
            "set_identifier": "",
            "ttl": 0,
            "type": "A",
            "weighted_routing_policy": [],
            "zone_id": "Z10259255N2K31ZI8HLL"
          },
          "sensitive_attributes": [],
          "private": "eyJzY2hlbWFfdmVyc2lvbiI6IjIifQ==",
          "dependencies": [
            "data.aws_subnet.pubsub01",
            "data.aws_subnet.pubsub02",
            "data.aws_subnet.pubsub03",
            "data.aws_vpc.vpc",
            "module.Sg-keypair.aws_security_group.k8s-sg",
            "module.env-lb.aws_lb.stage-lb",
            "module.route53.data.aws_route53_zone.route53_zone"
          ]
        }
      ]
    }
  ],
  "check_results": null
}
