{
  "version": 4,
  "terraform_version": "1.6.6",
  "serial": 1922,
  "lineage": "258626b1-e772-2987-3aa6-6de6bd1cd3bd",
  "outputs": {
    "bastion": {
      "value": "34.243.89.232",
      "type": "string"
    }
  },
  "resources": [
    {
      "mode": "data",
      "type": "aws_subnet",
      "name": "prisub01",
      "provider": "provider[\"registry.terraform.io/hashicorp/aws\"]",
      "instances": [
        {
          "schema_version": 0,
          "attributes": {
            "arn": "arn:aws:ec2:eu-west-1:522347323079:subnet/subnet-081d4fbe24fe14eb3",
            "assign_ipv6_address_on_creation": false,
            "availability_zone": "eu-west-1a",
            "availability_zone_id": "euw1-az3",
            "available_ip_address_count": 251,
            "cidr_block": "10.0.4.0/24",
            "customer_owned_ipv4_pool": "",
            "default_for_az": false,
            "enable_dns64": false,
            "enable_lni_at_device_index": 0,
            "enable_resource_name_dns_a_record_on_launch": false,
            "enable_resource_name_dns_aaaa_record_on_launch": false,
            "filter": null,
            "id": "subnet-081d4fbe24fe14eb3",
            "ipv6_cidr_block": "",
            "ipv6_cidr_block_association_id": "",
            "ipv6_native": false,
            "map_customer_owned_ip_on_launch": false,
            "map_public_ip_on_launch": false,
            "outpost_arn": "",
            "owner_id": "522347323079",
            "private_dns_hostname_type_on_launch": "ip-name",
            "state": "available",
            "tags": {
              "Name": "sock-shop-prisub01"
            },
            "timeouts": null,
            "vpc_id": "vpc-00ebefe8a3bd1852c"
          },
          "sensitive_attributes": []
        }
      ]
    },
    {
      "mode": "data",
      "type": "aws_subnet",
      "name": "prisub02",
      "provider": "provider[\"registry.terraform.io/hashicorp/aws\"]",
      "instances": [
        {
          "schema_version": 0,
          "attributes": {
            "arn": "arn:aws:ec2:eu-west-1:522347323079:subnet/subnet-0b52ce5807b25b7b6",
            "assign_ipv6_address_on_creation": false,
            "availability_zone": "eu-west-1b",
            "availability_zone_id": "euw1-az1",
            "available_ip_address_count": 251,
            "cidr_block": "10.0.5.0/24",
            "customer_owned_ipv4_pool": "",
            "default_for_az": false,
            "enable_dns64": false,
            "enable_lni_at_device_index": 0,
            "enable_resource_name_dns_a_record_on_launch": false,
            "enable_resource_name_dns_aaaa_record_on_launch": false,
            "filter": null,
            "id": "subnet-0b52ce5807b25b7b6",
            "ipv6_cidr_block": "",
            "ipv6_cidr_block_association_id": "",
            "ipv6_native": false,
            "map_customer_owned_ip_on_launch": false,
            "map_public_ip_on_launch": false,
            "outpost_arn": "",
            "owner_id": "522347323079",
            "private_dns_hostname_type_on_launch": "ip-name",
            "state": "available",
            "tags": {
              "Name": "sock-shop-prisub02"
            },
            "timeouts": null,
            "vpc_id": "vpc-00ebefe8a3bd1852c"
          },
          "sensitive_attributes": []
        }
      ]
    },
    {
      "mode": "data",
      "type": "aws_subnet",
      "name": "prisub03",
      "provider": "provider[\"registry.terraform.io/hashicorp/aws\"]",
      "instances": [
        {
          "schema_version": 0,
          "attributes": {
            "arn": "arn:aws:ec2:eu-west-1:522347323079:subnet/subnet-0615c53fa2d76195c",
            "assign_ipv6_address_on_creation": false,
            "availability_zone": "eu-west-1c",
            "availability_zone_id": "euw1-az2",
            "available_ip_address_count": 251,
            "cidr_block": "10.0.6.0/24",
            "customer_owned_ipv4_pool": "",
            "default_for_az": false,
            "enable_dns64": false,
            "enable_lni_at_device_index": 0,
            "enable_resource_name_dns_a_record_on_launch": false,
            "enable_resource_name_dns_aaaa_record_on_launch": false,
            "filter": null,
            "id": "subnet-0615c53fa2d76195c",
            "ipv6_cidr_block": "",
            "ipv6_cidr_block_association_id": "",
            "ipv6_native": false,
            "map_customer_owned_ip_on_launch": false,
            "map_public_ip_on_launch": false,
            "outpost_arn": "",
            "owner_id": "522347323079",
            "private_dns_hostname_type_on_launch": "ip-name",
            "state": "available",
            "tags": {
              "Name": "sock-shop-prisub03"
            },
            "timeouts": null,
            "vpc_id": "vpc-00ebefe8a3bd1852c"
          },
          "sensitive_attributes": []
        }
      ]
    },
    {
      "mode": "data",
      "type": "aws_subnet",
      "name": "pubsub01",
      "provider": "provider[\"registry.terraform.io/hashicorp/aws\"]",
      "instances": [
        {
          "schema_version": 0,
          "attributes": {
            "arn": "arn:aws:ec2:eu-west-1:522347323079:subnet/subnet-017633c13844dd8ad",
            "assign_ipv6_address_on_creation": false,
            "availability_zone": "eu-west-1a",
            "availability_zone_id": "euw1-az3",
            "available_ip_address_count": 249,
            "cidr_block": "10.0.1.0/24",
            "customer_owned_ipv4_pool": "",
            "default_for_az": false,
            "enable_dns64": false,
            "enable_lni_at_device_index": 0,
            "enable_resource_name_dns_a_record_on_launch": false,
            "enable_resource_name_dns_aaaa_record_on_launch": false,
            "filter": null,
            "id": "subnet-017633c13844dd8ad",
            "ipv6_cidr_block": "",
            "ipv6_cidr_block_association_id": "",
            "ipv6_native": false,
            "map_customer_owned_ip_on_launch": false,
            "map_public_ip_on_launch": false,
            "outpost_arn": "",
            "owner_id": "522347323079",
            "private_dns_hostname_type_on_launch": "ip-name",
            "state": "available",
            "tags": {
              "Name": "sock-shop-pubsub01"
            },
            "timeouts": null,
            "vpc_id": "vpc-00ebefe8a3bd1852c"
          },
          "sensitive_attributes": []
        }
      ]
    },
    {
      "mode": "data",
      "type": "aws_subnet",
      "name": "pubsub02",
      "provider": "provider[\"registry.terraform.io/hashicorp/aws\"]",
      "instances": [
        {
          "schema_version": 0,
          "attributes": {
            "arn": "arn:aws:ec2:eu-west-1:522347323079:subnet/subnet-05b16e1e921415ab4",
            "assign_ipv6_address_on_creation": false,
            "availability_zone": "eu-west-1b",
            "availability_zone_id": "euw1-az1",
            "available_ip_address_count": 251,
            "cidr_block": "10.0.2.0/24",
            "customer_owned_ipv4_pool": "",
            "default_for_az": false,
            "enable_dns64": false,
            "enable_lni_at_device_index": 0,
            "enable_resource_name_dns_a_record_on_launch": false,
            "enable_resource_name_dns_aaaa_record_on_launch": false,
            "filter": null,
            "id": "subnet-05b16e1e921415ab4",
            "ipv6_cidr_block": "",
            "ipv6_cidr_block_association_id": "",
            "ipv6_native": false,
            "map_customer_owned_ip_on_launch": false,
            "map_public_ip_on_launch": false,
            "outpost_arn": "",
            "owner_id": "522347323079",
            "private_dns_hostname_type_on_launch": "ip-name",
            "state": "available",
            "tags": {
              "Name": "sock-shop-pubsub02"
            },
            "timeouts": null,
            "vpc_id": "vpc-00ebefe8a3bd1852c"
          },
          "sensitive_attributes": []
        }
      ]
    },
    {
      "mode": "data",
      "type": "aws_subnet",
      "name": "pubsub03",
      "provider": "provider[\"registry.terraform.io/hashicorp/aws\"]",
      "instances": [
        {
          "schema_version": 0,
          "attributes": {
            "arn": "arn:aws:ec2:eu-west-1:522347323079:subnet/subnet-02ae9ec797416faca",
            "assign_ipv6_address_on_creation": false,
            "availability_zone": "eu-west-1c",
            "availability_zone_id": "euw1-az2",
            "available_ip_address_count": 251,
            "cidr_block": "10.0.3.0/24",
            "customer_owned_ipv4_pool": "",
            "default_for_az": false,
            "enable_dns64": false,
            "enable_lni_at_device_index": 0,
            "enable_resource_name_dns_a_record_on_launch": false,
            "enable_resource_name_dns_aaaa_record_on_launch": false,
            "filter": null,
            "id": "subnet-02ae9ec797416faca",
            "ipv6_cidr_block": "",
            "ipv6_cidr_block_association_id": "",
            "ipv6_native": false,
            "map_customer_owned_ip_on_launch": false,
            "map_public_ip_on_launch": false,
            "outpost_arn": "",
            "owner_id": "522347323079",
            "private_dns_hostname_type_on_launch": "ip-name",
            "state": "available",
            "tags": {
              "Name": "sock-shop-pubsub03"
            },
            "timeouts": null,
            "vpc_id": "vpc-00ebefe8a3bd1852c"
          },
          "sensitive_attributes": []
        }
      ]
    },
    {
      "mode": "data",
      "type": "aws_vpc",
      "name": "vpc",
      "provider": "provider[\"registry.terraform.io/hashicorp/aws\"]",
      "instances": [
        {
          "schema_version": 0,
          "attributes": {
            "arn": "arn:aws:ec2:eu-west-1:522347323079:vpc/vpc-00ebefe8a3bd1852c",
            "cidr_block": "10.0.0.0/16",
            "cidr_block_associations": [
              {
                "association_id": "vpc-cidr-assoc-0ebf514fa9e9300fe",
                "cidr_block": "10.0.0.0/16",
                "state": "associated"
              }
            ],
            "default": false,
            "dhcp_options_id": "dopt-0ddb31185366b8bdb",
            "enable_dns_hostnames": false,
            "enable_dns_support": true,
            "enable_network_address_usage_metrics": false,
            "filter": null,
            "id": "vpc-00ebefe8a3bd1852c",
            "instance_tenancy": "default",
            "ipv6_association_id": "",
            "ipv6_cidr_block": "",
            "main_route_table_id": "rtb-0cb56183fbcda0d0a",
            "owner_id": "522347323079",
            "state": null,
            "tags": {},
            "timeouts": null
          },
          "sensitive_attributes": []
        }
      ]
    },
    {
      "module": "module.Sg-keypair",
      "mode": "managed",
      "type": "aws_key_pair",
      "name": "key",
      "provider": "provider[\"registry.terraform.io/hashicorp/aws\"]",
      "instances": [
        {
          "schema_version": 1,
          "attributes": {
            "arn": "arn:aws:ec2:eu-west-1:522347323079:key-pair/keypair",
            "fingerprint": "03:04:cd:99:13:56:38:96:98:b9:9a:2c:95:5a:14:2e",
            "id": "keypair",
            "key_name": "keypair",
            "key_name_prefix": "",
            "key_pair_id": "key-003cd132f1871c90b",
            "key_type": "rsa",
            "public_key": "ssh-rsa AAAAB3NzaC1yc2EAAAADAQABAAACAQDI8hocOul/+TnKuUP1+GZFZxhSA0k/McxNpLqBKf7+Mw1mBBQlk2WwmYNSQq7dlntKvMEeRjVPQyin43pgARw59c0/ou/7yfoLNVACjXJyHDreZkxvEVohK5qgbGFuY5WfellWLFkpAfPcQjIdmMoZSdErFIx+0fCXu43ih6Y5gfYZwJMhtRoQMqvH9bnglgyEYK7pNe5A5OFHUT0omuYZRYbtXeomn8zICap3h7oaC0wfchLeRag9PESuBixjeSJPOLfOImIC+9Y7hGhcLNKE85YFSKe4JtYdpph/9+HAO04zsp0xUPb0gWOcvplBN9wgTfkAdX2psWI5NTGpMVJksVCWOq4GRq5MXN7RtjH3cNqhZ8/JHLYoZwaRG9XtTPtOknrMPxy4PxtC1vJm0+3ZiFqsYh5MP1nFGamfXwRFiSD56rBJP2z/vAYg6rUA3dHog18Z3v8lblqQ8OICikf8HtP4sTN9JccOIGUyz9CV+B8sRhLRDwsiPE5EVAhHiPnZrHg+4ocSO1idFjcFHkMMHTjgP/r9EOlulAYGPIvnIayurTqvJIHGi5BaMNjDOjUWMMZ25LL1S4oR0FiGAquSKfkDNMfAuMU4mB5WSOlW6TfVf6JqaLrqdknspz1ATNaGB10UubHChcll37xm0GXFeFoZ7kF9C3REgCI4K0eg0Q==",
            "tags": null,
            "tags_all": {}
          },
          "sensitive_attributes": [],
          "private": "eyJzY2hlbWFfdmVyc2lvbiI6IjEifQ==",
          "dependencies": [
            "module.Sg-keypair.tls_private_key.key"
          ]
        }
      ]
    },
    {
      "module": "module.Sg-keypair",
      "mode": "managed",
      "type": "aws_security_group",
      "name": "ansible-sg",
      "provider": "provider[\"registry.terraform.io/hashicorp/aws\"]",
      "instances": [
        {
          "schema_version": 1,
          "attributes": {
            "arn": "arn:aws:ec2:eu-west-1:522347323079:security-group/sg-023cfdc460a19e1e8",
            "description": "Allow inbound traffic",
            "egress": [
              {
                "cidr_blocks": [
                  "0.0.0.0/0"
                ],
                "description": "",
                "from_port": 0,
                "ipv6_cidr_blocks": [],
                "prefix_list_ids": [],
                "protocol": "-1",
                "security_groups": [],
                "self": false,
                "to_port": 0
              }
            ],
            "id": "sg-023cfdc460a19e1e8",
            "ingress": [
              {
                "cidr_blocks": [
                  "0.0.0.0/0"
                ],
                "description": "ssh",
                "from_port": 22,
                "ipv6_cidr_blocks": [],
                "prefix_list_ids": [],
                "protocol": "tcp",
                "security_groups": [],
                "self": false,
                "to_port": 22
              }
            ],
            "name": "ansible-sg",
            "name_prefix": "",
            "owner_id": "522347323079",
            "revoke_rules_on_delete": false,
            "tags": {
              "Name": "bastion-sg"
            },
            "tags_all": {
              "Name": "bastion-sg"
            },
            "timeouts": null,
            "vpc_id": "vpc-00ebefe8a3bd1852c"
          },
          "sensitive_attributes": [],
          "private": "eyJlMmJmYjczMC1lY2FhLTExZTYtOGY4OC0zNDM2M2JjN2M0YzAiOnsiY3JlYXRlIjo2MDAwMDAwMDAwMDAsImRlbGV0ZSI6OTAwMDAwMDAwMDAwfSwic2NoZW1hX3ZlcnNpb24iOiIxIn0=",
          "dependencies": [
            "data.aws_vpc.vpc"
          ]
        }
      ]
    },
    {
      "module": "module.Sg-keypair",
      "mode": "managed",
      "type": "aws_security_group",
      "name": "bastion-sg",
      "provider": "provider[\"registry.terraform.io/hashicorp/aws\"]",
      "instances": [
        {
          "schema_version": 1,
          "attributes": {
            "arn": "arn:aws:ec2:eu-west-1:522347323079:security-group/sg-000a466ed56c08b9f",
            "description": "Allow inbound traffic",
            "egress": [
              {
                "cidr_blocks": [
                  "0.0.0.0/0"
                ],
                "description": "",
                "from_port": 0,
                "ipv6_cidr_blocks": [],
                "prefix_list_ids": [],
                "protocol": "-1",
                "security_groups": [],
                "self": false,
                "to_port": 0
              }
            ],
            "id": "sg-000a466ed56c08b9f",
            "ingress": [
              {
                "cidr_blocks": [
                  "0.0.0.0/0"
                ],
                "description": "ssh",
                "from_port": 22,
                "ipv6_cidr_blocks": [],
                "prefix_list_ids": [],
                "protocol": "tcp",
                "security_groups": [],
                "self": false,
                "to_port": 22
              }
            ],
            "name": "bastion-sg",
            "name_prefix": "",
            "owner_id": "522347323079",
            "revoke_rules_on_delete": false,
            "tags": {
              "Name": "bastion-sg"
            },
            "tags_all": {
              "Name": "bastion-sg"
            },
            "timeouts": null,
            "vpc_id": "vpc-00ebefe8a3bd1852c"
          },
          "sensitive_attributes": [],
          "private": "eyJlMmJmYjczMC1lY2FhLTExZTYtOGY4OC0zNDM2M2JjN2M0YzAiOnsiY3JlYXRlIjo2MDAwMDAwMDAwMDAsImRlbGV0ZSI6OTAwMDAwMDAwMDAwfSwic2NoZW1hX3ZlcnNpb24iOiIxIn0=",
          "dependencies": [
            "data.aws_vpc.vpc"
          ]
        }
      ]
    },
    {
      "module": "module.Sg-keypair",
      "mode": "managed",
      "type": "aws_security_group",
      "name": "k8s-sg",
      "provider": "provider[\"registry.terraform.io/hashicorp/aws\"]",
      "instances": [
        {
          "schema_version": 1,
          "attributes": {
            "arn": "arn:aws:ec2:eu-west-1:522347323079:security-group/sg-05a30678d7161ee8d",
            "description": "Allow inbound traffic",
            "egress": [
              {
                "cidr_blocks": [
                  "0.0.0.0/0"
                ],
                "description": "",
                "from_port": 0,
                "ipv6_cidr_blocks": [],
                "prefix_list_ids": [],
                "protocol": "-1",
                "security_groups": [],
                "self": false,
                "to_port": 0
              }
            ],
            "id": "sg-05a30678d7161ee8d",
            "ingress": [
              {
                "cidr_blocks": [
                  "0.0.0.0/0"
                ],
                "description": "k8s port",
                "from_port": 0,
                "ipv6_cidr_blocks": [],
                "prefix_list_ids": [],
                "protocol": "tcp",
                "security_groups": [],
                "self": false,
                "to_port": 65535
              }
            ],
            "name": "k8s-sg",
            "name_prefix": "",
            "owner_id": "522347323079",
            "revoke_rules_on_delete": false,
            "tags": {
              "Name": "k8s-sg"
            },
            "tags_all": {
              "Name": "k8s-sg"
            },
            "timeouts": null,
            "vpc_id": "vpc-00ebefe8a3bd1852c"
          },
          "sensitive_attributes": [],
          "private": "eyJlMmJmYjczMC1lY2FhLTExZTYtOGY4OC0zNDM2M2JjN2M0YzAiOnsiY3JlYXRlIjo2MDAwMDAwMDAwMDAsImRlbGV0ZSI6OTAwMDAwMDAwMDAwfSwic2NoZW1hX3ZlcnNpb24iOiIxIn0=",
          "dependencies": [
            "data.aws_vpc.vpc"
          ]
        }
      ]
    },
    {
      "module": "module.Sg-keypair",
      "mode": "managed",
      "type": "local_file",
      "name": "key",
      "provider": "provider[\"registry.terraform.io/hashicorp/local\"]",
      "instances": [
        {
          "schema_version": 0,
          "attributes": {
            "content": "-----BEGIN RSA PRIVATE KEY-----\nMIIJKQIBAAKCAgEAyPIaHDrpf/k5yrlD9fhmRWcYUgNJPzHMTaS6gSn+/jMNZgQU\nJZNlsJmDUkKu3ZZ7SrzBHkY1T0Mop+N6YAEcOfXNP6Lv+8n6CzVQAo1ychw63mZM\nbxFaISuaoGxhbmOVn3pZVixZKQHz3EIyHZjKGUnRKxSMftHwl7uN4oemOYH2GcCT\nIbUaEDKrx/W54JYMhGCu6TXuQOThR1E9KJrmGUWG7V3qJp/MyAmqd4e6GgtMH3IS\n3kWoPTxErgYsY3kiTzi3ziJiAvvWO4RoXCzShPOWBUinuCbWHaaYf/fhwDtOM7Kd\nMVD29IFjnL6ZQTfcIE35AHV9qbFiOTUxqTFSZLFQljquBkauTFze0bYx93DaoWfP\nyRy2KGcGkRvV7Uz7TpJ6zD8cuD8bQtbyZtPt2YharGIeTD9ZxRmpn18ERYkg+eqw\nST9s/7wGIOq1AN3R6INfGd7/JW5akPDiAopH/B7T+LEzfSXHDiBlMs/QlfgfLEYS\n0Q8LIjxORFQIR4j52ax4PuKHEjtYnRY3BR5DDB044D/6/RDpbpQGBjyL5yGsrq06\nrySBxouQWjDYwzo1FjDGduSy9UuKEdBYhgKrkin5AzTHwLjFOJgeVkjpVuk31X+i\nami66nZJ7Kc9QEzWhgddFLmxwoXJZd+8ZtBlxXhaGe5BfQt0RIAiOCtHoNECAwEA\nAQKCAgBhxrP/woa1t35wbx9rgze4U4bY+TJd5oxDx4DcsqOZ6xt85UUsV4Fmofvt\nPfc6aSuK3TeW1JDCBaq1rpFwP3oNldYOPelJ+iiJ5aIN6+ehMK1QZDSS4r2ZYE83\n+iSagyhd1jm8HY4wzvtq1GbwUdUc4vc9YB1Q5DSOkDtk2559Ywht1W+COk35Tb6a\naK3OYxSqISVa4twQhY48loIMzPpjl5oky8rQincpatKgoNFkNNUQhAA8WWaYjUfZ\n6bUVne6c37tIOSC51PKUOURSfZjeCmyYG5dImtUazmJr+iDF2dWegC3Ovle7922R\n6ohF3Llmmqorl//SXzatIX4NlqtA6B+Fvy+OaaXXwUHjm1fFwrQf0jmF7ny2hSLz\nigzbBvLG8MsbL5xJ/+H6SQ3mUF9/Xba794IJnFcjig1CCktLWWFQYzBAm8yE5Y0J\nMoohTJy/38a6BBwOvVhO/9G8W8gr1f8l7TALfUAaLMGLtd5htBnk86TI4qJdKwK9\npXpmCiPYIeTFpycNCDOoiwP3ytEZKVDBlD5m84tqXFY6W2PEnLD8+BPJ57dUqVmZ\nuUrgK/asjfY69Ke5x37VfyWGPr5MO4JLj8QESFSyckEO2CDTg8J/cQ2Y45986TnY\n2+DwUEZtmJjZGnhDFid9AS9u+gfEiJT4cmufUrkZPY5rz8F4AQKCAQEA0BixMiAT\nknVI8t20y5CKDJoQBshUzcIrq3BVWkO2GWcOJQO5kp7Rn+Vl7+5wQIkarLh716Rr\niYdkvNCKFrsFReG/6egbsId/f9xZWsxns3WtUF8iANy7If+TC3AJH41TEC7kF/xv\n/qxRiobAJcKMnPEFU4PBNpzuF+w/cU7MgV/teovp6zDAtmM942j9cTEMCne578Xk\nCjrCbzDSKPncWjurPAauuepxIVxRVBW/Hi7HbuSAlOabxRWT3X0lrMnVZa64aezz\nIVoMPBtzslpyh+785j8bdKQ1xUynFjYiLKB7GzH7t3PdsiUICABIoR8X8ka8tt5o\nhRNc/uNZNy7BgQKCAQEA9zQCnk2yR2Upy15yH0pKz9WVp7ILeQF7Y6l+rR79x6Vy\nvdbs9AYtO8UHuQGj4wHYNUu3WcFK5DuXIItfcnxgDjnLKJY/ExT88nGrwdCpGlH7\n2vQjCOXvRK4wiv1UB/VSqw89x1XTIAbz39TsUq3ThH6rx6sM/f+xpX7XgKHFK6nM\nrgbDYbuMUDOzvgkh7cieL7g5OhdBti8kkEXWKWe8PzppJ4yxg7+fVG38r1n52eaH\nfjnHiMxrIOXacAj0jSxZLtDEG9XA0P6ZM4v//A6P03bqkbBcMpk34G+UXrwm8E2Q\ntuRZxl3+JKmZdcqlooKFWX4yz2TM2Xq67dMus2HnUQKCAQEAqG2T3fJAZSYwqQHx\nN2IBmjmIBzVWDkO+fMArFSgA14al2Cevp5CMMlLFsvDWQiW2RV38PomB0IqZaomP\net5cYjdZ0cRfxP2moKKEYA1ZUdNJN+gH6ZK+k8H8DiHcAIGuXUbWruNO8l4ekXSH\nSQiyLsSVfwcA92cE/q/kmZ0hwQUXfTyJVCbdk8G3cbykhV0hVceZ4wvUisMMZFqr\nfybcxtvMuITgHvI2Jr5FxTzkt1U9be/ccqhEI7xXNcn5GGU0J1zHPlTeZHwxsuS1\nPAIg+Qzh/KnPWxUdwFdOVZfzCRPLEDPgfJd3NJzsZy1zm5VDGIFQdOKGzk7h0hvJ\nNfTOAQKCAQA6JRKkl5PidSoSesGPGJNmNU/BJQDL0oxqUbjJEawRpJnLi10qvLUx\nBNQfMQKSZ6GqT4ft5agu7NFMR1wI+rZBQljF0Ck/3MTuZcxHh0PvO+9ofdorwqG3\n3tzuJE36nTp3n9shIs/JDbmZIWUAwYAp/v16toIU0GrBiYc461QMRCEvocmdGFcV\nmkOh5FYFrxV+Fe/n+QZsysPn53VLQeomWR/YvKAYZB8e5cv0ls5M8YtXJlIHnEVq\ndIYfqguTlSXY/CPUhD+ZKPlyBXENoYM08xiTcg8Nm7pn4PbeHZVvGl96lVWEciFQ\nEFBXQ3YYNmkVNrjOzV/dm5+SRwUKDnIxAoIBAQCJRlNRGWlS+LQhI1zmQziIkX7i\nKDOBQsVnk9yqaAGtS/zdkuWL1RMjzsF79FRUwpKcQE64q/ZfJ7qqDe0NrGCIwa1o\nnCW3MM3592EIgOmfuX20uQdZV5sU6yFgMIXlbfIOIxHWgnb6tGIY8ma/AycVeIpw\nvotQROtizGsvHovE++R/FLWrtxBYbX7aM8A5KQcAjl+DAbiq0g2hHRP3cDzNnfZ6\nssZqRa+7A6Y7JHqfX7XcJPx56faL3ZFeiqjXucNqHkj9bIfbSYtlSJqIVGYah+kU\nFbHv+TFbIA44Bq5q5UY88xYNUekVHxHVIIj2XMnNrOwL8MnkgRFNIrqQ2g3m\n-----END RSA PRIVATE KEY-----\n",
            "content_base64": null,
            "content_base64sha256": "7jYpTsKFEfZt0kFiNqfzPEeAnb7W7sXDH6+vTrSsRXE=",
            "content_base64sha512": "DcgfOiOvaFIJe13Qm6dBkYrVXgaCmyvwleXCUIC9FdrtZkTE4hGeVF3Ie61w6N8rt3mAs9+/InDGJVzfhWXGAQ==",
            "content_md5": "ebbd36259ec6bbfb0a2a013e09ea50a7",
            "content_sha1": "762d6acd9d151baa85830a769de210d6cc5f6780",
            "content_sha256": "ee36294ec28511f66dd2416236a7f33c47809dbed6eec5c31fafaf4eb4ac4571",
            "content_sha512": "0dc81f3a23af6852097b5dd09ba741918ad55e06829b2bf095e5c25080bd15daed6644c4e2119e545dc87bad70e8df2bb77980b3dfbf2270c6255cdf8565c601",
            "directory_permission": "0777",
            "file_permission": "600",
            "filename": "keypair.pem",
            "id": "762d6acd9d151baa85830a769de210d6cc5f6780",
            "sensitive_content": null,
            "source": null
          },
          "sensitive_attributes": [
            [
              {
                "type": "get_attr",
                "value": "content"
              }
            ]
          ],
          "dependencies": [
            "module.Sg-keypair.tls_private_key.key"
          ]
        }
      ]
    },
    {
      "module": "module.Sg-keypair",
      "mode": "managed",
      "type": "tls_private_key",
      "name": "key",
      "provider": "provider[\"registry.terraform.io/hashicorp/tls\"]",
      "instances": [
        {
          "schema_version": 1,
          "attributes": {
            "algorithm": "RSA",
            "ecdsa_curve": "P224",
            "id": "05a7524fb91845beab8ea0dc959b80c6c7950073",
            "private_key_openssh": "-----BEGIN OPENSSH PRIVATE KEY-----\nb3BlbnNzaC1rZXktdjEAAAAABG5vbmUAAAAEbm9uZQAAAAAAAAABAAACFwAAAAdz\nc2gtcnNhAAAAAwEAAQAAAgEAyPIaHDrpf/k5yrlD9fhmRWcYUgNJPzHMTaS6gSn+\n/jMNZgQUJZNlsJmDUkKu3ZZ7SrzBHkY1T0Mop+N6YAEcOfXNP6Lv+8n6CzVQAo1y\nchw63mZMbxFaISuaoGxhbmOVn3pZVixZKQHz3EIyHZjKGUnRKxSMftHwl7uN4oem\nOYH2GcCTIbUaEDKrx/W54JYMhGCu6TXuQOThR1E9KJrmGUWG7V3qJp/MyAmqd4e6\nGgtMH3IS3kWoPTxErgYsY3kiTzi3ziJiAvvWO4RoXCzShPOWBUinuCbWHaaYf/fh\nwDtOM7KdMVD29IFjnL6ZQTfcIE35AHV9qbFiOTUxqTFSZLFQljquBkauTFze0bYx\n93DaoWfPyRy2KGcGkRvV7Uz7TpJ6zD8cuD8bQtbyZtPt2YharGIeTD9ZxRmpn18E\nRYkg+eqwST9s/7wGIOq1AN3R6INfGd7/JW5akPDiAopH/B7T+LEzfSXHDiBlMs/Q\nlfgfLEYS0Q8LIjxORFQIR4j52ax4PuKHEjtYnRY3BR5DDB044D/6/RDpbpQGBjyL\n5yGsrq06rySBxouQWjDYwzo1FjDGduSy9UuKEdBYhgKrkin5AzTHwLjFOJgeVkjp\nVuk31X+iami66nZJ7Kc9QEzWhgddFLmxwoXJZd+8ZtBlxXhaGe5BfQt0RIAiOCtH\noNEAAAc46nsVYep7FWEAAAAHc3NoLXJzYQAAAgEAyPIaHDrpf/k5yrlD9fhmRWcY\nUgNJPzHMTaS6gSn+/jMNZgQUJZNlsJmDUkKu3ZZ7SrzBHkY1T0Mop+N6YAEcOfXN\nP6Lv+8n6CzVQAo1ychw63mZMbxFaISuaoGxhbmOVn3pZVixZKQHz3EIyHZjKGUnR\nKxSMftHwl7uN4oemOYH2GcCTIbUaEDKrx/W54JYMhGCu6TXuQOThR1E9KJrmGUWG\n7V3qJp/MyAmqd4e6GgtMH3IS3kWoPTxErgYsY3kiTzi3ziJiAvvWO4RoXCzShPOW\nBUinuCbWHaaYf/fhwDtOM7KdMVD29IFjnL6ZQTfcIE35AHV9qbFiOTUxqTFSZLFQ\nljquBkauTFze0bYx93DaoWfPyRy2KGcGkRvV7Uz7TpJ6zD8cuD8bQtbyZtPt2Yha\nrGIeTD9ZxRmpn18ERYkg+eqwST9s/7wGIOq1AN3R6INfGd7/JW5akPDiAopH/B7T\n+LEzfSXHDiBlMs/QlfgfLEYS0Q8LIjxORFQIR4j52ax4PuKHEjtYnRY3BR5DDB04\n4D/6/RDpbpQGBjyL5yGsrq06rySBxouQWjDYwzo1FjDGduSy9UuKEdBYhgKrkin5\nAzTHwLjFOJgeVkjpVuk31X+iami66nZJ7Kc9QEzWhgddFLmxwoXJZd+8ZtBlxXha\nGe5BfQt0RIAiOCtHoNEAAAADAQABAAACAGHGs//ChrW3fnBvH2uDN7hThtj5Ml3m\njEPHgNyyo5nrG3zlRSxXgWah++099zppK4rdN5bUkMIFqrWukXA/eg2V1g496Un6\nKInlog3r56EwrVBkNJLivZlgTzf6JJqDKF3WObwdjjDO+2rUZvBR1Rzi9z1gHVDk\nNI6QO2Tbnn1jCG3Vb4I6TflNvpporc5jFKohJVri3BCFjjyWggzM+mOXmiTLytCK\ndylq0qCg0WQ01RCEADxZZpiNR9nptRWd7pzfu0g5ILnU8pQ5RFJ9mN4KbJgbl0ia\n1RrOYmv6IMXZ1Z6ALc6+V7v3bZHqiEXcuWaaqiuX/9JfNq0hfg2Wq0DoH4W/L45p\npdfBQeObV8XCtB/SOYXufLaFIvOKDNsG8sbwyxsvnEn/4fpJDeZQX39dtrv3ggmc\nVyOKDUIKS0tZYVBjMECbzITljQkyiiFMnL/fxroEHA69WE7/0bxbyCvV/yXtMAt9\nQBoswYu13mG0GeTzpMjiol0rAr2lemYKI9gh5MWnJw0IM6iLA/fK0RkpUMGUPmbz\ni2pcVjpbY8ScsPz4E8nnt1SpWZm5SuAr9qyN9jr0p7nHftV/JYY+vkw7gkuPxARI\nVLJyQQ7YINODwn9xDZjjn3zpOdjb4PBQRm2YmNkaeEMWJ30BL276B8SIlPhya59S\nuRk9jmvPwXgBAAABAQCJRlNRGWlS+LQhI1zmQziIkX7iKDOBQsVnk9yqaAGtS/zd\nkuWL1RMjzsF79FRUwpKcQE64q/ZfJ7qqDe0NrGCIwa1onCW3MM3592EIgOmfuX20\nuQdZV5sU6yFgMIXlbfIOIxHWgnb6tGIY8ma/AycVeIpwvotQROtizGsvHovE++R/\nFLWrtxBYbX7aM8A5KQcAjl+DAbiq0g2hHRP3cDzNnfZ6ssZqRa+7A6Y7JHqfX7Xc\nJPx56faL3ZFeiqjXucNqHkj9bIfbSYtlSJqIVGYah+kUFbHv+TFbIA44Bq5q5UY8\n8xYNUekVHxHVIIj2XMnNrOwL8MnkgRFNIrqQ2g3mAAABAQDQGLEyIBOSdUjy3bTL\nkIoMmhAGyFTNwiurcFVaQ7YZZw4lA7mSntGf5WXv7nBAiRqsuHvXpGuJh2S80IoW\nuwVF4b/p6Buwh39/3FlazGezda1QXyIA3Lsh/5MLcAkfjVMQLuQX/G/+rFGKhsAl\nwoyc8QVTg8E2nO4X7D9xTsyBX+16i+nrMMC2Yz3jaP1xMQwKd7nvxeQKOsJvMNIo\n+dxaO6s8Bq656nEhXFFUFb8eLsdu5ICU5pvFFZPdfSWsydVlrrhp7PMhWgw8G3Oy\nWnKH7vzmPxt0pDXFTKcWNiIsoHsbMfu3c92yJQgIAEihHxfyRry23miFE1z+41k3\nLsGBAAABAQD3NAKeTbJHZSnLXnIfSkrP1ZWnsgt5AXtjqX6tHv3HpXK91uz0Bi07\nxQe5AaPjAdg1S7dZwUrkO5cgi19yfGAOOcsolj8TFPzycavB0KkaUfva9CMI5e9E\nrjCK/VQH9VKrDz3HVdMgBvPf1OxSrdOEfqvHqwz9/7GlfteAocUrqcyuBsNhu4xQ\nM7O+CSHtyJ4vuDk6F0G2LySQRdYpZ7w/OmknjLGDv59UbfyvWfnZ5od+OceIzGsg\n5dpwCPSNLFku0MQb1cDQ/pkzi//8Do/TduqRsFwymTfgb5RevCbwTZC25FnGXf4k\nqZl1yqWigoVZfjLPZMzZerrt0y6zYedRAAAAAAEC\n-----END OPENSSH PRIVATE KEY-----\n",
            "private_key_pem": "-----BEGIN RSA PRIVATE KEY-----\nMIIJKQIBAAKCAgEAyPIaHDrpf/k5yrlD9fhmRWcYUgNJPzHMTaS6gSn+/jMNZgQU\nJZNlsJmDUkKu3ZZ7SrzBHkY1T0Mop+N6YAEcOfXNP6Lv+8n6CzVQAo1ychw63mZM\nbxFaISuaoGxhbmOVn3pZVixZKQHz3EIyHZjKGUnRKxSMftHwl7uN4oemOYH2GcCT\nIbUaEDKrx/W54JYMhGCu6TXuQOThR1E9KJrmGUWG7V3qJp/MyAmqd4e6GgtMH3IS\n3kWoPTxErgYsY3kiTzi3ziJiAvvWO4RoXCzShPOWBUinuCbWHaaYf/fhwDtOM7Kd\nMVD29IFjnL6ZQTfcIE35AHV9qbFiOTUxqTFSZLFQljquBkauTFze0bYx93DaoWfP\nyRy2KGcGkRvV7Uz7TpJ6zD8cuD8bQtbyZtPt2YharGIeTD9ZxRmpn18ERYkg+eqw\nST9s/7wGIOq1AN3R6INfGd7/JW5akPDiAopH/B7T+LEzfSXHDiBlMs/QlfgfLEYS\n0Q8LIjxORFQIR4j52ax4PuKHEjtYnRY3BR5DDB044D/6/RDpbpQGBjyL5yGsrq06\nrySBxouQWjDYwzo1FjDGduSy9UuKEdBYhgKrkin5AzTHwLjFOJgeVkjpVuk31X+i\nami66nZJ7Kc9QEzWhgddFLmxwoXJZd+8ZtBlxXhaGe5BfQt0RIAiOCtHoNECAwEA\nAQKCAgBhxrP/woa1t35wbx9rgze4U4bY+TJd5oxDx4DcsqOZ6xt85UUsV4Fmofvt\nPfc6aSuK3TeW1JDCBaq1rpFwP3oNldYOPelJ+iiJ5aIN6+ehMK1QZDSS4r2ZYE83\n+iSagyhd1jm8HY4wzvtq1GbwUdUc4vc9YB1Q5DSOkDtk2559Ywht1W+COk35Tb6a\naK3OYxSqISVa4twQhY48loIMzPpjl5oky8rQincpatKgoNFkNNUQhAA8WWaYjUfZ\n6bUVne6c37tIOSC51PKUOURSfZjeCmyYG5dImtUazmJr+iDF2dWegC3Ovle7922R\n6ohF3Llmmqorl//SXzatIX4NlqtA6B+Fvy+OaaXXwUHjm1fFwrQf0jmF7ny2hSLz\nigzbBvLG8MsbL5xJ/+H6SQ3mUF9/Xba794IJnFcjig1CCktLWWFQYzBAm8yE5Y0J\nMoohTJy/38a6BBwOvVhO/9G8W8gr1f8l7TALfUAaLMGLtd5htBnk86TI4qJdKwK9\npXpmCiPYIeTFpycNCDOoiwP3ytEZKVDBlD5m84tqXFY6W2PEnLD8+BPJ57dUqVmZ\nuUrgK/asjfY69Ke5x37VfyWGPr5MO4JLj8QESFSyckEO2CDTg8J/cQ2Y45986TnY\n2+DwUEZtmJjZGnhDFid9AS9u+gfEiJT4cmufUrkZPY5rz8F4AQKCAQEA0BixMiAT\nknVI8t20y5CKDJoQBshUzcIrq3BVWkO2GWcOJQO5kp7Rn+Vl7+5wQIkarLh716Rr\niYdkvNCKFrsFReG/6egbsId/f9xZWsxns3WtUF8iANy7If+TC3AJH41TEC7kF/xv\n/qxRiobAJcKMnPEFU4PBNpzuF+w/cU7MgV/teovp6zDAtmM942j9cTEMCne578Xk\nCjrCbzDSKPncWjurPAauuepxIVxRVBW/Hi7HbuSAlOabxRWT3X0lrMnVZa64aezz\nIVoMPBtzslpyh+785j8bdKQ1xUynFjYiLKB7GzH7t3PdsiUICABIoR8X8ka8tt5o\nhRNc/uNZNy7BgQKCAQEA9zQCnk2yR2Upy15yH0pKz9WVp7ILeQF7Y6l+rR79x6Vy\nvdbs9AYtO8UHuQGj4wHYNUu3WcFK5DuXIItfcnxgDjnLKJY/ExT88nGrwdCpGlH7\n2vQjCOXvRK4wiv1UB/VSqw89x1XTIAbz39TsUq3ThH6rx6sM/f+xpX7XgKHFK6nM\nrgbDYbuMUDOzvgkh7cieL7g5OhdBti8kkEXWKWe8PzppJ4yxg7+fVG38r1n52eaH\nfjnHiMxrIOXacAj0jSxZLtDEG9XA0P6ZM4v//A6P03bqkbBcMpk34G+UXrwm8E2Q\ntuRZxl3+JKmZdcqlooKFWX4yz2TM2Xq67dMus2HnUQKCAQEAqG2T3fJAZSYwqQHx\nN2IBmjmIBzVWDkO+fMArFSgA14al2Cevp5CMMlLFsvDWQiW2RV38PomB0IqZaomP\net5cYjdZ0cRfxP2moKKEYA1ZUdNJN+gH6ZK+k8H8DiHcAIGuXUbWruNO8l4ekXSH\nSQiyLsSVfwcA92cE/q/kmZ0hwQUXfTyJVCbdk8G3cbykhV0hVceZ4wvUisMMZFqr\nfybcxtvMuITgHvI2Jr5FxTzkt1U9be/ccqhEI7xXNcn5GGU0J1zHPlTeZHwxsuS1\nPAIg+Qzh/KnPWxUdwFdOVZfzCRPLEDPgfJd3NJzsZy1zm5VDGIFQdOKGzk7h0hvJ\nNfTOAQKCAQA6JRKkl5PidSoSesGPGJNmNU/BJQDL0oxqUbjJEawRpJnLi10qvLUx\nBNQfMQKSZ6GqT4ft5agu7NFMR1wI+rZBQljF0Ck/3MTuZcxHh0PvO+9ofdorwqG3\n3tzuJE36nTp3n9shIs/JDbmZIWUAwYAp/v16toIU0GrBiYc461QMRCEvocmdGFcV\nmkOh5FYFrxV+Fe/n+QZsysPn53VLQeomWR/YvKAYZB8e5cv0ls5M8YtXJlIHnEVq\ndIYfqguTlSXY/CPUhD+ZKPlyBXENoYM08xiTcg8Nm7pn4PbeHZVvGl96lVWEciFQ\nEFBXQ3YYNmkVNrjOzV/dm5+SRwUKDnIxAoIBAQCJRlNRGWlS+LQhI1zmQziIkX7i\nKDOBQsVnk9yqaAGtS/zdkuWL1RMjzsF79FRUwpKcQE64q/ZfJ7qqDe0NrGCIwa1o\nnCW3MM3592EIgOmfuX20uQdZV5sU6yFgMIXlbfIOIxHWgnb6tGIY8ma/AycVeIpw\nvotQROtizGsvHovE++R/FLWrtxBYbX7aM8A5KQcAjl+DAbiq0g2hHRP3cDzNnfZ6\nssZqRa+7A6Y7JHqfX7XcJPx56faL3ZFeiqjXucNqHkj9bIfbSYtlSJqIVGYah+kU\nFbHv+TFbIA44Bq5q5UY88xYNUekVHxHVIIj2XMnNrOwL8MnkgRFNIrqQ2g3m\n-----END RSA PRIVATE KEY-----\n",
            "private_key_pem_pkcs8": "-----BEGIN PRIVATE KEY-----\nMIIJQwIBADANBgkqhkiG9w0BAQEFAASCCS0wggkpAgEAAoICAQDI8hocOul/+TnK\nuUP1+GZFZxhSA0k/McxNpLqBKf7+Mw1mBBQlk2WwmYNSQq7dlntKvMEeRjVPQyin\n43pgARw59c0/ou/7yfoLNVACjXJyHDreZkxvEVohK5qgbGFuY5WfellWLFkpAfPc\nQjIdmMoZSdErFIx+0fCXu43ih6Y5gfYZwJMhtRoQMqvH9bnglgyEYK7pNe5A5OFH\nUT0omuYZRYbtXeomn8zICap3h7oaC0wfchLeRag9PESuBixjeSJPOLfOImIC+9Y7\nhGhcLNKE85YFSKe4JtYdpph/9+HAO04zsp0xUPb0gWOcvplBN9wgTfkAdX2psWI5\nNTGpMVJksVCWOq4GRq5MXN7RtjH3cNqhZ8/JHLYoZwaRG9XtTPtOknrMPxy4PxtC\n1vJm0+3ZiFqsYh5MP1nFGamfXwRFiSD56rBJP2z/vAYg6rUA3dHog18Z3v8lblqQ\n8OICikf8HtP4sTN9JccOIGUyz9CV+B8sRhLRDwsiPE5EVAhHiPnZrHg+4ocSO1id\nFjcFHkMMHTjgP/r9EOlulAYGPIvnIayurTqvJIHGi5BaMNjDOjUWMMZ25LL1S4oR\n0FiGAquSKfkDNMfAuMU4mB5WSOlW6TfVf6JqaLrqdknspz1ATNaGB10UubHChcll\n37xm0GXFeFoZ7kF9C3REgCI4K0eg0QIDAQABAoICAGHGs//ChrW3fnBvH2uDN7hT\nhtj5Ml3mjEPHgNyyo5nrG3zlRSxXgWah++099zppK4rdN5bUkMIFqrWukXA/eg2V\n1g496Un6KInlog3r56EwrVBkNJLivZlgTzf6JJqDKF3WObwdjjDO+2rUZvBR1Rzi\n9z1gHVDkNI6QO2Tbnn1jCG3Vb4I6TflNvpporc5jFKohJVri3BCFjjyWggzM+mOX\nmiTLytCKdylq0qCg0WQ01RCEADxZZpiNR9nptRWd7pzfu0g5ILnU8pQ5RFJ9mN4K\nbJgbl0ia1RrOYmv6IMXZ1Z6ALc6+V7v3bZHqiEXcuWaaqiuX/9JfNq0hfg2Wq0Do\nH4W/L45ppdfBQeObV8XCtB/SOYXufLaFIvOKDNsG8sbwyxsvnEn/4fpJDeZQX39d\ntrv3ggmcVyOKDUIKS0tZYVBjMECbzITljQkyiiFMnL/fxroEHA69WE7/0bxbyCvV\n/yXtMAt9QBoswYu13mG0GeTzpMjiol0rAr2lemYKI9gh5MWnJw0IM6iLA/fK0Rkp\nUMGUPmbzi2pcVjpbY8ScsPz4E8nnt1SpWZm5SuAr9qyN9jr0p7nHftV/JYY+vkw7\ngkuPxARIVLJyQQ7YINODwn9xDZjjn3zpOdjb4PBQRm2YmNkaeEMWJ30BL276B8SI\nlPhya59SuRk9jmvPwXgBAoIBAQDQGLEyIBOSdUjy3bTLkIoMmhAGyFTNwiurcFVa\nQ7YZZw4lA7mSntGf5WXv7nBAiRqsuHvXpGuJh2S80IoWuwVF4b/p6Buwh39/3Fla\nzGezda1QXyIA3Lsh/5MLcAkfjVMQLuQX/G/+rFGKhsAlwoyc8QVTg8E2nO4X7D9x\nTsyBX+16i+nrMMC2Yz3jaP1xMQwKd7nvxeQKOsJvMNIo+dxaO6s8Bq656nEhXFFU\nFb8eLsdu5ICU5pvFFZPdfSWsydVlrrhp7PMhWgw8G3OyWnKH7vzmPxt0pDXFTKcW\nNiIsoHsbMfu3c92yJQgIAEihHxfyRry23miFE1z+41k3LsGBAoIBAQD3NAKeTbJH\nZSnLXnIfSkrP1ZWnsgt5AXtjqX6tHv3HpXK91uz0Bi07xQe5AaPjAdg1S7dZwUrk\nO5cgi19yfGAOOcsolj8TFPzycavB0KkaUfva9CMI5e9ErjCK/VQH9VKrDz3HVdMg\nBvPf1OxSrdOEfqvHqwz9/7GlfteAocUrqcyuBsNhu4xQM7O+CSHtyJ4vuDk6F0G2\nLySQRdYpZ7w/OmknjLGDv59UbfyvWfnZ5od+OceIzGsg5dpwCPSNLFku0MQb1cDQ\n/pkzi//8Do/TduqRsFwymTfgb5RevCbwTZC25FnGXf4kqZl1yqWigoVZfjLPZMzZ\nerrt0y6zYedRAoIBAQCobZPd8kBlJjCpAfE3YgGaOYgHNVYOQ758wCsVKADXhqXY\nJ6+nkIwyUsWy8NZCJbZFXfw+iYHQiplqiY963lxiN1nRxF/E/aagooRgDVlR00k3\n6Afpkr6TwfwOIdwAga5dRtau407yXh6RdIdJCLIuxJV/BwD3ZwT+r+SZnSHBBRd9\nPIlUJt2TwbdxvKSFXSFVx5njC9SKwwxkWqt/JtzG28y4hOAe8jYmvkXFPOS3VT1t\n79xyqEQjvFc1yfkYZTQnXMc+VN5kfDGy5LU8AiD5DOH8qc9bFR3AV05Vl/MJE8sQ\nM+B8l3c0nOxnLXOblUMYgVB04obOTuHSG8k19M4BAoIBADolEqSXk+J1KhJ6wY8Y\nk2Y1T8ElAMvSjGpRuMkRrBGkmcuLXSq8tTEE1B8xApJnoapPh+3lqC7s0UxHXAj6\ntkFCWMXQKT/cxO5lzEeHQ+8772h92ivCobfe3O4kTfqdOnef2yEiz8kNuZkhZQDB\ngCn+/Xq2ghTQasGJhzjrVAxEIS+hyZ0YVxWaQ6HkVgWvFX4V7+f5BmzKw+fndUtB\n6iZZH9i8oBhkHx7ly/SWzkzxi1cmUgecRWp0hh+qC5OVJdj8I9SEP5ko+XIFcQ2h\ngzTzGJNyDw2bumfg9t4dlW8aX3qVVYRyIVAQUFdDdhg2aRU2uM7NX92bn5JHBQoO\ncjECggEBAIlGU1EZaVL4tCEjXOZDOIiRfuIoM4FCxWeT3KpoAa1L/N2S5YvVEyPO\nwXv0VFTCkpxATrir9l8nuqoN7Q2sYIjBrWicJbcwzfn3YQiA6Z+5fbS5B1lXmxTr\nIWAwheVt8g4jEdaCdvq0YhjyZr8DJxV4inC+i1BE62LMay8ei8T75H8Utau3EFht\nftozwDkpBwCOX4MBuKrSDaEdE/dwPM2d9nqyxmpFr7sDpjskep9ftdwk/Hnp9ovd\nkV6KqNe5w2oeSP1sh9tJi2VImohUZhqH6RQVse/5MVsgDjgGrmrlRjzzFg1R6RUf\nEdUgiPZcyc2s7AvwyeSBEU0iupDaDeY=\n-----END PRIVATE KEY-----\n",
            "public_key_fingerprint_md5": "23:f4:f8:e2:81:43:8c:7e:78:ae:3e:8f:ee:98:78:50",
            "public_key_fingerprint_sha256": "SHA256:tORE0V9lRFFK1UvEGoyAvYuVPWxuUBXHOYOintJCsWQ",
            "public_key_openssh": "ssh-rsa AAAAB3NzaC1yc2EAAAADAQABAAACAQDI8hocOul/+TnKuUP1+GZFZxhSA0k/McxNpLqBKf7+Mw1mBBQlk2WwmYNSQq7dlntKvMEeRjVPQyin43pgARw59c0/ou/7yfoLNVACjXJyHDreZkxvEVohK5qgbGFuY5WfellWLFkpAfPcQjIdmMoZSdErFIx+0fCXu43ih6Y5gfYZwJMhtRoQMqvH9bnglgyEYK7pNe5A5OFHUT0omuYZRYbtXeomn8zICap3h7oaC0wfchLeRag9PESuBixjeSJPOLfOImIC+9Y7hGhcLNKE85YFSKe4JtYdpph/9+HAO04zsp0xUPb0gWOcvplBN9wgTfkAdX2psWI5NTGpMVJksVCWOq4GRq5MXN7RtjH3cNqhZ8/JHLYoZwaRG9XtTPtOknrMPxy4PxtC1vJm0+3ZiFqsYh5MP1nFGamfXwRFiSD56rBJP2z/vAYg6rUA3dHog18Z3v8lblqQ8OICikf8HtP4sTN9JccOIGUyz9CV+B8sRhLRDwsiPE5EVAhHiPnZrHg+4ocSO1idFjcFHkMMHTjgP/r9EOlulAYGPIvnIayurTqvJIHGi5BaMNjDOjUWMMZ25LL1S4oR0FiGAquSKfkDNMfAuMU4mB5WSOlW6TfVf6JqaLrqdknspz1ATNaGB10UubHChcll37xm0GXFeFoZ7kF9C3REgCI4K0eg0Q==\n",
            "public_key_pem": "-----BEGIN PUBLIC KEY-----\nMIICIjANBgkqhkiG9w0BAQEFAAOCAg8AMIICCgKCAgEAyPIaHDrpf/k5yrlD9fhm\nRWcYUgNJPzHMTaS6gSn+/jMNZgQUJZNlsJmDUkKu3ZZ7SrzBHkY1T0Mop+N6YAEc\nOfXNP6Lv+8n6CzVQAo1ychw63mZMbxFaISuaoGxhbmOVn3pZVixZKQHz3EIyHZjK\nGUnRKxSMftHwl7uN4oemOYH2GcCTIbUaEDKrx/W54JYMhGCu6TXuQOThR1E9KJrm\nGUWG7V3qJp/MyAmqd4e6GgtMH3IS3kWoPTxErgYsY3kiTzi3ziJiAvvWO4RoXCzS\nhPOWBUinuCbWHaaYf/fhwDtOM7KdMVD29IFjnL6ZQTfcIE35AHV9qbFiOTUxqTFS\nZLFQljquBkauTFze0bYx93DaoWfPyRy2KGcGkRvV7Uz7TpJ6zD8cuD8bQtbyZtPt\n2YharGIeTD9ZxRmpn18ERYkg+eqwST9s/7wGIOq1AN3R6INfGd7/JW5akPDiAopH\n/B7T+LEzfSXHDiBlMs/QlfgfLEYS0Q8LIjxORFQIR4j52ax4PuKHEjtYnRY3BR5D\nDB044D/6/RDpbpQGBjyL5yGsrq06rySBxouQWjDYwzo1FjDGduSy9UuKEdBYhgKr\nkin5AzTHwLjFOJgeVkjpVuk31X+iami66nZJ7Kc9QEzWhgddFLmxwoXJZd+8ZtBl\nxXhaGe5BfQt0RIAiOCtHoNECAwEAAQ==\n-----END PUBLIC KEY-----\n",
            "rsa_bits": 4096
          },
          "sensitive_attributes": []
        }
      ]
    },
    {
      "module": "module.bastion",
      "mode": "managed",
      "type": "aws_instance",
      "name": "bastion",
      "provider": "provider[\"registry.terraform.io/hashicorp/aws\"]",
      "instances": [
        {
          "schema_version": 1,
          "attributes": {
            "ami": "ami-0694d931cee176e7d",
            "arn": "arn:aws:ec2:eu-west-1:522347323079:instance/i-0ba9d6fa5a0a1e18a",
            "associate_public_ip_address": true,
            "availability_zone": "eu-west-1a",
            "capacity_reservation_specification": [
              {
                "capacity_reservation_preference": "open",
                "capacity_reservation_target": []
              }
            ],
            "cpu_core_count": 2,
            "cpu_options": [
              {
                "amd_sev_snp": "",
                "core_count": 2,
                "threads_per_core": 1
              }
            ],
            "cpu_threads_per_core": 1,
            "credit_specification": [
              {
                "cpu_credits": "standard"
              }
            ],
            "disable_api_stop": false,
            "disable_api_termination": false,
            "ebs_block_device": [],
            "ebs_optimized": false,
            "enclave_options": [
              {
                "enabled": false
              }
            ],
            "ephemeral_block_device": [],
            "get_password_data": false,
            "hibernation": false,
            "host_id": "",
            "host_resource_group_arn": null,
            "iam_instance_profile": "",
            "id": "i-0ba9d6fa5a0a1e18a",
            "instance_initiated_shutdown_behavior": "stop",
            "instance_lifecycle": "",
            "instance_market_options": [],
            "instance_state": "running",
            "instance_type": "t2.medium",
            "ipv6_address_count": 0,
            "ipv6_addresses": [],
            "key_name": "keypair",
            "launch_template": [],
            "maintenance_options": [
              {
                "auto_recovery": "default"
              }
            ],
            "metadata_options": [
              {
                "http_endpoint": "enabled",
                "http_protocol_ipv6": "disabled",
                "http_put_response_hop_limit": 1,
                "http_tokens": "optional",
                "instance_metadata_tags": "disabled"
              }
            ],
            "monitoring": false,
            "network_interface": [],
            "outpost_arn": "",
            "password_data": "",
            "placement_group": "",
            "placement_partition_number": 0,
            "primary_network_interface_id": "eni-0b0e1818b7e1b5d42",
            "private_dns": "ip-10-0-1-201.eu-west-1.compute.internal",
            "private_dns_name_options": [
              {
                "enable_resource_name_dns_a_record": false,
                "enable_resource_name_dns_aaaa_record": false,
                "hostname_type": "ip-name"
              }
            ],
            "private_ip": "10.0.1.201",
            "public_dns": "",
            "public_ip": "34.243.89.232",
            "root_block_device": [
              {
                "delete_on_termination": true,
                "device_name": "/dev/sda1",
                "encrypted": false,
                "iops": 100,
                "kms_key_id": "",
                "tags": {},
                "throughput": 0,
                "volume_id": "vol-0b55bcea62bd993e9",
                "volume_size": 8,
                "volume_type": "gp2"
              }
            ],
            "secondary_private_ips": [],
            "security_groups": [],
            "source_dest_check": true,
            "spot_instance_request_id": "",
            "subnet_id": "subnet-017633c13844dd8ad",
            "tags": {
              "Name": "bastion"
            },
            "tags_all": {
              "Name": "bastion"
            },
            "tenancy": "default",
            "timeouts": null,
            "user_data": "7bd7bff414e745148532add315d3c1ac46f4f4e9",
            "user_data_base64": null,
            "user_data_replace_on_change": false,
            "volume_tags": null,
            "vpc_security_group_ids": [
              "sg-000a466ed56c08b9f"
            ]
          },
          "sensitive_attributes": [
            [
              {
                "type": "get_attr",
                "value": "user_data"
              }
            ]
          ],
          "private": "eyJlMmJmYjczMC1lY2FhLTExZTYtOGY4OC0zNDM2M2JjN2M0YzAiOnsiY3JlYXRlIjo2MDAwMDAwMDAwMDAsImRlbGV0ZSI6MTIwMDAwMDAwMDAwMCwidXBkYXRlIjo2MDAwMDAwMDAwMDB9LCJzY2hlbWFfdmVyc2lvbiI6IjEifQ==",
          "dependencies": [
            "data.aws_subnet.pubsub01",
            "data.aws_vpc.vpc",
            "module.Sg-keypair.aws_key_pair.key",
            "module.Sg-keypair.aws_security_group.bastion-sg",
            "module.Sg-keypair.tls_private_key.key"
          ]
        }
      ]
    },
    {
      "module": "module.env-lb",
      "mode": "managed",
      "type": "aws_lb",
      "name": "prod-lb",
      "provider": "provider[\"registry.terraform.io/hashicorp/aws\"]",
      "instances": [
        {
          "schema_version": 0,
          "attributes": {
            "access_logs": [
              {
                "bucket": "",
                "enabled": false,
                "prefix": ""
              }
            ],
            "arn": "arn:aws:elasticloadbalancing:eu-west-1:522347323079:loadbalancer/app/prod-lb-sock/ff48b6b625923aaf",
            "arn_suffix": "app/prod-lb-sock/ff48b6b625923aaf",
            "connection_logs": [
              {
                "bucket": "",
                "enabled": false,
                "prefix": ""
              }
            ],
            "customer_owned_ipv4_pool": "",
            "desync_mitigation_mode": "defensive",
            "dns_name": "prod-lb-sock-237188765.eu-west-1.elb.amazonaws.com",
            "dns_record_client_routing_policy": null,
            "drop_invalid_header_fields": false,
            "enable_cross_zone_load_balancing": true,
            "enable_deletion_protection": false,
            "enable_http2": true,
            "enable_tls_version_and_cipher_suite_headers": false,
            "enable_waf_fail_open": false,
            "enable_xff_client_port": false,
            "enforce_security_group_inbound_rules_on_private_link_traffic": "",
            "id": "arn:aws:elasticloadbalancing:eu-west-1:522347323079:loadbalancer/app/prod-lb-sock/ff48b6b625923aaf",
            "idle_timeout": 60,
            "internal": false,
            "ip_address_type": "ipv4",
            "load_balancer_type": "application",
            "name": "prod-lb-sock",
            "name_prefix": "",
            "preserve_host_header": false,
            "security_groups": [
              "sg-05a30678d7161ee8d"
            ],
            "subnet_mapping": [
              {
                "allocation_id": "",
                "ipv6_address": "",
                "outpost_id": "",
                "private_ipv4_address": "",
                "subnet_id": "subnet-017633c13844dd8ad"
              },
              {
                "allocation_id": "",
                "ipv6_address": "",
                "outpost_id": "",
                "private_ipv4_address": "",
                "subnet_id": "subnet-02ae9ec797416faca"
              },
              {
                "allocation_id": "",
                "ipv6_address": "",
                "outpost_id": "",
                "private_ipv4_address": "",
                "subnet_id": "subnet-05b16e1e921415ab4"
              }
            ],
            "subnets": [
              "subnet-017633c13844dd8ad",
              "subnet-02ae9ec797416faca",
              "subnet-05b16e1e921415ab4"
            ],
            "tags": {
              "Name": "prod-lb-sock"
            },
            "tags_all": {
              "Name": "prod-lb-sock"
            },
            "timeouts": null,
            "vpc_id": "vpc-00ebefe8a3bd1852c",
            "xff_header_processing_mode": "append",
            "zone_id": "Z32O12XQLNTSW2"
          },
          "sensitive_attributes": [],
          "private": "eyJlMmJmYjczMC1lY2FhLTExZTYtOGY4OC0zNDM2M2JjN2M0YzAiOnsiY3JlYXRlIjo2MDAwMDAwMDAwMDAsImRlbGV0ZSI6NjAwMDAwMDAwMDAwLCJ1cGRhdGUiOjYwMDAwMDAwMDAwMH19",
          "dependencies": [
            "data.aws_subnet.pubsub01",
            "data.aws_subnet.pubsub02",
            "data.aws_subnet.pubsub03",
            "data.aws_vpc.vpc",
            "module.Sg-keypair.aws_security_group.k8s-sg"
          ]
        }
      ]
    },
    {
      "module": "module.env-lb",
      "mode": "managed",
      "type": "aws_lb",
      "name": "stage-lb",
      "provider": "provider[\"registry.terraform.io/hashicorp/aws\"]",
      "instances": [
        {
          "schema_version": 0,
          "attributes": {
            "access_logs": [
              {
                "bucket": "",
                "enabled": false,
                "prefix": ""
              }
            ],
            "arn": "arn:aws:elasticloadbalancing:eu-west-1:522347323079:loadbalancer/app/stage-lb-sock/38eb3d517f7c3a77",
            "arn_suffix": "app/stage-lb-sock/38eb3d517f7c3a77",
            "connection_logs": [
              {
                "bucket": "",
                "enabled": false,
                "prefix": ""
              }
            ],
            "customer_owned_ipv4_pool": "",
            "desync_mitigation_mode": "defensive",
            "dns_name": "stage-lb-sock-1482909957.eu-west-1.elb.amazonaws.com",
            "dns_record_client_routing_policy": null,
            "drop_invalid_header_fields": false,
            "enable_cross_zone_load_balancing": true,
            "enable_deletion_protection": false,
            "enable_http2": true,
            "enable_tls_version_and_cipher_suite_headers": false,
            "enable_waf_fail_open": false,
            "enable_xff_client_port": false,
            "enforce_security_group_inbound_rules_on_private_link_traffic": "",
            "id": "arn:aws:elasticloadbalancing:eu-west-1:522347323079:loadbalancer/app/stage-lb-sock/38eb3d517f7c3a77",
            "idle_timeout": 60,
            "internal": false,
            "ip_address_type": "ipv4",
            "load_balancer_type": "application",
            "name": "stage-lb-sock",
            "name_prefix": "",
            "preserve_host_header": false,
            "security_groups": [
              "sg-05a30678d7161ee8d"
            ],
            "subnet_mapping": [
              {
                "allocation_id": "",
                "ipv6_address": "",
                "outpost_id": "",
                "private_ipv4_address": "",
                "subnet_id": "subnet-017633c13844dd8ad"
              },
              {
                "allocation_id": "",
                "ipv6_address": "",
                "outpost_id": "",
                "private_ipv4_address": "",
                "subnet_id": "subnet-02ae9ec797416faca"
              },
              {
                "allocation_id": "",
                "ipv6_address": "",
                "outpost_id": "",
                "private_ipv4_address": "",
                "subnet_id": "subnet-05b16e1e921415ab4"
              }
            ],
            "subnets": [
              "subnet-017633c13844dd8ad",
              "subnet-02ae9ec797416faca",
              "subnet-05b16e1e921415ab4"
            ],
            "tags": {
              "Name": "stage-lb-sock"
            },
            "tags_all": {
              "Name": "stage-lb-sock"
            },
            "timeouts": null,
            "vpc_id": "vpc-00ebefe8a3bd1852c",
            "xff_header_processing_mode": "append",
            "zone_id": "Z32O12XQLNTSW2"
          },
          "sensitive_attributes": [],
          "private": "eyJlMmJmYjczMC1lY2FhLTExZTYtOGY4OC0zNDM2M2JjN2M0YzAiOnsiY3JlYXRlIjo2MDAwMDAwMDAwMDAsImRlbGV0ZSI6NjAwMDAwMDAwMDAwLCJ1cGRhdGUiOjYwMDAwMDAwMDAwMH19",
          "dependencies": [
            "data.aws_subnet.pubsub01",
            "data.aws_subnet.pubsub02",
            "data.aws_subnet.pubsub03",
            "data.aws_vpc.vpc",
            "module.Sg-keypair.aws_security_group.k8s-sg"
          ]
        }
      ]
    },
    {
      "module": "module.env-lb",
      "mode": "managed",
      "type": "aws_lb_listener",
      "name": "prod-list",
      "provider": "provider[\"registry.terraform.io/hashicorp/aws\"]",
      "instances": [
        {
          "schema_version": 0,
          "attributes": {
            "alpn_policy": null,
            "arn": "arn:aws:elasticloadbalancing:eu-west-1:522347323079:listener/app/prod-lb-sock/ff48b6b625923aaf/6cdbb35480f2e8b8",
            "certificate_arn": "arn:aws:acm:eu-west-1:522347323079:certificate/dd3cb24c-ab8d-4fbb-9e3e-b6bd24f105e7",
            "default_action": [
              {
                "authenticate_cognito": [],
                "authenticate_oidc": [],
                "fixed_response": [],
                "forward": [],
                "order": 1,
                "redirect": [],
                "target_group_arn": "arn:aws:elasticloadbalancing:eu-west-1:522347323079:targetgroup/prod-lb-sock-tg/c3f22a77a14d6e29",
                "type": "forward"
              }
            ],
            "id": "arn:aws:elasticloadbalancing:eu-west-1:522347323079:listener/app/prod-lb-sock/ff48b6b625923aaf/6cdbb35480f2e8b8",
            "load_balancer_arn": "arn:aws:elasticloadbalancing:eu-west-1:522347323079:loadbalancer/app/prod-lb-sock/ff48b6b625923aaf",
            "mutual_authentication": [
              {
                "ignore_client_certificate_expiry": false,
                "mode": "off",
                "trust_store_arn": ""
              }
            ],
            "port": 443,
            "protocol": "HTTPS",
            "ssl_policy": "ELBSecurityPolicy-2016-08",
            "tags": null,
            "tags_all": {},
            "timeouts": null
          },
          "sensitive_attributes": [],
          "private": "eyJlMmJmYjczMC1lY2FhLTExZTYtOGY4OC0zNDM2M2JjN2M0YzAiOnsiY3JlYXRlIjozMDAwMDAwMDAwMDAsInVwZGF0ZSI6MzAwMDAwMDAwMDAwfX0=",
          "dependencies": [
            "data.aws_subnet.pubsub01",
            "data.aws_subnet.pubsub02",
            "data.aws_subnet.pubsub03",
            "data.aws_vpc.vpc",
            "module.Sg-keypair.aws_security_group.k8s-sg",
            "module.env-lb.aws_lb.prod-lb",
            "module.env-lb.aws_lb_target_group.prod-tg",
            "module.route53.aws_acm_certificate.cert-ssl"
          ]
        }
      ]
    },
    {
      "module": "module.env-lb",
      "mode": "managed",
      "type": "aws_lb_listener",
      "name": "stage-list",
      "provider": "provider[\"registry.terraform.io/hashicorp/aws\"]",
      "instances": [
        {
          "schema_version": 0,
          "attributes": {
            "alpn_policy": null,
            "arn": "arn:aws:elasticloadbalancing:eu-west-1:522347323079:listener/app/stage-lb-sock/38eb3d517f7c3a77/5261820da23847fd",
            "certificate_arn": "arn:aws:acm:eu-west-1:522347323079:certificate/dd3cb24c-ab8d-4fbb-9e3e-b6bd24f105e7",
            "default_action": [
              {
                "authenticate_cognito": [],
                "authenticate_oidc": [],
                "fixed_response": [],
                "forward": [],
                "order": 1,
                "redirect": [],
                "target_group_arn": "arn:aws:elasticloadbalancing:eu-west-1:522347323079:targetgroup/stage-lb-sock-tg/789202ecd803cc60",
                "type": "forward"
              }
            ],
            "id": "arn:aws:elasticloadbalancing:eu-west-1:522347323079:listener/app/stage-lb-sock/38eb3d517f7c3a77/5261820da23847fd",
            "load_balancer_arn": "arn:aws:elasticloadbalancing:eu-west-1:522347323079:loadbalancer/app/stage-lb-sock/38eb3d517f7c3a77",
            "mutual_authentication": [
              {
                "ignore_client_certificate_expiry": false,
                "mode": "off",
                "trust_store_arn": ""
              }
            ],
            "port": 443,
            "protocol": "HTTPS",
            "ssl_policy": "ELBSecurityPolicy-2016-08",
            "tags": null,
            "tags_all": {},
            "timeouts": null
          },
          "sensitive_attributes": [],
          "private": "eyJlMmJmYjczMC1lY2FhLTExZTYtOGY4OC0zNDM2M2JjN2M0YzAiOnsiY3JlYXRlIjozMDAwMDAwMDAwMDAsInVwZGF0ZSI6MzAwMDAwMDAwMDAwfX0=",
          "dependencies": [
            "data.aws_subnet.pubsub01",
            "data.aws_subnet.pubsub02",
            "data.aws_subnet.pubsub03",
            "data.aws_vpc.vpc",
            "module.Sg-keypair.aws_security_group.k8s-sg",
            "module.env-lb.aws_lb.stage-lb",
            "module.env-lb.aws_lb_target_group.stage-tg",
            "module.route53.aws_acm_certificate.cert-ssl"
          ]
        }
      ]
    },
    {
      "module": "module.env-lb",
      "mode": "managed",
      "type": "aws_lb_target_group",
      "name": "prod-tg",
      "provider": "provider[\"registry.terraform.io/hashicorp/aws\"]",
      "instances": [
        {
          "schema_version": 0,
          "attributes": {
            "arn": "arn:aws:elasticloadbalancing:eu-west-1:522347323079:targetgroup/prod-lb-sock-tg/c3f22a77a14d6e29",
            "arn_suffix": "targetgroup/prod-lb-sock-tg/c3f22a77a14d6e29",
            "connection_termination": null,
            "deregistration_delay": "300",
            "health_check": [
              {
                "enabled": true,
                "healthy_threshold": 3,
                "interval": 30,
                "matcher": "200",
                "path": "/",
                "port": "traffic-port",
                "protocol": "HTTP",
                "timeout": 5,
                "unhealthy_threshold": 5
              }
            ],
            "id": "arn:aws:elasticloadbalancing:eu-west-1:522347323079:targetgroup/prod-lb-sock-tg/c3f22a77a14d6e29",
            "ip_address_type": "ipv4",
            "lambda_multi_value_headers_enabled": false,
            "load_balancing_algorithm_type": "round_robin",
            "load_balancing_cross_zone_enabled": "use_load_balancer_configuration",
            "name": "prod-lb-sock-tg",
            "name_prefix": "",
            "port": 30002,
            "preserve_client_ip": null,
            "protocol": "HTTP",
            "protocol_version": "HTTP1",
            "proxy_protocol_v2": false,
            "slow_start": 0,
            "stickiness": [
              {
                "cookie_duration": 86400,
                "cookie_name": "",
                "enabled": false,
                "type": "lb_cookie"
              }
            ],
            "tags": null,
            "tags_all": {},
            "target_failover": [
              {
                "on_deregistration": null,
                "on_unhealthy": null
              }
            ],
            "target_health_state": [
              {
                "enable_unhealthy_connection_termination": null
              }
            ],
            "target_type": "instance",
            "vpc_id": "vpc-00ebefe8a3bd1852c"
          },
          "sensitive_attributes": [],
          "private": "bnVsbA==",
          "dependencies": [
            "data.aws_vpc.vpc"
          ]
        }
      ]
    },
    {
      "module": "module.env-lb",
      "mode": "managed",
      "type": "aws_lb_target_group",
      "name": "stage-tg",
      "provider": "provider[\"registry.terraform.io/hashicorp/aws\"]",
      "instances": [
        {
          "schema_version": 0,
          "attributes": {
            "arn": "arn:aws:elasticloadbalancing:eu-west-1:522347323079:targetgroup/stage-lb-sock-tg/789202ecd803cc60",
            "arn_suffix": "targetgroup/stage-lb-sock-tg/789202ecd803cc60",
            "connection_termination": null,
            "deregistration_delay": "300",
            "health_check": [
              {
                "enabled": true,
                "healthy_threshold": 3,
                "interval": 30,
                "matcher": "200",
                "path": "/",
                "port": "traffic-port",
                "protocol": "HTTP",
                "timeout": 5,
                "unhealthy_threshold": 5
              }
            ],
            "id": "arn:aws:elasticloadbalancing:eu-west-1:522347323079:targetgroup/stage-lb-sock-tg/789202ecd803cc60",
            "ip_address_type": "ipv4",
            "lambda_multi_value_headers_enabled": false,
            "load_balancing_algorithm_type": "round_robin",
            "load_balancing_cross_zone_enabled": "use_load_balancer_configuration",
            "name": "stage-lb-sock-tg",
            "name_prefix": "",
            "port": 30001,
            "preserve_client_ip": null,
            "protocol": "HTTP",
            "protocol_version": "HTTP1",
            "proxy_protocol_v2": false,
            "slow_start": 0,
            "stickiness": [
              {
                "cookie_duration": 86400,
                "cookie_name": "",
                "enabled": false,
                "type": "lb_cookie"
              }
            ],
            "tags": null,
            "tags_all": {},
            "target_failover": [
              {
                "on_deregistration": null,
                "on_unhealthy": null
              }
            ],
            "target_health_state": [
              {
                "enable_unhealthy_connection_termination": null
              }
            ],
            "target_type": "instance",
            "vpc_id": "vpc-00ebefe8a3bd1852c"
          },
          "sensitive_attributes": [],
          "private": "bnVsbA==",
          "dependencies": [
            "data.aws_vpc.vpc"
          ]
        }
      ]
    },
    {
      "module": "module.env-lb",
      "mode": "managed",
      "type": "aws_lb_target_group_attachment",
      "name": "prod-tg-attach",
      "provider": "provider[\"registry.terraform.io/hashicorp/aws\"]",
      "instances": [
        {
          "index_key": 0,
          "schema_version": 0,
          "attributes": {
            "availability_zone": null,
            "id": "arn:aws:elasticloadbalancing:eu-west-1:522347323079:targetgroup/prod-lb-sock-tg/c3f22a77a14d6e29-2024010215202096330000000f",
            "port": 30001,
            "target_group_arn": "arn:aws:elasticloadbalancing:eu-west-1:522347323079:targetgroup/prod-lb-sock-tg/c3f22a77a14d6e29",
            "target_id": "i-0a0dd3c8c58d2483e"
          },
          "sensitive_attributes": [],
          "private": "bnVsbA==",
          "dependencies": [
            "data.aws_subnet.prisub01",
            "data.aws_subnet.prisub02",
            "data.aws_subnet.prisub03",
            "data.aws_vpc.vpc",
            "module.Sg-keypair.aws_key_pair.key",
            "module.Sg-keypair.aws_security_group.k8s-sg",
            "module.Sg-keypair.tls_private_key.key",
            "module.env-lb.aws_lb_target_group.prod-tg",
            "module.workernode.aws_instance.workernode"
          ]
        },
        {
          "index_key": 1,
          "schema_version": 0,
          "attributes": {
            "availability_zone": null,
            "id": "arn:aws:elasticloadbalancing:eu-west-1:522347323079:targetgroup/prod-lb-sock-tg/c3f22a77a14d6e29-20240102152021656300000011",
            "port": 30001,
            "target_group_arn": "arn:aws:elasticloadbalancing:eu-west-1:522347323079:targetgroup/prod-lb-sock-tg/c3f22a77a14d6e29",
            "target_id": "i-0715234bb495aff78"
          },
          "sensitive_attributes": [],
          "private": "bnVsbA==",
          "dependencies": [
            "data.aws_subnet.prisub01",
            "data.aws_subnet.prisub02",
            "data.aws_subnet.prisub03",
            "data.aws_vpc.vpc",
            "module.Sg-keypair.aws_key_pair.key",
            "module.Sg-keypair.aws_security_group.k8s-sg",
            "module.Sg-keypair.tls_private_key.key",
            "module.env-lb.aws_lb_target_group.prod-tg",
            "module.workernode.aws_instance.workernode"
          ]
        },
        {
          "index_key": 2,
          "schema_version": 0,
          "attributes": {
            "availability_zone": null,
            "id": "arn:aws:elasticloadbalancing:eu-west-1:522347323079:targetgroup/prod-lb-sock-tg/c3f22a77a14d6e29-20240102152021310400000010",
            "port": 30001,
            "target_group_arn": "arn:aws:elasticloadbalancing:eu-west-1:522347323079:targetgroup/prod-lb-sock-tg/c3f22a77a14d6e29",
            "target_id": "i-03bbd15e14a258148"
          },
          "sensitive_attributes": [],
          "private": "bnVsbA==",
          "dependencies": [
            "data.aws_subnet.prisub01",
            "data.aws_subnet.prisub02",
            "data.aws_subnet.prisub03",
            "data.aws_vpc.vpc",
            "module.Sg-keypair.aws_key_pair.key",
            "module.Sg-keypair.aws_security_group.k8s-sg",
            "module.Sg-keypair.tls_private_key.key",
            "module.env-lb.aws_lb_target_group.prod-tg",
            "module.workernode.aws_instance.workernode"
          ]
        }
      ]
    },
    {
      "module": "module.env-lb",
      "mode": "managed",
      "type": "aws_lb_target_group_attachment",
      "name": "stage-tg-attach",
      "provider": "provider[\"registry.terraform.io/hashicorp/aws\"]",
      "instances": [
        {
          "index_key": 0,
          "schema_version": 0,
          "attributes": {
            "availability_zone": null,
            "id": "arn:aws:elasticloadbalancing:eu-west-1:522347323079:targetgroup/stage-lb-sock-tg/789202ecd803cc60-20240102152022857400000014",
            "port": 30001,
            "target_group_arn": "arn:aws:elasticloadbalancing:eu-west-1:522347323079:targetgroup/stage-lb-sock-tg/789202ecd803cc60",
            "target_id": "i-0a0dd3c8c58d2483e"
          },
          "sensitive_attributes": [],
          "private": "bnVsbA==",
          "dependencies": [
            "data.aws_subnet.prisub01",
            "data.aws_subnet.prisub02",
            "data.aws_subnet.prisub03",
            "data.aws_vpc.vpc",
            "module.Sg-keypair.aws_key_pair.key",
            "module.Sg-keypair.aws_security_group.k8s-sg",
            "module.Sg-keypair.tls_private_key.key",
            "module.env-lb.aws_lb_target_group.stage-tg",
            "module.workernode.aws_instance.workernode"
          ]
        },
        {
          "index_key": 1,
          "schema_version": 0,
          "attributes": {
            "availability_zone": null,
            "id": "arn:aws:elasticloadbalancing:eu-west-1:522347323079:targetgroup/stage-lb-sock-tg/789202ecd803cc60-20240102152022337300000013",
            "port": 30001,
            "target_group_arn": "arn:aws:elasticloadbalancing:eu-west-1:522347323079:targetgroup/stage-lb-sock-tg/789202ecd803cc60",
            "target_id": "i-0715234bb495aff78"
          },
          "sensitive_attributes": [],
          "private": "bnVsbA==",
          "dependencies": [
            "data.aws_subnet.prisub01",
            "data.aws_subnet.prisub02",
            "data.aws_subnet.prisub03",
            "data.aws_vpc.vpc",
            "module.Sg-keypair.aws_key_pair.key",
            "module.Sg-keypair.aws_security_group.k8s-sg",
            "module.Sg-keypair.tls_private_key.key",
            "module.env-lb.aws_lb_target_group.stage-tg",
            "module.workernode.aws_instance.workernode"
          ]
        },
        {
          "index_key": 2,
          "schema_version": 0,
          "attributes": {
            "availability_zone": null,
            "id": "arn:aws:elasticloadbalancing:eu-west-1:522347323079:targetgroup/stage-lb-sock-tg/789202ecd803cc60-20240102152021998000000012",
            "port": 30001,
            "target_group_arn": "arn:aws:elasticloadbalancing:eu-west-1:522347323079:targetgroup/stage-lb-sock-tg/789202ecd803cc60",
            "target_id": "i-03bbd15e14a258148"
          },
          "sensitive_attributes": [],
          "private": "bnVsbA==",
          "dependencies": [
            "data.aws_subnet.prisub01",
            "data.aws_subnet.prisub02",
            "data.aws_subnet.prisub03",
            "data.aws_vpc.vpc",
            "module.Sg-keypair.aws_key_pair.key",
            "module.Sg-keypair.aws_security_group.k8s-sg",
            "module.Sg-keypair.tls_private_key.key",
            "module.env-lb.aws_lb_target_group.stage-tg",
            "module.workernode.aws_instance.workernode"
          ]
        }
      ]
    },
    {
      "module": "module.masternode",
      "mode": "managed",
      "type": "aws_instance",
      "name": "masternode",
      "provider": "provider[\"registry.terraform.io/hashicorp/aws\"]",
      "instances": [
        {
          "index_key": 0,
          "schema_version": 1,
          "attributes": {
            "ami": "ami-0694d931cee176e7d",
            "arn": "arn:aws:ec2:eu-west-1:522347323079:instance/i-0557195d18d46a787",
            "associate_public_ip_address": true,
            "availability_zone": "eu-west-1a",
            "capacity_reservation_specification": [
              {
                "capacity_reservation_preference": "open",
                "capacity_reservation_target": []
              }
            ],
            "cpu_core_count": 2,
            "cpu_options": [
              {
                "amd_sev_snp": "",
                "core_count": 2,
                "threads_per_core": 1
              }
            ],
            "cpu_threads_per_core": 1,
            "credit_specification": [
              {
                "cpu_credits": "standard"
              }
            ],
            "disable_api_stop": false,
            "disable_api_termination": false,
            "ebs_block_device": [],
            "ebs_optimized": false,
            "enclave_options": [
              {
                "enabled": false
              }
            ],
            "ephemeral_block_device": [],
            "get_password_data": false,
            "hibernation": false,
            "host_id": "",
            "host_resource_group_arn": null,
            "iam_instance_profile": "",
            "id": "i-0557195d18d46a787",
            "instance_initiated_shutdown_behavior": "stop",
            "instance_lifecycle": "",
            "instance_market_options": [],
            "instance_state": "running",
            "instance_type": "t2.medium",
            "ipv6_address_count": 0,
            "ipv6_addresses": [],
            "key_name": "keypair",
            "launch_template": [],
            "maintenance_options": [
              {
                "auto_recovery": "default"
              }
            ],
            "metadata_options": [
              {
                "http_endpoint": "enabled",
                "http_protocol_ipv6": "disabled",
                "http_put_response_hop_limit": 1,
                "http_tokens": "optional",
                "instance_metadata_tags": "disabled"
              }
            ],
            "monitoring": false,
            "network_interface": [],
            "outpost_arn": "",
            "password_data": "",
            "placement_group": "",
            "placement_partition_number": 0,
            "primary_network_interface_id": "eni-0538e5a1ab30bfc96",
            "private_dns": "ip-10-0-4-7.eu-west-1.compute.internal",
            "private_dns_name_options": [
              {
                "enable_resource_name_dns_a_record": false,
                "enable_resource_name_dns_aaaa_record": false,
                "hostname_type": "ip-name"
              }
            ],
            "private_ip": "10.0.4.7",
            "public_dns": "",
            "public_ip": "54.77.234.60",
            "root_block_device": [
              {
                "delete_on_termination": true,
                "device_name": "/dev/sda1",
                "encrypted": false,
                "iops": 100,
                "kms_key_id": "",
                "tags": {},
                "throughput": 0,
                "volume_id": "vol-0fbd276eec9d03a30",
                "volume_size": 8,
                "volume_type": "gp2"
              }
            ],
            "secondary_private_ips": [],
            "security_groups": [],
            "source_dest_check": true,
            "spot_instance_request_id": "",
            "subnet_id": "subnet-081d4fbe24fe14eb3",
            "tags": {
              "Name": "masternode"
            },
            "tags_all": {
              "Name": "masternode"
            },
            "tenancy": "default",
            "timeouts": null,
            "user_data": null,
            "user_data_base64": null,
            "user_data_replace_on_change": false,
            "volume_tags": null,
            "vpc_security_group_ids": [
              "sg-05a30678d7161ee8d"
            ]
          },
          "sensitive_attributes": [],
          "private": "eyJlMmJmYjczMC1lY2FhLTExZTYtOGY4OC0zNDM2M2JjN2M0YzAiOnsiY3JlYXRlIjo2MDAwMDAwMDAwMDAsImRlbGV0ZSI6MTIwMDAwMDAwMDAwMCwidXBkYXRlIjo2MDAwMDAwMDAwMDB9LCJzY2hlbWFfdmVyc2lvbiI6IjEifQ==",
          "dependencies": [
            "data.aws_subnet.prisub01",
            "data.aws_subnet.prisub02",
            "data.aws_subnet.prisub03",
            "data.aws_vpc.vpc",
            "module.Sg-keypair.aws_key_pair.key",
            "module.Sg-keypair.aws_security_group.k8s-sg",
            "module.Sg-keypair.tls_private_key.key"
          ]
        },
        {
          "index_key": 1,
          "schema_version": 1,
          "attributes": {
            "ami": "ami-0694d931cee176e7d",
            "arn": "arn:aws:ec2:eu-west-1:522347323079:instance/i-0740bc57aeac888e2",
            "associate_public_ip_address": true,
            "availability_zone": "eu-west-1b",
            "capacity_reservation_specification": [
              {
                "capacity_reservation_preference": "open",
                "capacity_reservation_target": []
              }
            ],
            "cpu_core_count": 2,
            "cpu_options": [
              {
                "amd_sev_snp": "",
                "core_count": 2,
                "threads_per_core": 1
              }
            ],
            "cpu_threads_per_core": 1,
            "credit_specification": [
              {
                "cpu_credits": "standard"
              }
            ],
            "disable_api_stop": false,
            "disable_api_termination": false,
            "ebs_block_device": [],
            "ebs_optimized": false,
            "enclave_options": [
              {
                "enabled": false
              }
            ],
            "ephemeral_block_device": [],
            "get_password_data": false,
            "hibernation": false,
            "host_id": "",
            "host_resource_group_arn": null,
            "iam_instance_profile": "",
            "id": "i-0740bc57aeac888e2",
            "instance_initiated_shutdown_behavior": "stop",
            "instance_lifecycle": "",
            "instance_market_options": [],
            "instance_state": "running",
            "instance_type": "t2.medium",
            "ipv6_address_count": 0,
            "ipv6_addresses": [],
            "key_name": "keypair",
            "launch_template": [],
            "maintenance_options": [
              {
                "auto_recovery": "default"
              }
            ],
            "metadata_options": [
              {
                "http_endpoint": "enabled",
                "http_protocol_ipv6": "disabled",
                "http_put_response_hop_limit": 1,
                "http_tokens": "optional",
                "instance_metadata_tags": "disabled"
              }
            ],
            "monitoring": false,
            "network_interface": [],
            "outpost_arn": "",
            "password_data": "",
            "placement_group": "",
            "placement_partition_number": 0,
            "primary_network_interface_id": "eni-0a6d647c8db972a57",
            "private_dns": "ip-10-0-5-110.eu-west-1.compute.internal",
            "private_dns_name_options": [
              {
                "enable_resource_name_dns_a_record": false,
                "enable_resource_name_dns_aaaa_record": false,
                "hostname_type": "ip-name"
              }
            ],
            "private_ip": "10.0.5.110",
            "public_dns": "",
            "public_ip": "52.19.62.183",
            "root_block_device": [
              {
                "delete_on_termination": true,
                "device_name": "/dev/sda1",
                "encrypted": false,
                "iops": 100,
                "kms_key_id": "",
                "tags": {},
                "throughput": 0,
                "volume_id": "vol-0d7b79ae43f1c0931",
                "volume_size": 8,
                "volume_type": "gp2"
              }
            ],
            "secondary_private_ips": [],
            "security_groups": [],
            "source_dest_check": true,
            "spot_instance_request_id": "",
            "subnet_id": "subnet-0b52ce5807b25b7b6",
            "tags": {
              "Name": "masternode"
            },
            "tags_all": {
              "Name": "masternode"
            },
            "tenancy": "default",
            "timeouts": null,
            "user_data": null,
            "user_data_base64": null,
            "user_data_replace_on_change": false,
            "volume_tags": null,
            "vpc_security_group_ids": [
              "sg-05a30678d7161ee8d"
            ]
          },
          "sensitive_attributes": [],
          "private": "eyJlMmJmYjczMC1lY2FhLTExZTYtOGY4OC0zNDM2M2JjN2M0YzAiOnsiY3JlYXRlIjo2MDAwMDAwMDAwMDAsImRlbGV0ZSI6MTIwMDAwMDAwMDAwMCwidXBkYXRlIjo2MDAwMDAwMDAwMDB9LCJzY2hlbWFfdmVyc2lvbiI6IjEifQ==",
          "dependencies": [
            "data.aws_subnet.prisub01",
            "data.aws_subnet.prisub02",
            "data.aws_subnet.prisub03",
            "data.aws_vpc.vpc",
            "module.Sg-keypair.aws_key_pair.key",
            "module.Sg-keypair.aws_security_group.k8s-sg",
            "module.Sg-keypair.tls_private_key.key"
          ]
        },
        {
          "index_key": 2,
          "schema_version": 1,
          "attributes": {
            "ami": "ami-0694d931cee176e7d",
            "arn": "arn:aws:ec2:eu-west-1:522347323079:instance/i-0101af9ce271967ce",
            "associate_public_ip_address": true,
            "availability_zone": "eu-west-1c",
            "capacity_reservation_specification": [
              {
                "capacity_reservation_preference": "open",
                "capacity_reservation_target": []
              }
            ],
            "cpu_core_count": 2,
            "cpu_options": [
              {
                "amd_sev_snp": "",
                "core_count": 2,
                "threads_per_core": 1
              }
            ],
            "cpu_threads_per_core": 1,
            "credit_specification": [
              {
                "cpu_credits": "standard"
              }
            ],
            "disable_api_stop": false,
            "disable_api_termination": false,
            "ebs_block_device": [],
            "ebs_optimized": false,
            "enclave_options": [
              {
                "enabled": false
              }
            ],
            "ephemeral_block_device": [],
            "get_password_data": false,
            "hibernation": false,
            "host_id": "",
            "host_resource_group_arn": null,
            "iam_instance_profile": "",
            "id": "i-0101af9ce271967ce",
            "instance_initiated_shutdown_behavior": "stop",
            "instance_lifecycle": "",
            "instance_market_options": [],
            "instance_state": "running",
            "instance_type": "t2.medium",
            "ipv6_address_count": 0,
            "ipv6_addresses": [],
            "key_name": "keypair",
            "launch_template": [],
            "maintenance_options": [
              {
                "auto_recovery": "default"
              }
            ],
            "metadata_options": [
              {
                "http_endpoint": "enabled",
                "http_protocol_ipv6": "disabled",
                "http_put_response_hop_limit": 1,
                "http_tokens": "optional",
                "instance_metadata_tags": "disabled"
              }
            ],
            "monitoring": false,
            "network_interface": [],
            "outpost_arn": "",
            "password_data": "",
            "placement_group": "",
            "placement_partition_number": 0,
            "primary_network_interface_id": "eni-0a76b508d9c6c881b",
            "private_dns": "ip-10-0-6-135.eu-west-1.compute.internal",
            "private_dns_name_options": [
              {
                "enable_resource_name_dns_a_record": false,
                "enable_resource_name_dns_aaaa_record": false,
                "hostname_type": "ip-name"
              }
            ],
            "private_ip": "10.0.6.135",
            "public_dns": "",
            "public_ip": "54.217.142.114",
            "root_block_device": [
              {
                "delete_on_termination": true,
                "device_name": "/dev/sda1",
                "encrypted": false,
                "iops": 100,
                "kms_key_id": "",
                "tags": {},
                "throughput": 0,
                "volume_id": "vol-03b750bc99eb94695",
                "volume_size": 8,
                "volume_type": "gp2"
              }
            ],
            "secondary_private_ips": [],
            "security_groups": [],
            "source_dest_check": true,
            "spot_instance_request_id": "",
            "subnet_id": "subnet-0615c53fa2d76195c",
            "tags": {
              "Name": "masternode"
            },
            "tags_all": {
              "Name": "masternode"
            },
            "tenancy": "default",
            "timeouts": null,
            "user_data": null,
            "user_data_base64": null,
            "user_data_replace_on_change": false,
            "volume_tags": null,
            "vpc_security_group_ids": [
              "sg-05a30678d7161ee8d"
            ]
          },
          "sensitive_attributes": [],
          "private": "eyJlMmJmYjczMC1lY2FhLTExZTYtOGY4OC0zNDM2M2JjN2M0YzAiOnsiY3JlYXRlIjo2MDAwMDAwMDAwMDAsImRlbGV0ZSI6MTIwMDAwMDAwMDAwMCwidXBkYXRlIjo2MDAwMDAwMDAwMDB9LCJzY2hlbWFfdmVyc2lvbiI6IjEifQ==",
          "dependencies": [
            "data.aws_subnet.prisub01",
            "data.aws_subnet.prisub02",
            "data.aws_subnet.prisub03",
            "data.aws_vpc.vpc",
            "module.Sg-keypair.aws_key_pair.key",
            "module.Sg-keypair.aws_security_group.k8s-sg",
            "module.Sg-keypair.tls_private_key.key"
          ]
        }
      ]
    },
    {
      "module": "module.monitoring-lb",
      "mode": "managed",
      "type": "aws_lb",
      "name": "graf-lb",
      "provider": "provider[\"registry.terraform.io/hashicorp/aws\"]",
      "instances": [
        {
          "schema_version": 0,
          "attributes": {
            "access_logs": [
              {
                "bucket": "",
                "enabled": false,
                "prefix": ""
              }
            ],
            "arn": "arn:aws:elasticloadbalancing:eu-west-1:522347323079:loadbalancer/app/graf-lb-sock/1efe8abe34c92fc7",
            "arn_suffix": "app/graf-lb-sock/1efe8abe34c92fc7",
            "connection_logs": [
              {
                "bucket": "",
                "enabled": false,
                "prefix": ""
              }
            ],
            "customer_owned_ipv4_pool": "",
            "desync_mitigation_mode": "defensive",
            "dns_name": "graf-lb-sock-581438816.eu-west-1.elb.amazonaws.com",
            "dns_record_client_routing_policy": null,
            "drop_invalid_header_fields": false,
            "enable_cross_zone_load_balancing": true,
            "enable_deletion_protection": false,
            "enable_http2": true,
            "enable_tls_version_and_cipher_suite_headers": false,
            "enable_waf_fail_open": false,
            "enable_xff_client_port": false,
            "enforce_security_group_inbound_rules_on_private_link_traffic": "",
            "id": "arn:aws:elasticloadbalancing:eu-west-1:522347323079:loadbalancer/app/graf-lb-sock/1efe8abe34c92fc7",
            "idle_timeout": 60,
            "internal": false,
            "ip_address_type": "ipv4",
            "load_balancer_type": "application",
            "name": "graf-lb-sock",
            "name_prefix": "",
            "preserve_host_header": false,
            "security_groups": [
              "sg-05a30678d7161ee8d"
            ],
            "subnet_mapping": [
              {
                "allocation_id": "",
                "ipv6_address": "",
                "outpost_id": "",
                "private_ipv4_address": "",
                "subnet_id": "subnet-017633c13844dd8ad"
              },
              {
                "allocation_id": "",
                "ipv6_address": "",
                "outpost_id": "",
                "private_ipv4_address": "",
                "subnet_id": "subnet-02ae9ec797416faca"
              },
              {
                "allocation_id": "",
                "ipv6_address": "",
                "outpost_id": "",
                "private_ipv4_address": "",
                "subnet_id": "subnet-05b16e1e921415ab4"
              }
            ],
            "subnets": [
              "subnet-017633c13844dd8ad",
              "subnet-02ae9ec797416faca",
              "subnet-05b16e1e921415ab4"
            ],
            "tags": {
              "Name": "prod-lb-sock"
            },
            "tags_all": {
              "Name": "prod-lb-sock"
            },
            "timeouts": null,
            "vpc_id": "vpc-00ebefe8a3bd1852c",
            "xff_header_processing_mode": "append",
            "zone_id": "Z32O12XQLNTSW2"
          },
          "sensitive_attributes": [],
          "private": "eyJlMmJmYjczMC1lY2FhLTExZTYtOGY4OC0zNDM2M2JjN2M0YzAiOnsiY3JlYXRlIjo2MDAwMDAwMDAwMDAsImRlbGV0ZSI6NjAwMDAwMDAwMDAwLCJ1cGRhdGUiOjYwMDAwMDAwMDAwMH19",
          "dependencies": [
            "data.aws_subnet.pubsub01",
            "data.aws_subnet.pubsub02",
            "data.aws_subnet.pubsub03",
            "data.aws_vpc.vpc",
            "module.Sg-keypair.aws_security_group.k8s-sg"
          ]
        }
      ]
    },
    {
      "module": "module.monitoring-lb",
      "mode": "managed",
      "type": "aws_lb",
      "name": "prom-lb",
      "provider": "provider[\"registry.terraform.io/hashicorp/aws\"]",
      "instances": [
        {
          "schema_version": 0,
          "attributes": {
            "access_logs": [
              {
                "bucket": "",
                "enabled": false,
                "prefix": ""
              }
            ],
            "arn": "arn:aws:elasticloadbalancing:eu-west-1:522347323079:loadbalancer/app/prom-lb-sock/b4d0a022b61917e1",
            "arn_suffix": "app/prom-lb-sock/b4d0a022b61917e1",
            "connection_logs": [
              {
                "bucket": "",
                "enabled": false,
                "prefix": ""
              }
            ],
            "customer_owned_ipv4_pool": "",
            "desync_mitigation_mode": "defensive",
            "dns_name": "prom-lb-sock-803394661.eu-west-1.elb.amazonaws.com",
            "dns_record_client_routing_policy": null,
            "drop_invalid_header_fields": false,
            "enable_cross_zone_load_balancing": true,
            "enable_deletion_protection": false,
            "enable_http2": true,
            "enable_tls_version_and_cipher_suite_headers": false,
            "enable_waf_fail_open": false,
            "enable_xff_client_port": false,
            "enforce_security_group_inbound_rules_on_private_link_traffic": "",
            "id": "arn:aws:elasticloadbalancing:eu-west-1:522347323079:loadbalancer/app/prom-lb-sock/b4d0a022b61917e1",
            "idle_timeout": 60,
            "internal": false,
            "ip_address_type": "ipv4",
            "load_balancer_type": "application",
            "name": "prom-lb-sock",
            "name_prefix": "",
            "preserve_host_header": false,
            "security_groups": [
              "sg-05a30678d7161ee8d"
            ],
            "subnet_mapping": [
              {
                "allocation_id": "",
                "ipv6_address": "",
                "outpost_id": "",
                "private_ipv4_address": "",
                "subnet_id": "subnet-017633c13844dd8ad"
              },
              {
                "allocation_id": "",
                "ipv6_address": "",
                "outpost_id": "",
                "private_ipv4_address": "",
                "subnet_id": "subnet-02ae9ec797416faca"
              },
              {
                "allocation_id": "",
                "ipv6_address": "",
                "outpost_id": "",
                "private_ipv4_address": "",
                "subnet_id": "subnet-05b16e1e921415ab4"
              }
            ],
            "subnets": [
              "subnet-017633c13844dd8ad",
              "subnet-02ae9ec797416faca",
              "subnet-05b16e1e921415ab4"
            ],
            "tags": {
              "Name": "stage-lb-sock"
            },
            "tags_all": {
              "Name": "stage-lb-sock"
            },
            "timeouts": null,
            "vpc_id": "vpc-00ebefe8a3bd1852c",
            "xff_header_processing_mode": "append",
            "zone_id": "Z32O12XQLNTSW2"
          },
          "sensitive_attributes": [],
          "private": "eyJlMmJmYjczMC1lY2FhLTExZTYtOGY4OC0zNDM2M2JjN2M0YzAiOnsiY3JlYXRlIjo2MDAwMDAwMDAwMDAsImRlbGV0ZSI6NjAwMDAwMDAwMDAwLCJ1cGRhdGUiOjYwMDAwMDAwMDAwMH19",
          "dependencies": [
            "data.aws_subnet.pubsub01",
            "data.aws_subnet.pubsub02",
            "data.aws_subnet.pubsub03",
            "data.aws_vpc.vpc",
            "module.Sg-keypair.aws_security_group.k8s-sg"
          ]
        }
      ]
    },
    {
      "module": "module.monitoring-lb",
      "mode": "managed",
      "type": "aws_lb_listener",
      "name": "prod-list",
      "provider": "provider[\"registry.terraform.io/hashicorp/aws\"]",
      "instances": [
        {
          "schema_version": 0,
          "attributes": {
            "alpn_policy": null,
            "arn": "arn:aws:elasticloadbalancing:eu-west-1:522347323079:listener/app/graf-lb-sock/1efe8abe34c92fc7/ea68f3fdee567af2",
            "certificate_arn": "arn:aws:acm:eu-west-1:522347323079:certificate/dd3cb24c-ab8d-4fbb-9e3e-b6bd24f105e7",
            "default_action": [
              {
                "authenticate_cognito": [],
                "authenticate_oidc": [],
                "fixed_response": [],
                "forward": [],
                "order": 1,
                "redirect": [],
                "target_group_arn": "arn:aws:elasticloadbalancing:eu-west-1:522347323079:targetgroup/graf-lb-sock-tg/86efa1a26c7c9afb",
                "type": "forward"
              }
            ],
            "id": "arn:aws:elasticloadbalancing:eu-west-1:522347323079:listener/app/graf-lb-sock/1efe8abe34c92fc7/ea68f3fdee567af2",
            "load_balancer_arn": "arn:aws:elasticloadbalancing:eu-west-1:522347323079:loadbalancer/app/graf-lb-sock/1efe8abe34c92fc7",
            "mutual_authentication": [
              {
                "ignore_client_certificate_expiry": false,
                "mode": "off",
                "trust_store_arn": ""
              }
            ],
            "port": 443,
            "protocol": "HTTPS",
            "ssl_policy": "ELBSecurityPolicy-2016-08",
            "tags": null,
            "tags_all": {},
            "timeouts": null
          },
          "sensitive_attributes": [],
          "private": "eyJlMmJmYjczMC1lY2FhLTExZTYtOGY4OC0zNDM2M2JjN2M0YzAiOnsiY3JlYXRlIjozMDAwMDAwMDAwMDAsInVwZGF0ZSI6MzAwMDAwMDAwMDAwfX0=",
          "dependencies": [
            "data.aws_subnet.pubsub01",
            "data.aws_subnet.pubsub02",
            "data.aws_subnet.pubsub03",
            "data.aws_vpc.vpc",
            "module.Sg-keypair.aws_security_group.k8s-sg",
            "module.monitoring-lb.aws_lb.graf-lb",
            "module.monitoring-lb.aws_lb_target_group.graf-tg",
            "module.route53.aws_acm_certificate.cert-ssl"
          ]
        }
      ]
    },
    {
      "module": "module.monitoring-lb",
      "mode": "managed",
      "type": "aws_lb_listener",
      "name": "prom-list",
      "provider": "provider[\"registry.terraform.io/hashicorp/aws\"]",
      "instances": [
        {
          "schema_version": 0,
          "attributes": {
            "alpn_policy": null,
            "arn": "arn:aws:elasticloadbalancing:eu-west-1:522347323079:listener/app/prom-lb-sock/b4d0a022b61917e1/79dd53627f971bf1",
            "certificate_arn": "arn:aws:acm:eu-west-1:522347323079:certificate/dd3cb24c-ab8d-4fbb-9e3e-b6bd24f105e7",
            "default_action": [
              {
                "authenticate_cognito": [],
                "authenticate_oidc": [],
                "fixed_response": [],
                "forward": [],
                "order": 1,
                "redirect": [],
                "target_group_arn": "arn:aws:elasticloadbalancing:eu-west-1:522347323079:targetgroup/prom-lb-sock-tg/605e548d92b0cc36",
                "type": "forward"
              }
            ],
            "id": "arn:aws:elasticloadbalancing:eu-west-1:522347323079:listener/app/prom-lb-sock/b4d0a022b61917e1/79dd53627f971bf1",
            "load_balancer_arn": "arn:aws:elasticloadbalancing:eu-west-1:522347323079:loadbalancer/app/prom-lb-sock/b4d0a022b61917e1",
            "mutual_authentication": [
              {
                "ignore_client_certificate_expiry": false,
                "mode": "off",
                "trust_store_arn": ""
              }
            ],
            "port": 443,
            "protocol": "HTTPS",
            "ssl_policy": "ELBSecurityPolicy-2016-08",
            "tags": null,
            "tags_all": {},
            "timeouts": null
          },
          "sensitive_attributes": [],
          "private": "eyJlMmJmYjczMC1lY2FhLTExZTYtOGY4OC0zNDM2M2JjN2M0YzAiOnsiY3JlYXRlIjozMDAwMDAwMDAwMDAsInVwZGF0ZSI6MzAwMDAwMDAwMDAwfX0=",
          "dependencies": [
            "data.aws_subnet.pubsub01",
            "data.aws_subnet.pubsub02",
            "data.aws_subnet.pubsub03",
            "data.aws_vpc.vpc",
            "module.Sg-keypair.aws_security_group.k8s-sg",
            "module.monitoring-lb.aws_lb.prom-lb",
            "module.monitoring-lb.aws_lb_target_group.prom-tg",
            "module.route53.aws_acm_certificate.cert-ssl"
          ]
        }
      ]
    },
    {
      "module": "module.monitoring-lb",
      "mode": "managed",
      "type": "aws_lb_target_group",
      "name": "graf-tg",
      "provider": "provider[\"registry.terraform.io/hashicorp/aws\"]",
      "instances": [
        {
          "schema_version": 0,
          "attributes": {
            "arn": "arn:aws:elasticloadbalancing:eu-west-1:522347323079:targetgroup/graf-lb-sock-tg/86efa1a26c7c9afb",
            "arn_suffix": "targetgroup/graf-lb-sock-tg/86efa1a26c7c9afb",
            "connection_termination": null,
            "deregistration_delay": "300",
            "health_check": [
              {
                "enabled": true,
                "healthy_threshold": 3,
                "interval": 30,
                "matcher": "200",
                "path": "/",
                "port": "traffic-port",
                "protocol": "HTTP",
                "timeout": 5,
                "unhealthy_threshold": 5
              }
            ],
            "id": "arn:aws:elasticloadbalancing:eu-west-1:522347323079:targetgroup/graf-lb-sock-tg/86efa1a26c7c9afb",
            "ip_address_type": "ipv4",
            "lambda_multi_value_headers_enabled": false,
            "load_balancing_algorithm_type": "round_robin",
            "load_balancing_cross_zone_enabled": "use_load_balancer_configuration",
            "name": "graf-lb-sock-tg",
            "name_prefix": "",
            "port": 31300,
            "preserve_client_ip": null,
            "protocol": "HTTP",
            "protocol_version": "HTTP1",
            "proxy_protocol_v2": false,
            "slow_start": 0,
            "stickiness": [
              {
                "cookie_duration": 86400,
                "cookie_name": "",
                "enabled": false,
                "type": "lb_cookie"
              }
            ],
            "tags": null,
            "tags_all": {},
            "target_failover": [
              {
                "on_deregistration": null,
                "on_unhealthy": null
              }
            ],
            "target_health_state": [
              {
                "enable_unhealthy_connection_termination": null
              }
            ],
            "target_type": "instance",
            "vpc_id": "vpc-00ebefe8a3bd1852c"
          },
          "sensitive_attributes": [],
          "private": "bnVsbA==",
          "dependencies": [
            "data.aws_vpc.vpc"
          ]
        }
      ]
    },
    {
      "module": "module.monitoring-lb",
      "mode": "managed",
      "type": "aws_lb_target_group",
      "name": "prom-tg",
      "provider": "provider[\"registry.terraform.io/hashicorp/aws\"]",
      "instances": [
        {
          "schema_version": 0,
          "attributes": {
            "arn": "arn:aws:elasticloadbalancing:eu-west-1:522347323079:targetgroup/prom-lb-sock-tg/605e548d92b0cc36",
            "arn_suffix": "targetgroup/prom-lb-sock-tg/605e548d92b0cc36",
            "connection_termination": null,
            "deregistration_delay": "300",
            "health_check": [
              {
                "enabled": true,
                "healthy_threshold": 3,
                "interval": 30,
                "matcher": "200",
                "path": "/",
                "port": "traffic-port",
                "protocol": "HTTP",
                "timeout": 5,
                "unhealthy_threshold": 5
              }
            ],
            "id": "arn:aws:elasticloadbalancing:eu-west-1:522347323079:targetgroup/prom-lb-sock-tg/605e548d92b0cc36",
            "ip_address_type": "ipv4",
            "lambda_multi_value_headers_enabled": false,
            "load_balancing_algorithm_type": "round_robin",
            "load_balancing_cross_zone_enabled": "use_load_balancer_configuration",
            "name": "prom-lb-sock-tg",
            "name_prefix": "",
            "port": 31090,
            "preserve_client_ip": null,
            "protocol": "HTTP",
            "protocol_version": "HTTP1",
            "proxy_protocol_v2": false,
            "slow_start": 0,
            "stickiness": [
              {
                "cookie_duration": 86400,
                "cookie_name": "",
                "enabled": false,
                "type": "lb_cookie"
              }
            ],
            "tags": null,
            "tags_all": {},
            "target_failover": [
              {
                "on_deregistration": null,
                "on_unhealthy": null
              }
            ],
            "target_health_state": [
              {
                "enable_unhealthy_connection_termination": null
              }
            ],
            "target_type": "instance",
            "vpc_id": "vpc-00ebefe8a3bd1852c"
          },
          "sensitive_attributes": [],
          "private": "bnVsbA==",
          "dependencies": [
            "data.aws_vpc.vpc"
          ]
        }
      ]
    },
    {
      "module": "module.monitoring-lb",
      "mode": "managed",
      "type": "aws_lb_target_group_attachment",
      "name": "graf-tg-attach",
      "provider": "provider[\"registry.terraform.io/hashicorp/aws\"]",
      "instances": [
        {
          "index_key": 0,
          "schema_version": 0,
          "attributes": {
            "availability_zone": null,
            "id": "arn:aws:elasticloadbalancing:eu-west-1:522347323079:targetgroup/graf-lb-sock-tg/86efa1a26c7c9afb-2024010215201992040000000c",
            "port": 31300,
            "target_group_arn": "arn:aws:elasticloadbalancing:eu-west-1:522347323079:targetgroup/graf-lb-sock-tg/86efa1a26c7c9afb",
            "target_id": "i-0a0dd3c8c58d2483e"
          },
          "sensitive_attributes": [],
          "private": "bnVsbA==",
          "dependencies": [
            "data.aws_subnet.prisub01",
            "data.aws_subnet.prisub02",
            "data.aws_subnet.prisub03",
            "data.aws_vpc.vpc",
            "module.Sg-keypair.aws_key_pair.key",
            "module.Sg-keypair.aws_security_group.k8s-sg",
            "module.Sg-keypair.tls_private_key.key",
            "module.monitoring-lb.aws_lb_target_group.graf-tg",
            "module.workernode.aws_instance.workernode"
          ]
        },
        {
          "index_key": 1,
          "schema_version": 0,
          "attributes": {
            "availability_zone": null,
            "id": "arn:aws:elasticloadbalancing:eu-west-1:522347323079:targetgroup/graf-lb-sock-tg/86efa1a26c7c9afb-2024010215202059580000000e",
            "port": 31300,
            "target_group_arn": "arn:aws:elasticloadbalancing:eu-west-1:522347323079:targetgroup/graf-lb-sock-tg/86efa1a26c7c9afb",
            "target_id": "i-0715234bb495aff78"
          },
          "sensitive_attributes": [],
          "private": "bnVsbA==",
          "dependencies": [
            "data.aws_subnet.prisub01",
            "data.aws_subnet.prisub02",
            "data.aws_subnet.prisub03",
            "data.aws_vpc.vpc",
            "module.Sg-keypair.aws_key_pair.key",
            "module.Sg-keypair.aws_security_group.k8s-sg",
            "module.Sg-keypair.tls_private_key.key",
            "module.monitoring-lb.aws_lb_target_group.graf-tg",
            "module.workernode.aws_instance.workernode"
          ]
        },
        {
          "index_key": 2,
          "schema_version": 0,
          "attributes": {
            "availability_zone": null,
            "id": "arn:aws:elasticloadbalancing:eu-west-1:522347323079:targetgroup/graf-lb-sock-tg/86efa1a26c7c9afb-2024010215202026190000000d",
            "port": 31300,
            "target_group_arn": "arn:aws:elasticloadbalancing:eu-west-1:522347323079:targetgroup/graf-lb-sock-tg/86efa1a26c7c9afb",
            "target_id": "i-03bbd15e14a258148"
          },
          "sensitive_attributes": [],
          "private": "bnVsbA==",
          "dependencies": [
            "data.aws_subnet.prisub01",
            "data.aws_subnet.prisub02",
            "data.aws_subnet.prisub03",
            "data.aws_vpc.vpc",
            "module.Sg-keypair.aws_key_pair.key",
            "module.Sg-keypair.aws_security_group.k8s-sg",
            "module.Sg-keypair.tls_private_key.key",
            "module.monitoring-lb.aws_lb_target_group.graf-tg",
            "module.workernode.aws_instance.workernode"
          ]
        }
      ]
    },
    {
      "module": "module.monitoring-lb",
      "mode": "managed",
      "type": "aws_lb_target_group_attachment",
      "name": "prom-tg-attach",
      "provider": "provider[\"registry.terraform.io/hashicorp/aws\"]",
      "instances": [
        {
          "index_key": 0,
          "schema_version": 0,
          "attributes": {
            "availability_zone": null,
            "id": "arn:aws:elasticloadbalancing:eu-west-1:522347323079:targetgroup/prom-lb-sock-tg/605e548d92b0cc36-20240102152018799700000009",
            "port": 31090,
            "target_group_arn": "arn:aws:elasticloadbalancing:eu-west-1:522347323079:targetgroup/prom-lb-sock-tg/605e548d92b0cc36",
            "target_id": "i-0a0dd3c8c58d2483e"
          },
          "sensitive_attributes": [],
          "private": "bnVsbA==",
          "dependencies": [
            "data.aws_subnet.prisub01",
            "data.aws_subnet.prisub02",
            "data.aws_subnet.prisub03",
            "data.aws_vpc.vpc",
            "module.Sg-keypair.aws_key_pair.key",
            "module.Sg-keypair.aws_security_group.k8s-sg",
            "module.Sg-keypair.tls_private_key.key",
            "module.monitoring-lb.aws_lb_target_group.prom-tg",
            "module.workernode.aws_instance.workernode"
          ]
        },
        {
          "index_key": 1,
          "schema_version": 0,
          "attributes": {
            "availability_zone": null,
            "id": "arn:aws:elasticloadbalancing:eu-west-1:522347323079:targetgroup/prom-lb-sock-tg/605e548d92b0cc36-2024010215201952210000000b",
            "port": 31090,
            "target_group_arn": "arn:aws:elasticloadbalancing:eu-west-1:522347323079:targetgroup/prom-lb-sock-tg/605e548d92b0cc36",
            "target_id": "i-0715234bb495aff78"
          },
          "sensitive_attributes": [],
          "private": "bnVsbA==",
          "dependencies": [
            "data.aws_subnet.prisub01",
            "data.aws_subnet.prisub02",
            "data.aws_subnet.prisub03",
            "data.aws_vpc.vpc",
            "module.Sg-keypair.aws_key_pair.key",
            "module.Sg-keypair.aws_security_group.k8s-sg",
            "module.Sg-keypair.tls_private_key.key",
            "module.monitoring-lb.aws_lb_target_group.prom-tg",
            "module.workernode.aws_instance.workernode"
          ]
        },
        {
          "index_key": 2,
          "schema_version": 0,
          "attributes": {
            "availability_zone": null,
            "id": "arn:aws:elasticloadbalancing:eu-west-1:522347323079:targetgroup/prom-lb-sock-tg/605e548d92b0cc36-2024010215201915980000000a",
            "port": 31090,
            "target_group_arn": "arn:aws:elasticloadbalancing:eu-west-1:522347323079:targetgroup/prom-lb-sock-tg/605e548d92b0cc36",
            "target_id": "i-03bbd15e14a258148"
          },
          "sensitive_attributes": [],
          "private": "bnVsbA==",
          "dependencies": [
            "data.aws_subnet.prisub01",
            "data.aws_subnet.prisub02",
            "data.aws_subnet.prisub03",
            "data.aws_vpc.vpc",
            "module.Sg-keypair.aws_key_pair.key",
            "module.Sg-keypair.aws_security_group.k8s-sg",
            "module.Sg-keypair.tls_private_key.key",
            "module.monitoring-lb.aws_lb_target_group.prom-tg",
            "module.workernode.aws_instance.workernode"
          ]
        }
      ]
    },
    {
      "module": "module.route53",
      "mode": "data",
      "type": "aws_route53_zone",
      "name": "route53_zone",
      "provider": "provider[\"registry.terraform.io/hashicorp/aws\"]",
      "instances": [
        {
          "schema_version": 0,
          "attributes": {
            "arn": "arn:aws:route53:::hostedzone/Z10259255N2K31ZI8HLL",
            "caller_reference": "116015ff-9c21-415f-9bd4-138c5b087c6b",
            "comment": "my domain",
            "id": "Z10259255N2K31ZI8HLL",
            "linked_service_description": null,
            "linked_service_principal": null,
            "name": "pra.gen.in",
            "name_servers": [
              "ns-495.awsdns-61.com",
              "ns-1521.awsdns-62.org",
              "ns-1947.awsdns-51.co.uk",
              "ns-992.awsdns-60.net"
            ],
            "primary_name_server": "ns-495.awsdns-61.com",
            "private_zone": false,
            "resource_record_set_count": 5,
            "tags": {},
            "vpc_id": null,
            "zone_id": "Z10259255N2K31ZI8HLL"
          },
          "sensitive_attributes": []
        }
      ]
    },
    {
      "module": "module.route53",
      "mode": "managed",
      "type": "aws_acm_certificate",
      "name": "cert-ssl",
      "provider": "provider[\"registry.terraform.io/hashicorp/aws\"]",
      "instances": [
        {
          "schema_version": 0,
          "attributes": {
            "arn": "arn:aws:acm:eu-west-1:522347323079:certificate/dd3cb24c-ab8d-4fbb-9e3e-b6bd24f105e7",
            "certificate_authority_arn": "",
            "certificate_body": null,
            "certificate_chain": null,
            "domain_name": "pra.gen.in",
            "domain_validation_options": [
              {
                "domain_name": "*.pra.gen.in",
                "resource_record_name": "_39627e2280421a2b17f42d0fb8cd68bd.pra.gen.in.",
                "resource_record_type": "CNAME",
                "resource_record_value": "_f3c85cb8e91258d8619e8c334008e725.mhbtsbpdnt.acm-validations.aws."
              },
              {
                "domain_name": "pra.gen.in",
                "resource_record_name": "_39627e2280421a2b17f42d0fb8cd68bd.pra.gen.in.",
                "resource_record_type": "CNAME",
                "resource_record_value": "_f3c85cb8e91258d8619e8c334008e725.mhbtsbpdnt.acm-validations.aws."
              }
            ],
            "early_renewal_duration": "",
            "id": "arn:aws:acm:eu-west-1:522347323079:certificate/dd3cb24c-ab8d-4fbb-9e3e-b6bd24f105e7",
            "key_algorithm": "RSA_2048",
            "not_after": "",
            "not_before": "",
            "options": [
              {
                "certificate_transparency_logging_preference": "ENABLED"
              }
            ],
            "pending_renewal": false,
            "private_key": null,
            "renewal_eligibility": "INELIGIBLE",
            "renewal_summary": [],
            "status": "PENDING_VALIDATION",
            "subject_alternative_names": [
              "*.pra.gen.in",
              "pra.gen.in"
            ],
            "tags": null,
            "tags_all": {},
            "type": "AMAZON_ISSUED",
            "validation_emails": [],
            "validation_method": "DNS",
            "validation_option": []
          },
          "sensitive_attributes": [],
          "private": "bnVsbA=="
        }
      ]
    },
    {
      "module": "module.route53",
      "mode": "managed",
      "type": "aws_acm_certificate_validation",
      "name": "ssl-validation",
      "provider": "provider[\"registry.terraform.io/hashicorp/aws\"]",
      "instances": [
        {
          "schema_version": 0,
          "attributes": {
            "certificate_arn": "arn:aws:acm:eu-west-1:522347323079:certificate/dd3cb24c-ab8d-4fbb-9e3e-b6bd24f105e7",
            "id": "2024-01-02 15:20:23.014 +0000 UTC",
            "timeouts": null,
            "validation_record_fqdns": [
              "_39627e2280421a2b17f42d0fb8cd68bd.pra.gen.in"
            ]
          },
          "sensitive_attributes": [],
          "private": "eyJlMmJmYjczMC1lY2FhLTExZTYtOGY4OC0zNDM2M2JjN2M0YzAiOnsiY3JlYXRlIjo0NTAwMDAwMDAwMDAwfX0=",
          "dependencies": [
            "module.route53.aws_acm_certificate.cert-ssl",
            "module.route53.aws_route53_record.record",
            "module.route53.data.aws_route53_zone.route53_zone"
          ]
        }
      ]
    },
    {
      "module": "module.route53",
      "mode": "managed",
      "type": "aws_route53_record",
      "name": "graf",
      "provider": "provider[\"registry.terraform.io/hashicorp/aws\"]",
      "instances": [
        {
          "schema_version": 2,
          "attributes": {
            "alias": [
              {
                "evaluate_target_health": false,
                "name": "graf-lb-sock-581438816.eu-west-1.elb.amazonaws.com",
                "zone_id": "Z32O12XQLNTSW2"
              }
            ],
            "allow_overwrite": null,
            "cidr_routing_policy": [],
            "failover_routing_policy": [],
            "fqdn": "graf.pra.gen.in",
            "geolocation_routing_policy": [],
            "health_check_id": "",
            "id": "Z10259255N2K31ZI8HLL_graf.pra.gen.in_A",
            "latency_routing_policy": [],
            "multivalue_answer_routing_policy": false,
            "name": "graf.pra.gen.in",
            "records": null,
            "set_identifier": "",
            "ttl": 0,
            "type": "A",
            "weighted_routing_policy": [],
            "zone_id": "Z10259255N2K31ZI8HLL"
          },
          "sensitive_attributes": [],
          "private": "eyJzY2hlbWFfdmVyc2lvbiI6IjIifQ==",
          "dependencies": [
            "data.aws_subnet.pubsub01",
            "data.aws_subnet.pubsub02",
            "data.aws_subnet.pubsub03",
            "data.aws_vpc.vpc",
            "module.Sg-keypair.aws_security_group.k8s-sg",
            "module.monitoring-lb.aws_lb.graf-lb",
            "module.route53.data.aws_route53_zone.route53_zone"
          ]
        }
      ]
    },
    {
      "module": "module.route53",
      "mode": "managed",
      "type": "aws_route53_record",
      "name": "prod",
      "provider": "provider[\"registry.terraform.io/hashicorp/aws\"]",
      "instances": [
        {
          "schema_version": 2,
          "attributes": {
            "alias": [
              {
                "evaluate_target_health": false,
                "name": "prod-lb-sock-237188765.eu-west-1.elb.amazonaws.com",
                "zone_id": "Z32O12XQLNTSW2"
              }
            ],
            "allow_overwrite": null,
            "cidr_routing_policy": [],
            "failover_routing_policy": [],
            "fqdn": "prod.pra.gen.in",
            "geolocation_routing_policy": [],
            "health_check_id": "",
            "id": "Z10259255N2K31ZI8HLL_prod.pra.gen.in_A",
            "latency_routing_policy": [],
            "multivalue_answer_routing_policy": false,
            "name": "prod.pra.gen.in",
            "records": null,
            "set_identifier": "",
            "ttl": 0,
            "type": "A",
            "weighted_routing_policy": [],
            "zone_id": "Z10259255N2K31ZI8HLL"
          },
          "sensitive_attributes": [],
          "private": "eyJzY2hlbWFfdmVyc2lvbiI6IjIifQ==",
          "dependencies": [
            "data.aws_subnet.pubsub01",
            "data.aws_subnet.pubsub02",
            "data.aws_subnet.pubsub03",
            "data.aws_vpc.vpc",
            "module.Sg-keypair.aws_security_group.k8s-sg",
            "module.env-lb.aws_lb.prod-lb",
            "module.route53.data.aws_route53_zone.route53_zone"
          ]
        }
      ]
    },
    {
      "module": "module.route53",
      "mode": "managed",
      "type": "aws_route53_record",
      "name": "prom",
      "provider": "provider[\"registry.terraform.io/hashicorp/aws\"]",
      "instances": [
        {
          "schema_version": 2,
          "attributes": {
            "alias": [
              {
                "evaluate_target_health": false,
                "name": "prom-lb-sock-803394661.eu-west-1.elb.amazonaws.com",
                "zone_id": "Z32O12XQLNTSW2"
              }
            ],
            "allow_overwrite": null,
            "cidr_routing_policy": [],
            "failover_routing_policy": [],
            "fqdn": "prom.pra.gen.in",
            "geolocation_routing_policy": [],
            "health_check_id": "",
            "id": "Z10259255N2K31ZI8HLL_prom.pra.gen.in_A",
            "latency_routing_policy": [],
            "multivalue_answer_routing_policy": false,
            "name": "prom.pra.gen.in",
            "records": null,
            "set_identifier": "",
            "ttl": 0,
            "type": "A",
            "weighted_routing_policy": [],
            "zone_id": "Z10259255N2K31ZI8HLL"
          },
          "sensitive_attributes": [],
          "private": "eyJzY2hlbWFfdmVyc2lvbiI6IjIifQ==",
          "dependencies": [
            "data.aws_subnet.pubsub01",
            "data.aws_subnet.pubsub02",
            "data.aws_subnet.pubsub03",
            "data.aws_vpc.vpc",
            "module.Sg-keypair.aws_security_group.k8s-sg",
            "module.monitoring-lb.aws_lb.prom-lb",
            "module.route53.data.aws_route53_zone.route53_zone"
          ]
        }
      ]
    },
    {
      "module": "module.route53",
      "mode": "managed",
      "type": "aws_route53_record",
      "name": "record",
      "provider": "provider[\"registry.terraform.io/hashicorp/aws\"]",
      "instances": [
        {
          "index_key": "*.pra.gen.in",
          "schema_version": 2,
          "attributes": {
            "alias": [],
            "allow_overwrite": true,
            "cidr_routing_policy": [],
            "failover_routing_policy": [],
            "fqdn": "_39627e2280421a2b17f42d0fb8cd68bd.pra.gen.in",
            "geolocation_routing_policy": [],
            "health_check_id": "",
            "id": "Z10259255N2K31ZI8HLL__39627e2280421a2b17f42d0fb8cd68bd.pra.gen.in._CNAME",
            "latency_routing_policy": [],
            "multivalue_answer_routing_policy": false,
            "name": "_39627e2280421a2b17f42d0fb8cd68bd.pra.gen.in",
            "records": [
              "_f3c85cb8e91258d8619e8c334008e725.mhbtsbpdnt.acm-validations.aws."
            ],
            "set_identifier": "",
            "ttl": 60,
            "type": "CNAME",
            "weighted_routing_policy": [],
            "zone_id": "Z10259255N2K31ZI8HLL"
          },
          "sensitive_attributes": [],
          "private": "eyJzY2hlbWFfdmVyc2lvbiI6IjIifQ==",
          "dependencies": [
            "module.route53.aws_acm_certificate.cert-ssl",
            "module.route53.data.aws_route53_zone.route53_zone"
          ]
        },
        {
          "index_key": "pra.gen.in",
          "schema_version": 2,
          "attributes": {
            "alias": [],
            "allow_overwrite": true,
            "cidr_routing_policy": [],
            "failover_routing_policy": [],
            "fqdn": "_39627e2280421a2b17f42d0fb8cd68bd.pra.gen.in",
            "geolocation_routing_policy": [],
            "health_check_id": "",
            "id": "Z10259255N2K31ZI8HLL__39627e2280421a2b17f42d0fb8cd68bd.pra.gen.in._CNAME",
            "latency_routing_policy": [],
            "multivalue_answer_routing_policy": false,
            "name": "_39627e2280421a2b17f42d0fb8cd68bd.pra.gen.in",
            "records": [
              "_f3c85cb8e91258d8619e8c334008e725.mhbtsbpdnt.acm-validations.aws."
            ],
            "set_identifier": "",
            "ttl": 60,
            "type": "CNAME",
            "weighted_routing_policy": [],
            "zone_id": "Z10259255N2K31ZI8HLL"
          },
          "sensitive_attributes": [],
          "private": "eyJzY2hlbWFfdmVyc2lvbiI6IjIifQ==",
          "dependencies": [
            "module.route53.aws_acm_certificate.cert-ssl",
            "module.route53.data.aws_route53_zone.route53_zone"
          ]
        }
      ]
    },
    {
      "module": "module.route53",
      "mode": "managed",
      "type": "aws_route53_record",
      "name": "stage",
      "provider": "provider[\"registry.terraform.io/hashicorp/aws\"]",
      "instances": [
        {
          "schema_version": 2,
          "attributes": {
            "alias": [
              {
                "evaluate_target_health": false,
                "name": "stage-lb-sock-1482909957.eu-west-1.elb.amazonaws.com",
                "zone_id": "Z32O12XQLNTSW2"
              }
            ],
            "allow_overwrite": null,
            "cidr_routing_policy": [],
            "failover_routing_policy": [],
            "fqdn": "stage.pra.gen.in",
            "geolocation_routing_policy": [],
            "health_check_id": "",
            "id": "Z10259255N2K31ZI8HLL_stage.pra.gen.in_A",
            "latency_routing_policy": [],
            "multivalue_answer_routing_policy": false,
            "name": "stage.pra.gen.in",
            "records": null,
            "set_identifier": "",
            "ttl": 0,
            "type": "A",
            "weighted_routing_policy": [],
            "zone_id": "Z10259255N2K31ZI8HLL"
          },
          "sensitive_attributes": [],
          "private": "eyJzY2hlbWFfdmVyc2lvbiI6IjIifQ==",
          "dependencies": [
            "data.aws_subnet.pubsub01",
            "data.aws_subnet.pubsub02",
            "data.aws_subnet.pubsub03",
            "data.aws_vpc.vpc",
            "module.Sg-keypair.aws_security_group.k8s-sg",
            "module.env-lb.aws_lb.stage-lb",
            "module.route53.data.aws_route53_zone.route53_zone"
          ]
        }
      ]
    },
    {
      "module": "module.workernode",
      "mode": "managed",
      "type": "aws_instance",
      "name": "workernode",
      "provider": "provider[\"registry.terraform.io/hashicorp/aws\"]",
      "instances": [
        {
          "index_key": 0,
          "schema_version": 1,
          "attributes": {
            "ami": "ami-0694d931cee176e7d",
            "arn": "arn:aws:ec2:eu-west-1:522347323079:instance/i-0a0dd3c8c58d2483e",
            "associate_public_ip_address": true,
            "availability_zone": "eu-west-1a",
            "capacity_reservation_specification": [
              {
                "capacity_reservation_preference": "open",
                "capacity_reservation_target": []
              }
            ],
            "cpu_core_count": 2,
            "cpu_options": [
              {
                "amd_sev_snp": "",
                "core_count": 2,
                "threads_per_core": 1
              }
            ],
            "cpu_threads_per_core": 1,
            "credit_specification": [
              {
                "cpu_credits": "standard"
              }
            ],
            "disable_api_stop": false,
            "disable_api_termination": false,
            "ebs_block_device": [],
            "ebs_optimized": false,
            "enclave_options": [
              {
                "enabled": false
              }
            ],
            "ephemeral_block_device": [],
            "get_password_data": false,
            "hibernation": false,
            "host_id": "",
            "host_resource_group_arn": null,
            "iam_instance_profile": "",
            "id": "i-0a0dd3c8c58d2483e",
            "instance_initiated_shutdown_behavior": "stop",
            "instance_lifecycle": "",
            "instance_market_options": [],
            "instance_state": "running",
            "instance_type": "t2.medium",
            "ipv6_address_count": 0,
            "ipv6_addresses": [],
            "key_name": "keypair",
            "launch_template": [],
            "maintenance_options": [
              {
                "auto_recovery": "default"
              }
            ],
            "metadata_options": [
              {
                "http_endpoint": "enabled",
                "http_protocol_ipv6": "disabled",
                "http_put_response_hop_limit": 1,
                "http_tokens": "optional",
                "instance_metadata_tags": "disabled"
              }
            ],
            "monitoring": false,
            "network_interface": [],
            "outpost_arn": "",
            "password_data": "",
            "placement_group": "",
            "placement_partition_number": 0,
            "primary_network_interface_id": "eni-0f2986ac3356b51ba",
            "private_dns": "ip-10-0-4-198.eu-west-1.compute.internal",
            "private_dns_name_options": [
              {
                "enable_resource_name_dns_a_record": false,
                "enable_resource_name_dns_aaaa_record": false,
                "hostname_type": "ip-name"
              }
            ],
            "private_ip": "10.0.4.198",
            "public_dns": "",
            "public_ip": "3.250.103.70",
            "root_block_device": [
              {
                "delete_on_termination": true,
                "device_name": "/dev/sda1",
                "encrypted": false,
                "iops": 100,
                "kms_key_id": "",
                "tags": {},
                "throughput": 0,
                "volume_id": "vol-0825c9cc0e92bbd12",
                "volume_size": 8,
                "volume_type": "gp2"
              }
            ],
            "secondary_private_ips": [],
            "security_groups": [],
            "source_dest_check": true,
            "spot_instance_request_id": "",
            "subnet_id": "subnet-081d4fbe24fe14eb3",
            "tags": {
              "Name": "workernode"
            },
            "tags_all": {
              "Name": "workernode"
            },
            "tenancy": "default",
            "timeouts": null,
            "user_data": null,
            "user_data_base64": null,
            "user_data_replace_on_change": false,
            "volume_tags": null,
            "vpc_security_group_ids": [
              "sg-05a30678d7161ee8d"
            ]
          },
          "sensitive_attributes": [],
          "private": "eyJlMmJmYjczMC1lY2FhLTExZTYtOGY4OC0zNDM2M2JjN2M0YzAiOnsiY3JlYXRlIjo2MDAwMDAwMDAwMDAsImRlbGV0ZSI6MTIwMDAwMDAwMDAwMCwidXBkYXRlIjo2MDAwMDAwMDAwMDB9LCJzY2hlbWFfdmVyc2lvbiI6IjEifQ==",
          "dependencies": [
            "data.aws_subnet.prisub01",
            "data.aws_subnet.prisub02",
            "data.aws_subnet.prisub03",
            "data.aws_vpc.vpc",
            "module.Sg-keypair.aws_key_pair.key",
            "module.Sg-keypair.aws_security_group.k8s-sg",
            "module.Sg-keypair.tls_private_key.key"
          ]
        },
        {
          "index_key": 1,
          "schema_version": 1,
          "attributes": {
            "ami": "ami-0694d931cee176e7d",
            "arn": "arn:aws:ec2:eu-west-1:522347323079:instance/i-0715234bb495aff78",
            "associate_public_ip_address": true,
            "availability_zone": "eu-west-1b",
            "capacity_reservation_specification": [
              {
                "capacity_reservation_preference": "open",
                "capacity_reservation_target": []
              }
            ],
            "cpu_core_count": 2,
            "cpu_options": [
              {
                "amd_sev_snp": "",
                "core_count": 2,
                "threads_per_core": 1
              }
            ],
            "cpu_threads_per_core": 1,
            "credit_specification": [
              {
                "cpu_credits": "standard"
              }
            ],
            "disable_api_stop": false,
            "disable_api_termination": false,
            "ebs_block_device": [],
            "ebs_optimized": false,
            "enclave_options": [
              {
                "enabled": false
              }
            ],
            "ephemeral_block_device": [],
            "get_password_data": false,
            "hibernation": false,
            "host_id": "",
            "host_resource_group_arn": null,
            "iam_instance_profile": "",
            "id": "i-0715234bb495aff78",
            "instance_initiated_shutdown_behavior": "stop",
            "instance_lifecycle": "",
            "instance_market_options": [],
            "instance_state": "running",
            "instance_type": "t2.medium",
            "ipv6_address_count": 0,
            "ipv6_addresses": [],
            "key_name": "keypair",
            "launch_template": [],
            "maintenance_options": [
              {
                "auto_recovery": "default"
              }
            ],
            "metadata_options": [
              {
                "http_endpoint": "enabled",
                "http_protocol_ipv6": "disabled",
                "http_put_response_hop_limit": 1,
                "http_tokens": "optional",
                "instance_metadata_tags": "disabled"
              }
            ],
            "monitoring": false,
            "network_interface": [],
            "outpost_arn": "",
            "password_data": "",
            "placement_group": "",
            "placement_partition_number": 0,
            "primary_network_interface_id": "eni-02a4a8db3fa0cddb8",
            "private_dns": "ip-10-0-5-181.eu-west-1.compute.internal",
            "private_dns_name_options": [
              {
                "enable_resource_name_dns_a_record": false,
                "enable_resource_name_dns_aaaa_record": false,
                "hostname_type": "ip-name"
              }
            ],
            "private_ip": "10.0.5.181",
            "public_dns": "",
            "public_ip": "34.245.36.201",
            "root_block_device": [
              {
                "delete_on_termination": true,
                "device_name": "/dev/sda1",
                "encrypted": false,
                "iops": 100,
                "kms_key_id": "",
                "tags": {},
                "throughput": 0,
                "volume_id": "vol-05170435181bae321",
                "volume_size": 8,
                "volume_type": "gp2"
              }
            ],
            "secondary_private_ips": [],
            "security_groups": [],
            "source_dest_check": true,
            "spot_instance_request_id": "",
            "subnet_id": "subnet-0b52ce5807b25b7b6",
            "tags": {
              "Name": "workernode"
            },
            "tags_all": {
              "Name": "workernode"
            },
            "tenancy": "default",
            "timeouts": null,
            "user_data": null,
            "user_data_base64": null,
            "user_data_replace_on_change": false,
            "volume_tags": null,
            "vpc_security_group_ids": [
              "sg-05a30678d7161ee8d"
            ]
          },
          "sensitive_attributes": [],
          "private": "eyJlMmJmYjczMC1lY2FhLTExZTYtOGY4OC0zNDM2M2JjN2M0YzAiOnsiY3JlYXRlIjo2MDAwMDAwMDAwMDAsImRlbGV0ZSI6MTIwMDAwMDAwMDAwMCwidXBkYXRlIjo2MDAwMDAwMDAwMDB9LCJzY2hlbWFfdmVyc2lvbiI6IjEifQ==",
          "dependencies": [
            "data.aws_subnet.prisub01",
            "data.aws_subnet.prisub02",
            "data.aws_subnet.prisub03",
            "data.aws_vpc.vpc",
            "module.Sg-keypair.aws_key_pair.key",
            "module.Sg-keypair.aws_security_group.k8s-sg",
            "module.Sg-keypair.tls_private_key.key"
          ]
        },
        {
          "index_key": 2,
          "schema_version": 1,
          "attributes": {
            "ami": "ami-0694d931cee176e7d",
            "arn": "arn:aws:ec2:eu-west-1:522347323079:instance/i-03bbd15e14a258148",
            "associate_public_ip_address": true,
            "availability_zone": "eu-west-1c",
            "capacity_reservation_specification": [
              {
                "capacity_reservation_preference": "open",
                "capacity_reservation_target": []
              }
            ],
            "cpu_core_count": 2,
            "cpu_options": [
              {
                "amd_sev_snp": "",
                "core_count": 2,
                "threads_per_core": 1
              }
            ],
            "cpu_threads_per_core": 1,
            "credit_specification": [
              {
                "cpu_credits": "standard"
              }
            ],
            "disable_api_stop": false,
            "disable_api_termination": false,
            "ebs_block_device": [],
            "ebs_optimized": false,
            "enclave_options": [
              {
                "enabled": false
              }
            ],
            "ephemeral_block_device": [],
            "get_password_data": false,
            "hibernation": false,
            "host_id": "",
            "host_resource_group_arn": null,
            "iam_instance_profile": "",
            "id": "i-03bbd15e14a258148",
            "instance_initiated_shutdown_behavior": "stop",
            "instance_lifecycle": "",
            "instance_market_options": [],
            "instance_state": "running",
            "instance_type": "t2.medium",
            "ipv6_address_count": 0,
            "ipv6_addresses": [],
            "key_name": "keypair",
            "launch_template": [],
            "maintenance_options": [
              {
                "auto_recovery": "default"
              }
            ],
            "metadata_options": [
              {
                "http_endpoint": "enabled",
                "http_protocol_ipv6": "disabled",
                "http_put_response_hop_limit": 1,
                "http_tokens": "optional",
                "instance_metadata_tags": "disabled"
              }
            ],
            "monitoring": false,
            "network_interface": [],
            "outpost_arn": "",
            "password_data": "",
            "placement_group": "",
            "placement_partition_number": 0,
            "primary_network_interface_id": "eni-01fe49a73f32f45ce",
            "private_dns": "ip-10-0-6-8.eu-west-1.compute.internal",
            "private_dns_name_options": [
              {
                "enable_resource_name_dns_a_record": false,
                "enable_resource_name_dns_aaaa_record": false,
                "hostname_type": "ip-name"
              }
            ],
            "private_ip": "10.0.6.8",
            "public_dns": "",
            "public_ip": "54.154.131.42",
            "root_block_device": [
              {
                "delete_on_termination": true,
                "device_name": "/dev/sda1",
                "encrypted": false,
                "iops": 100,
                "kms_key_id": "",
                "tags": {},
                "throughput": 0,
                "volume_id": "vol-0bd1e538482ab4fb6",
                "volume_size": 8,
                "volume_type": "gp2"
              }
            ],
            "secondary_private_ips": [],
            "security_groups": [],
            "source_dest_check": true,
            "spot_instance_request_id": "",
            "subnet_id": "subnet-0615c53fa2d76195c",
            "tags": {
              "Name": "workernode"
            },
            "tags_all": {
              "Name": "workernode"
            },
            "tenancy": "default",
            "timeouts": null,
            "user_data": null,
            "user_data_base64": null,
            "user_data_replace_on_change": false,
            "volume_tags": null,
            "vpc_security_group_ids": [
              "sg-05a30678d7161ee8d"
            ]
          },
          "sensitive_attributes": [],
          "private": "eyJlMmJmYjczMC1lY2FhLTExZTYtOGY4OC0zNDM2M2JjN2M0YzAiOnsiY3JlYXRlIjo2MDAwMDAwMDAwMDAsImRlbGV0ZSI6MTIwMDAwMDAwMDAwMCwidXBkYXRlIjo2MDAwMDAwMDAwMDB9LCJzY2hlbWFfdmVyc2lvbiI6IjEifQ==",
          "dependencies": [
            "data.aws_subnet.prisub01",
            "data.aws_subnet.prisub02",
            "data.aws_subnet.prisub03",
            "data.aws_vpc.vpc",
            "module.Sg-keypair.aws_key_pair.key",
            "module.Sg-keypair.aws_security_group.k8s-sg",
            "module.Sg-keypair.tls_private_key.key"
          ]
        }
      ]
    }
  ],
  "check_results": null
}
